// !$*UTF8*$!
{
	archiveVersion = 1;
	classes = {
	};
	objectVersion = 56;
	objects = {

/* Begin PBXBuildFile section */
		C1B5D8822E63C1C600E373A6 /* UserTableViewCell.swift in Sources */ = {isa = PBXBuildFile; fileRef = C1B5D8812E63C1C600E373A6 /* UserTableViewCell.swift */; };
		C1B5D8852E63CCA900E373A6 /* UserXibTableViewCell.swift in Sources */ = {isa = PBXBuildFile; fileRef = C1B5D8832E63CCA900E373A6 /* UserXibTableViewCell.swift */; };
		C1B5D8862E63CCA900E373A6 /* UserXibTableViewCell.xib in Resources */ = {isa = PBXBuildFile; fileRef = C1B5D8842E63CCA900E373A6 /* UserXibTableViewCell.xib */; };
		E1042DED29341A3C0062F74D /* ProgramaticTableViewCell.swift in Sources */ = {isa = PBXBuildFile; fileRef = E1042DEC29341A3C0062F74D /* ProgramaticTableViewCell.swift */; };
		E1042DEF2934257F0062F74D /* UserModel.swift in Sources */ = {isa = PBXBuildFile; fileRef = E1042DEE2934257F0062F74D /* UserModel.swift */; };
		E14CE56B2932D56F0044394B /* AppDelegate.swift in Sources */ = {isa = PBXBuildFile; fileRef = E14CE56A2932D56F0044394B /* AppDelegate.swift */; };
		E14CE56D2932D56F0044394B /* SceneDelegate.swift in Sources */ = {isa = PBXBuildFile; fileRef = E14CE56C2932D56F0044394B /* SceneDelegate.swift */; };
		E14CE56F2932D56F0044394B /* ViewController.swift in Sources */ = {isa = PBXBuildFile; fileRef = E14CE56E2932D56F0044394B /* ViewController.swift */; };
		E14CE5722932D56F0044394B /* Main.storyboard in Resources */ = {isa = PBXBuildFile; fileRef = E14CE5702932D56F0044394B /* Main.storyboard */; };
		E14CE5742932D5730044394B /* Assets.xcassets in Resources */ = {isa = PBXBuildFile; fileRef = E14CE5732932D5730044394B /* Assets.xcassets */; };
		E14CE5772932D5730044394B /* LaunchScreen.storyboard in Resources */ = {isa = PBXBuildFile; fileRef = E14CE5752932D5730044394B /* LaunchScreen.storyboard */; };
/* End PBXBuildFile section */

/* Begin PBXFileReference section */
		C1B5D8812E63C1C600E373A6 /* UserTableViewCell.swift */ = {isa = PBXFileReference; lastKnownFileType = sourcecode.swift; path = UserTableViewCell.swift; sourceTree = "<group>"; };
		C1B5D8832E63CCA900E373A6 /* UserXibTableViewCell.swift */ = {isa = PBXFileReference; lastKnownFileType = sourcecode.swift; path = UserXibTableViewCell.swift; sourceTree = "<group>"; };
		C1B5D8842E63CCA900E373A6 /* UserXibTableViewCell.xib */ = {isa = PBXFileReference; lastKnownFileType = file.xib; path = UserXibTableViewCell.xib; sourceTree = "<group>"; };
		E1042DEC29341A3C0062F74D /* ProgramaticTableViewCell.swift */ = {isa = PBXFileReference; lastKnownFileType = sourcecode.swift; path = ProgramaticTableViewCell.swift; sourceTree = "<group>"; };
		E1042DEE2934257F0062F74D /* UserModel.swift */ = {isa = PBXFileReference; lastKnownFileType = sourcecode.swift; path = UserModel.swift; sourceTree = "<group>"; };
		E14CE5672932D56F0044394B /* TableView.app */ = {isa = PBXFileReference; explicitFileType = wrapper.application; includeInIndex = 0; path = TableView.app; sourceTree = BUILT_PRODUCTS_DIR; };
		E14CE56A2932D56F0044394B /* AppDelegate.swift */ = {isa = PBXFileReference; lastKnownFileType = sourcecode.swift; path = AppDelegate.swift; sourceTree = "<group>"; };
		E14CE56C2932D56F0044394B /* SceneDelegate.swift */ = {isa = PBXFileReference; lastKnownFileType = sourcecode.swift; path = SceneDelegate.swift; sourceTree = "<group>"; };
		E14CE56E2932D56F0044394B /* ViewController.swift */ = {isa = PBXFileReference; lastKnownFileType = sourcecode.swift; path = ViewController.swift; sourceTree = "<group>"; };
		E14CE5712932D56F0044394B /* Base */ = {isa = PBXFileReference; lastKnownFileType = file.storyboard; name = Base; path = Base.lproj/Main.storyboard; sourceTree = "<group>"; };
		E14CE5732932D5730044394B /* Assets.xcassets */ = {isa = PBXFileReference; lastKnownFileType = folder.assetcatalog; path = Assets.xcassets; sourceTree = "<group>"; };
		E14CE5762932D5730044394B /* Base */ = {isa = PBXFileReference; lastKnownFileType = file.storyboard; name = Base; path = Base.lproj/LaunchScreen.storyboard; sourceTree = "<group>"; };
		E14CE5782932D5730044394B /* Info.plist */ = {isa = PBXFileReference; lastKnownFileType = text.plist.xml; path = Info.plist; sourceTree = "<group>"; };
/* End PBXFileReference section */

/* Begin PBXFrameworksBuildPhase section */
		E14CE5642932D56F0044394B /* Frameworks */ = {
			isa = PBXFrameworksBuildPhase;
			buildActionMask = 2147483647;
			files = (
			);
			runOnlyForDeploymentPostprocessing = 0;
		};
/* End PBXFrameworksBuildPhase section */

/* Begin PBXGroup section */
		C1B5D8872E63CCB800E373A6 /* Views */ = {
			isa = PBXGroup;
			children = (
				C1B5D8812E63C1C600E373A6 /* UserTableViewCell.swift */,
				C1B5D8832E63CCA900E373A6 /* UserXibTableViewCell.swift */,
				C1B5D8842E63CCA900E373A6 /* UserXibTableViewCell.xib */,
			);
			path = Views;
			sourceTree = "<group>";
		};
		E14CE55E2932D56F0044394B = {
			isa = PBXGroup;
			children = (
				E14CE5692932D56F0044394B /* TableView */,
				E14CE5682932D56F0044394B /* Products */,
			);
			sourceTree = "<group>";
		};
		E14CE5682932D56F0044394B /* Products */ = {
			isa = PBXGroup;
			children = (
				E14CE5672932D56F0044394B /* TableView.app */,
			);
			name = Products;
			sourceTree = "<group>";
		};
		E14CE5692932D56F0044394B /* TableView */ = {
			isa = PBXGroup;
			children = (
				C1B5D8872E63CCB800E373A6 /* Views */,
				E14CE56A2932D56F0044394B /* AppDelegate.swift */,
				E14CE56C2932D56F0044394B /* SceneDelegate.swift */,
				E1042DEC29341A3C0062F74D /* ProgramaticTableViewCell.swift */,
				E1042DEE2934257F0062F74D /* UserModel.swift */,
				E14CE56E2932D56F0044394B /* ViewController.swift */,
				E14CE5702932D56F0044394B /* Main.storyboard */,
				E14CE5732932D5730044394B /* Assets.xcassets */,
				E14CE5752932D5730044394B /* LaunchScreen.storyboard */,
				E14CE5782932D5730044394B /* Info.plist */,
			);
			path = TableView;
			sourceTree = "<group>";
		};
/* End PBXGroup section */

/* Begin PBXNativeTarget section */
		E14CE5662932D56F0044394B /* TableView */ = {
			isa = PBXNativeTarget;
			buildConfigurationList = E14CE57B2932D5730044394B /* Build configuration list for PBXNativeTarget "TableView" */;
			buildPhases = (
				E14CE5632932D56F0044394B /* Sources */,
				E14CE5642932D56F0044394B /* Frameworks */,
				E14CE5652932D56F0044394B /* Resources */,
			);
			buildRules = (
			);
			dependencies = (
			);
			name = TableView;
			productName = TableView;
			productReference = E14CE5672932D56F0044394B /* TableView.app */;
			productType = "com.apple.product-type.application";
		};
/* End PBXNativeTarget section */

/* Begin PBXProject section */
		E14CE55F2932D56F0044394B /* Project object */ = {
			isa = PBXProject;
			attributes = {
				BuildIndependentTargetsInParallel = 1;
				LastSwiftUpdateCheck = 1400;
				LastUpgradeCheck = 1400;
				TargetAttributes = {
					E14CE5662932D56F0044394B = {
						CreatedOnToolsVersion = 14.0;
					};
				};
			};
			buildConfigurationList = E14CE5622932D56F0044394B /* Build configuration list for PBXProject "TableView" */;
			compatibilityVersion = "Xcode 14.0";
			developmentRegion = en;
			hasScannedForEncodings = 0;
			knownRegions = (
				en,
				Base,
			);
			mainGroup = E14CE55E2932D56F0044394B;
			productRefGroup = E14CE5682932D56F0044394B /* Products */;
			projectDirPath = "";
			projectRoot = "";
			targets = (
				E14CE5662932D56F0044394B /* TableView */,
			);
		};
/* End PBXProject section */

/* Begin PBXResourcesBuildPhase section */
		E14CE5652932D56F0044394B /* Resources */ = {
			isa = PBXResourcesBuildPhase;
			buildActionMask = 2147483647;
			files = (
				E14CE5772932D5730044394B /* LaunchScreen.storyboard in Resources */,
				E14CE5742932D5730044394B /* Assets.xcassets in Resources */,
				C1B5D8862E63CCA900E373A6 /* UserXibTableViewCell.xib in Resources */,
				E14CE5722932D56F0044394B /* Main.storyboard in Resources */,
			);
			runOnlyForDeploymentPostprocessing = 0;
		};
/* End PBXResourcesBuildPhase section */

/* Begin PBXSourcesBuildPhase section */
		E14CE5632932D56F0044394B /* Sources */ = {
			isa = PBXSourcesBuildPhase;
			buildActionMask = 2147483647;
			files = (
				C1B5D8822E63C1C600E373A6 /* UserTableViewCell.swift in Sources */,
				E14CE56F2932D56F0044394B /* ViewController.swift in Sources */,
				E1042DED29341A3C0062F74D /* ProgramaticTableViewCell.swift in Sources */,
				C1B5D8852E63CCA900E373A6 /* UserXibTableViewCell.swift in Sources */,
				E14CE56B2932D56F0044394B /* AppDelegate.swift in Sources */,
				E1042DEF2934257F0062F74D /* UserModel.swift in Sources */,
				E14CE56D2932D56F0044394B /* SceneDelegate.swift in Sources */,
			);
			runOnlyForDeploymentPostprocessing = 0;
		};
/* End PBXSourcesBuildPhase section */

/* Begin PBXVariantGroup section */
		E14CE5702932D56F0044394B /* Main.storyboard */ = {
			isa = PBXVariantGroup;
			children = (
				E14CE5712932D56F0044394B /* Base */,
			);
			name = Main.storyboard;
			sourceTree = "<group>";
		};
		E14CE5752932D5730044394B /* LaunchScreen.storyboard */ = {
			isa = PBXVariantGroup;
			children = (
				E14CE5762932D5730044394B /* Base */,
			);
			name = LaunchScreen.storyboard;
			sourceTree = "<group>";
		};
/* End PBXVariantGroup section */

/* Begin XCBuildConfiguration section */
		E14CE5792932D5730044394B /* Debug */ = {
			isa = XCBuildConfiguration;
			buildSettings = {
				ALWAYS_SEARCH_USER_PATHS = NO;
				CLANG_ANALYZER_NONNULL = YES;
				CLANG_ANALYZER_NUMBER_OBJECT_CONVERSION = YES_AGGRESSIVE;
				CLANG_CXX_LANGUAGE_STANDARD = "gnu++20";
				CLANG_ENABLE_MODULES = YES;
				CLANG_ENABLE_OBJC_ARC = YES;
				CLANG_ENABLE_OBJC_WEAK = YES;
				CLANG_WARN_BLOCK_CAPTURE_AUTORELEASING = YES;
				CLANG_WARN_BOOL_CONVERSION = YES;
				CLANG_WARN_COMMA = YES;
				CLANG_WARN_CONSTANT_CONVERSION = YES;
				CLANG_WARN_DEPRECATED_OBJC_IMPLEMENTATIONS = YES;
				CLANG_WARN_DIRECT_OBJC_ISA_USAGE = YES_ERROR;
				CLANG_WARN_DOCUMENTATION_COMMENTS = YES;
				CLANG_WARN_EMPTY_BODY = YES;
				CLANG_WARN_ENUM_CONVERSION = YES;
				CLANG_WARN_INFINITE_RECURSION = YES;
				CLANG_WARN_INT_CONVERSION = YES;
				CLANG_WARN_NON_LITERAL_NULL_CONVERSION = YES;
				CLANG_WARN_OBJC_IMPLICIT_RETAIN_SELF = YES;
				CLANG_WARN_OBJC_LITERAL_CONVERSION = YES;
				CLANG_WARN_OBJC_ROOT_CLASS = YES_ERROR;
				CLANG_WARN_QUOTED_INCLUDE_IN_FRAMEWORK_HEADER = YES;
				CLANG_WARN_RANGE_LOOP_ANALYSIS = YES;
				CLANG_WARN_STRICT_PROTOTYPES = YES;
				CLANG_WARN_SUSPICIOUS_MOVE = YES;
				CLANG_WARN_UNGUARDED_AVAILABILITY = YES_AGGRESSIVE;
				CLANG_WARN_UNREACHABLE_CODE = YES;
				CLANG_WARN__DUPLICATE_METHOD_MATCH = YES;
				COPY_PHASE_STRIP = NO;
				DEBUG_INFORMATION_FORMAT = dwarf;
				ENABLE_STRICT_OBJC_MSGSEND = YES;
				ENABLE_TESTABILITY = YES;
				GCC_C_LANGUAGE_STANDARD = gnu11;
				GCC_DYNAMIC_NO_PIC = NO;
				GCC_NO_COMMON_BLOCKS = YES;
				GCC_OPTIMIZATION_LEVEL = 0;
				GCC_PREPROCESSOR_DEFINITIONS = (
					"DEBUG=1",
					"$(inherited)",
				);
				GCC_WARN_64_TO_32_BIT_CONVERSION = YES;
				GCC_WARN_ABOUT_RETURN_TYPE = YES_ERROR;
				GCC_WARN_UNDECLARED_SELECTOR = YES;
				GCC_WARN_UNINITIALIZED_AUTOS = YES_AGGRESSIVE;
				GCC_WARN_UNUSED_FUNCTION = YES;
				GCC_WARN_UNUSED_VARIABLE = YES;
				IPHONEOS_DEPLOYMENT_TARGET = 16.0;
				MTL_ENABLE_DEBUG_INFO = INCLUDE_SOURCE;
				MTL_FAST_MATH = YES;
				ONLY_ACTIVE_ARCH = YES;
				SDKROOT = iphoneos;
				SWIFT_ACTIVE_COMPILATION_CONDITIONS = DEBUG;
				SWIFT_OPTIMIZATION_LEVEL = "-Onone";
			};
			name = Debug;
		};
		E14CE57A2932D5730044394B /* Release */ = {
			isa = XCBuildConfiguration;
			buildSettings = {
				ALWAYS_SEARCH_USER_PATHS = NO;
				CLANG_ANALYZER_NONNULL = YES;
				CLANG_ANALYZER_NUMBER_OBJECT_CONVERSION = YES_AGGRESSIVE;
				CLANG_CXX_LANGUAGE_STANDARD = "gnu++20";
				CLANG_ENABLE_MODULES = YES;
				CLANG_ENABLE_OBJC_ARC = YES;
				CLANG_ENABLE_OBJC_WEAK = YES;
				CLANG_WARN_BLOCK_CAPTURE_AUTORELEASING = YES;
				CLANG_WARN_BOOL_CONVERSION = YES;
				CLANG_WARN_COMMA = YES;
				CLANG_WARN_CONSTANT_CONVERSION = YES;
				CLANG_WARN_DEPRECATED_OBJC_IMPLEMENTATIONS = YES;
				CLANG_WARN_DIRECT_OBJC_ISA_USAGE = YES_ERROR;
				CLANG_WARN_DOCUMENTATION_COMMENTS = YES;
				CLANG_WARN_EMPTY_BODY = YES;
				CLANG_WARN_ENUM_CONVERSION = YES;
				CLANG_WARN_INFINITE_RECURSION = YES;
				CLANG_WARN_INT_CONVERSION = YES;
				CLANG_WARN_NON_LITERAL_NULL_CONVERSION = YES;
				CLANG_WARN_OBJC_IMPLICIT_RETAIN_SELF = YES;
				CLANG_WARN_OBJC_LITERAL_CONVERSION = YES;
				CLANG_WARN_OBJC_ROOT_CLASS = YES_ERROR;
				CLANG_WARN_QUOTED_INCLUDE_IN_FRAMEWORK_HEADER = YES;
				CLANG_WARN_RANGE_LOOP_ANALYSIS = YES;
				CLANG_WARN_STRICT_PROTOTYPES = YES;
				CLANG_WARN_SUSPICIOUS_MOVE = YES;
				CLANG_WARN_UNGUARDED_AVAILABILITY = YES_AGGRESSIVE;
				CLANG_WARN_UNREACHABLE_CODE = YES;
				CLANG_WARN__DUPLICATE_METHOD_MATCH = YES;
				COPY_PHASE_STRIP = NO;
				DEBUG_INFORMATION_FORMAT = "dwarf-with-dsym";
				ENABLE_NS_ASSERTIONS = NO;
				ENABLE_STRICT_OBJC_MSGSEND = YES;
				GCC_C_LANGUAGE_STANDARD = gnu11;
				GCC_NO_COMMON_BLOCKS = YES;
				GCC_WARN_64_TO_32_BIT_CONVERSION = YES;
				GCC_WARN_ABOUT_RETURN_TYPE = YES_ERROR;
				GCC_WARN_UNDECLARED_SELECTOR = YES;
				GCC_WARN_UNINITIALIZED_AUTOS = YES_AGGRESSIVE;
				GCC_WARN_UNUSED_FUNCTION = YES;
				GCC_WARN_UNUSED_VARIABLE = YES;
				IPHONEOS_DEPLOYMENT_TARGET = 16.0;
				MTL_ENABLE_DEBUG_INFO = NO;
				MTL_FAST_MATH = YES;
				SDKROOT = iphoneos;
				SWIFT_COMPILATION_MODE = wholemodule;
				SWIFT_OPTIMIZATION_LEVEL = "-O";
				VALIDATE_PRODUCT = YES;
			};
			name = Release;
		};
		E14CE57C2932D5730044394B /* Debug */ = {
			isa = XCBuildConfiguration;
			buildSettings = {
				ASSETCATALOG_COMPILER_APPICON_NAME = AppIcon;
				ASSETCATALOG_COMPILER_GLOBAL_ACCENT_COLOR_NAME = AccentColor;
				CODE_SIGN_STYLE = Automatic;
				CURRENT_PROJECT_VERSION = 1;
				DEVELOPMENT_TEAM = 232C7N3DDY;
				GENERATE_INFOPLIST_FILE = YES;
				INFOPLIST_FILE = TableView/Info.plist;
				INFOPLIST_KEY_UIApplicationSupportsIndirectInputEvents = YES;
				INFOPLIST_KEY_UILaunchStoryboardName = LaunchScreen;
				INFOPLIST_KEY_UIMainStoryboardFile = Main;
				INFOPLIST_KEY_UISupportedInterfaceOrientations_iPad = "UIInterfaceOrientationPortrait UIInterfaceOrientationPortraitUpsideDown UIInterfaceOrientationLandscapeLeft UIInterfaceOrientationLandscapeRight";
				INFOPLIST_KEY_UISupportedInterfaceOrientations_iPhone = "UIInterfaceOrientationPortrait UIInterfaceOrientationLandscapeLeft UIInterfaceOrientationLandscapeRight";
				LD_RUNPATH_SEARCH_PATHS = (
					"$(inherited)",
					"@executable_path/Frameworks",
				);
				MARKETING_VERSION = 1.0;
				PRODUCT_BUNDLE_IDENTIFIER = com.fullstacktuts.TableView;
				PRODUCT_NAME = "$(TARGET_NAME)";
				SWIFT_EMIT_LOC_STRINGS = YES;
				SWIFT_VERSION = 5.0;
				TARGETED_DEVICE_FAMILY = "1,2";
			};
			name = Debug;
		};
		E14CE57D2932D5730044394B /* Release */ = {
			isa = XCBuildConfiguration;
			buildSettings = {
				ASSETCATALOG_COMPILER_APPICON_NAME = AppIcon;
				ASSETCATALOG_COMPILER_GLOBAL_ACCENT_COLOR_NAME = AccentColor;
				CODE_SIGN_STYLE = Automatic;
				CURRENT_PROJECT_VERSION = 1;
				DEVELOPMENT_TEAM = 232C7N3DDY;
				GENERATE_INFOPLIST_FILE = YES;
				INFOPLIST_FILE = TableView/Info.plist;
				INFOPLIST_KEY_UIApplicationSupportsIndirectInputEvents = YES;
				INFOPLIST_KEY_UILaunchStoryboardName = LaunchScreen;
				INFOPLIST_KEY_UIMainStoryboardFile = Main;
				INFOPLIST_KEY_UISupportedInterfaceOrientations_iPad = "UIInterfaceOrientationPortrait UIInterfaceOrientationPortraitUpsideDown UIInterfaceOrientationLandscapeLeft UIInterfaceOrientationLandscapeRight";
				INFOPLIST_KEY_UISupportedInterfaceOrientations_iPhone = "UIInterfaceOrientationPortrait UIInterfaceOrientationLandscapeLeft UIInterfaceOrientationLandscapeRight";
				LD_RUNPATH_SEARCH_PATHS = (
					"$(inherited)",
					"@executable_path/Frameworks",
				);
				MARKETING_VERSION = 1.0;
				PRODUCT_BUNDLE_IDENTIFIER = com.fullstacktuts.TableView;
				PRODUCT_NAME = "$(TARGET_NAME)";
				SWIFT_EMIT_LOC_STRINGS = YES;
				SWIFT_VERSION = 5.0;
				TARGETED_DEVICE_FAMILY = "1,2";
			};
			name = Release;
		};
/* End XCBuildConfiguration section */

/* Begin XCConfigurationList section */
		E14CE5622932D56F0044394B /* Build configuration list for PBXProject "TableView" */ = {
			isa = XCConfigurationList;
			buildConfigurations = (
				E14CE5792932D5730044394B /* Debug */,
				E14CE57A2932D5730044394B /* Release */,
			);
			defaultConfigurationIsVisible = 0;
			defaultConfigurationName = Release;
		};
		E14CE57B2932D5730044394B /* Build configuration list for PBXNativeTarget "TableView" */ = {
			isa = XCConfigurationList;
			buildConfigurations = (
				E14CE57C2932D5730044394B /* Debug */,
				E14CE57D2932D5730044394B /* Release */,
			);
			defaultConfigurationIsVisible = 0;
			defaultConfigurationName = Release;
		};
/* End XCConfigurationList section */
	};
	rootObject = E14CE55F2932D56F0044394B /* Project object */;
}
