// !$*UTF8*$!
{
	archiveVersion = 1;
	classes = {
	};
	objectVersion = 77;
	objects = {

/* Begin PBXContainerItemProxy section */
		C1E8FFBC2E512DB4006290CE /* PBXContainerItemProxy */ = {
			isa = PBXContainerItemProxy;
			containerPortal = C1E8FF9D2E512DB3006290CE /* Project object */;
			proxyType = 1;
			remoteGlobalIDString = C1E8FFA42E512DB3006290CE;
			remoteInfo = AutoLayoutFundamentals;
		};
		C1E8FFC62E512DB4006290CE /* PBXContainerItemProxy */ = {
			isa = PBXContainerItemProxy;
			containerPortal = C1E8FF9D2E512DB3006290CE /* Project object */;
			proxyType = 1;
			remoteGlobalIDString = C1E8FFA42E512DB3006290CE;
			remoteInfo = AutoLayoutFundamentals;
		};
/* End PBXContainerItemProxy section */

/* Begin PBXFileReference section */
		C1E8FFA52E512DB3006290CE /* AutoLayoutFundamentals.app */ = {isa = PBXFileReference; explicitFileType = wrapper.application; includeInIndex = 0; path = AutoLayoutFundamentals.app; sourceTree = BUILT_PRODUCTS_DIR; };
		C1E8FFBB2E512DB4006290CE /* AutoLayoutFundamentalsTests.xctest */ = {isa = PBXFileReference; explicitFileType = wrapper.cfbundle; includeInIndex = 0; path = AutoLayoutFundamentalsTests.xctest; sourceTree = BUILT_PRODUCTS_DIR; };
		C1E8FFC52E512DB4006290CE /* AutoLayoutFundamentalsUITests.xctest */ = {isa = PBXFileReference; explicitFileType = wrapper.cfbundle; includeInIndex = 0; path = AutoLayoutFundamentalsUITests.xctest; sourceTree = BUILT_PRODUCTS_DIR; };
/* End PBXFileReference section */

/* Begin PBXFileSystemSynchronizedBuildFileExceptionSet section */
		C1E8FFCD2E512DB4006290CE /* Exceptions for "AutoLayoutFundamentals" folder in "AutoLayoutFundamentals" target */ = {
			isa = PBXFileSystemSynchronizedBuildFileExceptionSet;
			membershipExceptions = (
				Info.plist,
			);
			target = C1E8FFA42E512DB3006290CE /* AutoLayoutFundamentals */;
		};
/* End PBXFileSystemSynchronizedBuildFileExceptionSet section */

/* Begin PBXFileSystemSynchronizedRootGroup section */
		C1E8FFA72E512DB3006290CE /* AutoLayoutFundamentals */ = {
			isa = PBXFileSystemSynchronizedRootGroup;
			exceptions = (
				C1E8FFCD2E512DB4006290CE /* Exceptions for "AutoLayoutFundamentals" folder in "AutoLayoutFundamentals" target */,
			);
			path = AutoLayoutFundamentals;
			sourceTree = "<group>";
		};
		C1E8FFBE2E512DB4006290CE /* AutoLayoutFundamentalsTests */ = {
			isa = PBXFileSystemSynchronizedRootGroup;
			path = AutoLayoutFundamentalsTests;
			sourceTree = "<group>";
		};
		C1E8FFC82E512DB4006290CE /* AutoLayoutFundamentalsUITests */ = {
			isa = PBXFileSystemSynchronizedRootGroup;
			path = AutoLayoutFundamentalsUITests;
			sourceTree = "<group>";
		};
/* End PBXFileSystemSynchronizedRootGroup section */

/* Begin PBXFrameworksBuildPhase section */
		C1E8FFA22E512DB3006290CE /* Frameworks */ = {
			isa = PBXFrameworksBuildPhase;
			buildActionMask = 2147483647;
			files = (
			);
			runOnlyForDeploymentPostprocessing = 0;
		};
		C1E8FFB82E512DB4006290CE /* Frameworks */ = {
			isa = PBXFrameworksBuildPhase;
			buildActionMask = 2147483647;
			files = (
			);
			runOnlyForDeploymentPostprocessing = 0;
		};
		C1E8FFC22E512DB4006290CE /* Frameworks */ = {
			isa = PBXFrameworksBuildPhase;
			buildActionMask = 2147483647;
			files = (
			);
			runOnlyForDeploymentPostprocessing = 0;
		};
/* End PBXFrameworksBuildPhase section */

/* Begin PBXGroup section */
		C1E8FF9C2E512DB3006290CE = {
			isa = PBXGroup;
			children = (
				C1E8FFA72E512DB3006290CE /* AutoLayoutFundamentals */,
				C1E8FFBE2E512DB4006290CE /* AutoLayoutFundamentalsTests */,
				C1E8FFC82E512DB4006290CE /* AutoLayoutFundamentalsUITests */,
				C1E8FFA62E512DB3006290CE /* Products */,
			);
			sourceTree = "<group>";
		};
		C1E8FFA62E512DB3006290CE /* Products */ = {
			isa = PBXGroup;
			children = (
				C1E8FFA52E512DB3006290CE /* AutoLayoutFundamentals.app */,
				C1E8FFBB2E512DB4006290CE /* AutoLayoutFundamentalsTests.xctest */,
				C1E8FFC52E512DB4006290CE /* AutoLayoutFundamentalsUITests.xctest */,
			);
			name = Products;
			sourceTree = "<group>";
		};
/* End PBXGroup section */

/* Begin PBXNativeTarget section */
		C1E8FFA42E512DB3006290CE /* AutoLayoutFundamentals */ = {
			isa = PBXNativeTarget;
			buildConfigurationList = C1E8FFCE2E512DB4006290CE /* Build configuration list for PBXNativeTarget "AutoLayoutFundamentals" */;
			buildPhases = (
				C1E8FFA12E512DB3006290CE /* Sources */,
				C1E8FFA22E512DB3006290CE /* Frameworks */,
				C1E8FFA32E512DB3006290CE /* Resources */,
			);
			buildRules = (
			);
			dependencies = (
			);
			fileSystemSynchronizedGroups = (
				C1E8FFA72E512DB3006290CE /* AutoLayoutFundamentals */,
			);
			name = AutoLayoutFundamentals;
			packageProductDependencies = (
			);
			productName = AutoLayoutFundamentals;
			productReference = C1E8FFA52E512DB3006290CE /* AutoLayoutFundamentals.app */;
			productType = "com.apple.product-type.application";
		};
		C1E8FFBA2E512DB4006290CE /* AutoLayoutFundamentalsTests */ = {
			isa = PBXNativeTarget;
			buildConfigurationList = C1E8FFD32E512DB4006290CE /* Build configuration list for PBXNativeTarget "AutoLayoutFundamentalsTests" */;
			buildPhases = (
				C1E8FFB72E512DB4006290CE /* Sources */,
				C1E8FFB82E512DB4006290CE /* Frameworks */,
				C1E8FFB92E512DB4006290CE /* Resources */,
			);
			buildRules = (
			);
			dependencies = (
				C1E8FFBD2E512DB4006290CE /* PBXTargetDependency */,
			);
			fileSystemSynchronizedGroups = (
				C1E8FFBE2E512DB4006290CE /* AutoLayoutFundamentalsTests */,
			);
			name = AutoLayoutFundamentalsTests;
			packageProductDependencies = (
			);
			productName = AutoLayoutFundamentalsTests;
			productReference = C1E8FFBB2E512DB4006290CE /* AutoLayoutFundamentalsTests.xctest */;
			productType = "com.apple.product-type.bundle.unit-test";
		};
		C1E8FFC42E512DB4006290CE /* AutoLayoutFundamentalsUITests */ = {
			isa = PBXNativeTarget;
			buildConfigurationList = C1E8FFD62E512DB4006290CE /* Build configuration list for PBXNativeTarget "AutoLayoutFundamentalsUITests" */;
			buildPhases = (
				C1E8FFC12E512DB4006290CE /* Sources */,
				C1E8FFC22E512DB4006290CE /* Frameworks */,
				C1E8FFC32E512DB4006290CE /* Resources */,
			);
			buildRules = (
			);
			dependencies = (
				C1E8FFC72E512DB4006290CE /* PBXTargetDependency */,
			);
			fileSystemSynchronizedGroups = (
				C1E8FFC82E512DB4006290CE /* AutoLayoutFundamentalsUITests */,
			);
			name = AutoLayoutFundamentalsUITests;
			packageProductDependencies = (
			);
			productName = AutoLayoutFundamentalsUITests;
			productReference = C1E8FFC52E512DB4006290CE /* AutoLayoutFundamentalsUITests.xctest */;
			productType = "com.apple.product-type.bundle.ui-testing";
		};
/* End PBXNativeTarget section */

/* Begin PBXProject section */
		C1E8FF9D2E512DB3006290CE /* Project object */ = {
			isa = PBXProject;
			attributes = {
				BuildIndependentTargetsInParallel = 1;
				LastSwiftUpdateCheck = 1640;
				LastUpgradeCheck = 1640;
				TargetAttributes = {
					C1E8FFA42E512DB3006290CE = {
						CreatedOnToolsVersion = 16.4;
					};
					C1E8FFBA2E512DB4006290CE = {
						CreatedOnToolsVersion = 16.4;
						TestTargetID = C1E8FFA42E512DB3006290CE;
					};
					C1E8FFC42E512DB4006290CE = {
						CreatedOnToolsVersion = 16.4;
						TestTargetID = C1E8FFA42E512DB3006290CE;
					};
				};
			};
			buildConfigurationList = C1E8FFA02E512DB3006290CE /* Build configuration list for PBXProject "AutoLayoutFundamentals" */;
			developmentRegion = en;
			hasScannedForEncodings = 0;
			knownRegions = (
				en,
				Base,
			);
			mainGroup = C1E8FF9C2E512DB3006290CE;
			minimizedProjectReferenceProxies = 1;
			preferredProjectObjectVersion = 77;
			productRefGroup = C1E8FFA62E512DB3006290CE /* Products */;
			projectDirPath = "";
			projectRoot = "";
			targets = (
				C1E8FFA42E512DB3006290CE /* AutoLayoutFundamentals */,
				C1E8FFBA2E512DB4006290CE /* AutoLayoutFundamentalsTests */,
				C1E8FFC42E512DB4006290CE /* AutoLayoutFundamentalsUITests */,
			);
		};
/* End PBXProject section */

/* Begin PBXResourcesBuildPhase section */
		C1E8FFA32E512DB3006290CE /* Resources */ = {
			isa = PBXResourcesBuildPhase;
			buildActionMask = 2147483647;
			files = (
			);
			runOnlyForDeploymentPostprocessing = 0;
		};
		C1E8FFB92E512DB4006290CE /* Resources */ = {
			isa = PBXResourcesBuildPhase;
			buildActionMask = 2147483647;
			files = (
			);
			runOnlyForDeploymentPostprocessing = 0;
		};
		C1E8FFC32E512DB4006290CE /* Resources */ = {
			isa = PBXResourcesBuildPhase;
			buildActionMask = 2147483647;
			files = (
			);
			runOnlyForDeploymentPostprocessing = 0;
		};
/* End PBXResourcesBuildPhase section */

/* Begin PBXSourcesBuildPhase section */
		C1E8FFA12E512DB3006290CE /* Sources */ = {
			isa = PBXSourcesBuildPhase;
			buildActionMask = 2147483647;
			files = (
			);
			runOnlyForDeploymentPostprocessing = 0;
		};
		C1E8FFB72E512DB4006290CE /* Sources */ = {
			isa = PBXSourcesBuildPhase;
			buildActionMask = 2147483647;
			files = (
			);
			runOnlyForDeploymentPostprocessing = 0;
		};
		C1E8FFC12E512DB4006290CE /* Sources */ = {
			isa = PBXSourcesBuildPhase;
			buildActionMask = 2147483647;
			files = (
			);
			runOnlyForDeploymentPostprocessing = 0;
		};
/* End PBXSourcesBuildPhase section */

/* Begin PBXTargetDependency section */
		C1E8FFBD2E512DB4006290CE /* PBXTargetDependency */ = {
			isa = PBXTargetDependency;
			target = C1E8FFA42E512DB3006290CE /* AutoLayoutFundamentals */;
			targetProxy = C1E8FFBC2E512DB4006290CE /* PBXContainerItemProxy */;
		};
		C1E8FFC72E512DB4006290CE /* PBXTargetDependency */ = {
			isa = PBXTargetDependency;
			target = C1E8FFA42E512DB3006290CE /* AutoLayoutFundamentals */;
			targetProxy = C1E8FFC62E512DB4006290CE /* PBXContainerItemProxy */;
		};
/* End PBXTargetDependency section */

/* Begin XCBuildConfiguration section */
		C1E8FFCF2E512DB4006290CE /* Debug */ = {
			isa = XCBuildConfiguration;
			buildSettings = {
				ASSETCATALOG_COMPILER_APPICON_NAME = AppIcon;
				ASSETCATALOG_COMPILER_GLOBAL_ACCENT_COLOR_NAME = AccentColor;
				CODE_SIGN_STYLE = Automatic;
				CURRENT_PROJECT_VERSION = 1;
				DEVELOPMENT_TEAM = 232C7N3DDY;
				GENERATE_INFOPLIST_FILE = YES;
				INFOPLIST_FILE = AutoLayoutFundamentals/Info.plist;
				INFOPLIST_KEY_UIApplicationSupportsIndirectInputEvents = YES;
				INFOPLIST_KEY_UILaunchStoryboardName = LaunchScreen;
				INFOPLIST_KEY_UIMainStoryboardFile = Main;
				INFOPLIST_KEY_UISupportedInterfaceOrientations_iPad = "UIInterfaceOrientationPortrait UIInterfaceOrientationPortraitUpsideDown UIInterfaceOrientationLandscapeLeft UIInterfaceOrientationLandscapeRight";
				INFOPLIST_KEY_UISupportedInterfaceOrientations_iPhone = "UIInterfaceOrientationPortrait UIInterfaceOrientationLandscapeLeft UIInterfaceOrientationLandscapeRight";
				LD_RUNPATH_SEARCH_PATHS = (
					"$(inherited)",
					"@executable_path/Frameworks",
				);
				MARKETING_VERSION = 1.0;
				PRODUCT_BUNDLE_IDENTIFIER = com.AutoLayoutFundamentals;
				PRODUCT_NAME = "$(TARGET_NAME)";
				SWIFT_EMIT_LOC_STRINGS = YES;
				SWIFT_VERSION = 5.0;
				TARGETED_DEVICE_FAMILY = "1,2";
			};
			name = Debug;
		};
		C1E8FFD02E512DB4006290CE /* Release */ = {
			isa = XCBuildConfiguration;
			buildSettings = {
				ASSETCATALOG_COMPILER_APPICON_NAME = AppIcon;
				ASSETCATALOG_COMPILER_GLOBAL_ACCENT_COLOR_NAME = AccentColor;
				CODE_SIGN_STYLE = Automatic;
				CURRENT_PROJECT_VERSION = 1;
				DEVELOPMENT_TEAM = 232C7N3DDY;
				GENERATE_INFOPLIST_FILE = YES;
				INFOPLIST_FILE = AutoLayoutFundamentals/Info.plist;
				INFOPLIST_KEY_UIApplicationSupportsIndirectInputEvents = YES;
				INFOPLIST_KEY_UILaunchStoryboardName = LaunchScreen;
				INFOPLIST_KEY_UIMainStoryboardFile = Main;
				INFOPLIST_KEY_UISupportedInterfaceOrientations_iPad = "UIInterfaceOrientationPortrait UIInterfaceOrientationPortraitUpsideDown UIInterfaceOrientationLandscapeLeft UIInterfaceOrientationLandscapeRight";
				INFOPLIST_KEY_UISupportedInterfaceOrientations_iPhone = "UIInterfaceOrientationPortrait UIInterfaceOrientationLandscapeLeft UIInterfaceOrientationLandscapeRight";
				LD_RUNPATH_SEARCH_PATHS = (
					"$(inherited)",
					"@executable_path/Frameworks",
				);
				MARKETING_VERSION = 1.0;
				PRODUCT_BUNDLE_IDENTIFIER = com.AutoLayoutFundamentals;
				PRODUCT_NAME = "$(TARGET_NAME)";
				SWIFT_EMIT_LOC_STRINGS = YES;
				SWIFT_VERSION = 5.0;
				TARGETED_DEVICE_FAMILY = "1,2";
			};
			name = Release;
		};
		C1E8FFD12E512DB4006290CE /* Debug */ = {
			isa = XCBuildConfiguration;
			buildSettings = {
				ALWAYS_SEARCH_USER_PATHS = NO;
				ASSETCATALOG_COMPILER_GENERATE_SWIFT_ASSET_SYMBOL_EXTENSIONS = YES;
				CLANG_ANALYZER_NONNULL = YES;
				CLANG_ANALYZER_NUMBER_OBJECT_CONVERSION = YES_AGGRESSIVE;
				CLANG_CXX_LANGUAGE_STANDARD = "gnu++20";
				CLANG_ENABLE_MODULES = YES;
				CLANG_ENABLE_OBJC_ARC = YES;
				CLANG_ENABLE_OBJC_WEAK = YES;
				CLANG_WARN_BLOCK_CAPTURE_AUTORELEASING = YES;
				CLANG_WARN_BOOL_CONVERSION = YES;
				CLANG_WARN_COMMA = YES;
				CLANG_WARN_CONSTANT_CONVERSION = YES;
				CLANG_WARN_DEPRECATED_OBJC_IMPLEMENTATIONS = YES;
				CLANG_WARN_DIRECT_OBJC_ISA_USAGE = YES_ERROR;
				CLANG_WARN_DOCUMENTATION_COMMENTS = YES;
				CLANG_WARN_EMPTY_BODY = YES;
				CLANG_WARN_ENUM_CONVERSION = YES;
				CLANG_WARN_INFINITE_RECURSION = YES;
				CLANG_WARN_INT_CONVERSION = YES;
				CLANG_WARN_NON_LITERAL_NULL_CONVERSION = YES;
				CLANG_WARN_OBJC_IMPLICIT_RETAIN_SELF = YES;
				CLANG_WARN_OBJC_LITERAL_CONVERSION = YES;
				CLANG_WARN_OBJC_ROOT_CLASS = YES_ERROR;
				CLANG_WARN_QUOTED_INCLUDE_IN_FRAMEWORK_HEADER = YES;
				CLANG_WARN_RANGE_LOOP_ANALYSIS = YES;
				CLANG_WARN_STRICT_PROTOTYPES = YES;
				CLANG_WARN_SUSPICIOUS_MOVE = YES;
				CLANG_WARN_UNGUARDED_AVAILABILITY = YES_AGGRESSIVE;
				CLANG_WARN_UNREACHABLE_CODE = YES;
				CLANG_WARN__DUPLICATE_METHOD_MATCH = YES;
				COPY_PHASE_STRIP = NO;
				DEBUG_INFORMATION_FORMAT = dwarf;
				DEVELOPMENT_TEAM = 232C7N3DDY;
				ENABLE_STRICT_OBJC_MSGSEND = YES;
				ENABLE_TESTABILITY = YES;
				ENABLE_USER_SCRIPT_SANDBOXING = YES;
				GCC_C_LANGUAGE_STANDARD = gnu17;
				GCC_DYNAMIC_NO_PIC = NO;
				GCC_NO_COMMON_BLOCKS = YES;
				GCC_OPTIMIZATION_LEVEL = 0;
				GCC_PREPROCESSOR_DEFINITIONS = (
					"DEBUG=1",
					"$(inherited)",
				);
				GCC_WARN_64_TO_32_BIT_CONVERSION = YES;
				GCC_WARN_ABOUT_RETURN_TYPE = YES_ERROR;
				GCC_WARN_UNDECLARED_SELECTOR = YES;
				GCC_WARN_UNINITIALIZED_AUTOS = YES_AGGRESSIVE;
				GCC_WARN_UNUSED_FUNCTION = YES;
				GCC_WARN_UNUSED_VARIABLE = YES;
				IPHONEOS_DEPLOYMENT_TARGET = 18.5;
				LOCALIZATION_PREFERS_STRING_CATALOGS = YES;
				MTL_ENABLE_DEBUG_INFO = INCLUDE_SOURCE;
				MTL_FAST_MATH = YES;
				ONLY_ACTIVE_ARCH = YES;
				SDKROOT = iphoneos;
				SWIFT_ACTIVE_COMPILATION_CONDITIONS = "DEBUG $(inherited)";
				SWIFT_OPTIMIZATION_LEVEL = "-Onone";
			};
			name = Debug;
		};
		C1E8FFD22E512DB4006290CE /* Release */ = {
			isa = XCBuildConfiguration;
			buildSettings = {
				ALWAYS_SEARCH_USER_PATHS = NO;
				ASSETCATALOG_COMPILER_GENERATE_SWIFT_ASSET_SYMBOL_EXTENSIONS = YES;
				CLANG_ANALYZER_NONNULL = YES;
				CLANG_ANALYZER_NUMBER_OBJECT_CONVERSION = YES_AGGRESSIVE;
				CLANG_CXX_LANGUAGE_STANDARD = "gnu++20";
				CLANG_ENABLE_MODULES = YES;
				CLANG_ENABLE_OBJC_ARC = YES;
				CLANG_ENABLE_OBJC_WEAK = YES;
				CLANG_WARN_BLOCK_CAPTURE_AUTORELEASING = YES;
				CLANG_WARN_BOOL_CONVERSION = YES;
				CLANG_WARN_COMMA = YES;
				CLANG_WARN_CONSTANT_CONVERSION = YES;
				CLANG_WARN_DEPRECATED_OBJC_IMPLEMENTATIONS = YES;
				CLANG_WARN_DIRECT_OBJC_ISA_USAGE = YES_ERROR;
				CLANG_WARN_DOCUMENTATION_COMMENTS = YES;
				CLANG_WARN_EMPTY_BODY = YES;
				CLANG_WARN_ENUM_CONVERSION = YES;
				CLANG_WARN_INFINITE_RECURSION = YES;
				CLANG_WARN_INT_CONVERSION = YES;
				CLANG_WARN_NON_LITERAL_NULL_CONVERSION = YES;
				CLANG_WARN_OBJC_IMPLICIT_RETAIN_SELF = YES;
				CLANG_WARN_OBJC_LITERAL_CONVERSION = YES;
				CLANG_WARN_OBJC_ROOT_CLASS = YES_ERROR;
				CLANG_WARN_QUOTED_INCLUDE_IN_FRAMEWORK_HEADER = YES;
				CLANG_WARN_RANGE_LOOP_ANALYSIS = YES;
				CLANG_WARN_STRICT_PROTOTYPES = YES;
				CLANG_WARN_SUSPICIOUS_MOVE = YES;
				CLANG_WARN_UNGUARDED_AVAILABILITY = YES_AGGRESSIVE;
				CLANG_WARN_UNREACHABLE_CODE = YES;
				CLANG_WARN__DUPLICATE_METHOD_MATCH = YES;
				COPY_PHASE_STRIP = NO;
				DEBUG_INFORMATION_FORMAT = "dwarf-with-dsym";
				DEVELOPMENT_TEAM = 232C7N3DDY;
				ENABLE_NS_ASSERTIONS = NO;
				ENABLE_STRICT_OBJC_MSGSEND = YES;
				ENABLE_USER_SCRIPT_SANDBOXING = YES;
				GCC_C_LANGUAGE_STANDARD = gnu17;
				GCC_NO_COMMON_BLOCKS = YES;
				GCC_WARN_64_TO_32_BIT_CONVERSION = YES;
				GCC_WARN_ABOUT_RETURN_TYPE = YES_ERROR;
				GCC_WARN_UNDECLARED_SELECTOR = YES;
				GCC_WARN_UNINITIALIZED_AUTOS = YES_AGGRESSIVE;
				GCC_WARN_UNUSED_FUNCTION = YES;
				GCC_WARN_UNUSED_VARIABLE = YES;
				IPHONEOS_DEPLOYMENT_TARGET = 18.5;
				LOCALIZATION_PREFERS_STRING_CATALOGS = YES;
				MTL_ENABLE_DEBUG_INFO = NO;
				MTL_FAST_MATH = YES;
				SDKROOT = iphoneos;
				SWIFT_COMPILATION_MODE = wholemodule;
				VALIDATE_PRODUCT = YES;
			};
			name = Release;
		};
		C1E8FFD42E512DB4006290CE /* Debug */ = {
			isa = XCBuildConfiguration;
			buildSettings = {
				BUNDLE_LOADER = "$(TEST_HOST)";
				CODE_SIGN_STYLE = Automatic;
				CURRENT_PROJECT_VERSION = 1;
				DEVELOPMENT_TEAM = 232C7N3DDY;
				GENERATE_INFOPLIST_FILE = YES;
				IPHONEOS_DEPLOYMENT_TARGET = 18.5;
				MARKETING_VERSION = 1.0;
				PRODUCT_BUNDLE_IDENTIFIER = com.AutoLayoutFundamentalsTests;
				PRODUCT_NAME = "$(TARGET_NAME)";
				SWIFT_EMIT_LOC_STRINGS = NO;
				SWIFT_VERSION = 5.0;
				TARGETED_DEVICE_FAMILY = "1,2";
				TEST_HOST = "$(BUILT_PRODUCTS_DIR)/AutoLayoutFundamentals.app/$(BUNDLE_EXECUTABLE_FOLDER_PATH)/AutoLayoutFundamentals";
			};
			name = Debug;
		};
		C1E8FFD52E512DB4006290CE /* Release */ = {
			isa = XCBuildConfiguration;
			buildSettings = {
				BUNDLE_LOADER = "$(TEST_HOST)";
				CODE_SIGN_STYLE = Automatic;
				CURRENT_PROJECT_VERSION = 1;
				DEVELOPMENT_TEAM = 232C7N3DDY;
				GENERATE_INFOPLIST_FILE = YES;
				IPHONEOS_DEPLOYMENT_TARGET = 18.5;
				MARKETING_VERSION = 1.0;
				PRODUCT_BUNDLE_IDENTIFIER = com.AutoLayoutFundamentalsTests;
				PRODUCT_NAME = "$(TARGET_NAME)";
				SWIFT_EMIT_LOC_STRINGS = NO;
				SWIFT_VERSION = 5.0;
				TARGETED_DEVICE_FAMILY = "1,2";
				TEST_HOST = "$(BUILT_PRODUCTS_DIR)/AutoLayoutFundamentals.app/$(BUNDLE_EXECUTABLE_FOLDER_PATH)/AutoLayoutFundamentals";
			};
			name = Release;
		};
		C1E8FFD72E512DB4006290CE /* Debug */ = {
			isa = XCBuildConfiguration;
			buildSettings = {
				CODE_SIGN_STYLE = Automatic;
				CURRENT_PROJECT_VERSION = 1;
				DEVELOPMENT_TEAM = 232C7N3DDY;
				GENERATE_INFOPLIST_FILE = YES;
				MARKETING_VERSION = 1.0;
				PRODUCT_BUNDLE_IDENTIFIER = com.AutoLayoutFundamentalsUITests;
				PRODUCT_NAME = "$(TARGET_NAME)";
				SWIFT_EMIT_LOC_STRINGS = NO;
				SWIFT_VERSION = 5.0;
				TARGETED_DEVICE_FAMILY = "1,2";
				TEST_TARGET_NAME = AutoLayoutFundamentals;
			};
			name = Debug;
		};
		C1E8FFD82E512DB4006290CE /* Release */ = {
			isa = XCBuildConfiguration;
			buildSettings = {
				CODE_SIGN_STYLE = Automatic;
				CURRENT_PROJECT_VERSION = 1;
				DEVELOPMENT_TEAM = 232C7N3DDY;
				GENERATE_INFOPLIST_FILE = YES;
				MARKETING_VERSION = 1.0;
				PRODUCT_BUNDLE_IDENTIFIER = com.AutoLayoutFundamentalsUITests;
				PRODUCT_NAME = "$(TARGET_NAME)";
				SWIFT_EMIT_LOC_STRINGS = NO;
				SWIFT_VERSION = 5.0;
				TARGETED_DEVICE_FAMILY = "1,2";
				TEST_TARGET_NAME = AutoLayoutFundamentals;
			};
			name = Release;
		};
/* End XCBuildConfiguration section */

/* Begin XCConfigurationList section */
		C1E8FFA02E512DB3006290CE /* Build configuration list for PBXProject "AutoLayoutFundamentals" */ = {
			isa = XCConfigurationList;
			buildConfigurations = (
				C1E8FFD12E512DB4006290CE /* Debug */,
				C1E8FFD22E512DB4006290CE /* Release */,
			);
			defaultConfigurationIsVisible = 0;
			defaultConfigurationName = Release;
		};
		C1E8FFCE2E512DB4006290CE /* Build configuration list for PBXNativeTarget "AutoLayoutFundamentals" */ = {
			isa = XCConfigurationList;
			buildConfigurations = (
				C1E8FFCF2E512DB4006290CE /* Debug */,
				C1E8FFD02E512DB4006290CE /* Release */,
			);
			defaultConfigurationIsVisible = 0;
			defaultConfigurationName = Release;
		};
		C1E8FFD32E512DB4006290CE /* Build configuration list for PBXNativeTarget "AutoLayoutFundamentalsTests" */ = {
			isa = XCConfigurationList;
			buildConfigurations = (
				C1E8FFD42E512DB4006290CE /* Debug */,
				C1E8FFD52E512DB4006290CE /* Release */,
			);
			defaultConfigurationIsVisible = 0;
			defaultConfigurationName = Release;
		};
		C1E8FFD62E512DB4006290CE /* Build configuration list for PBXNativeTarget "AutoLayoutFundamentalsUITests" */ = {
			isa = XCConfigurationList;
			buildConfigurations = (
				C1E8FFD72E512DB4006290CE /* Debug */,
				C1E8FFD82E512DB4006290CE /* Release */,
			);
			defaultConfigurationIsVisible = 0;
			defaultConfigurationName = Release;
		};
/* End XCConfigurationList section */
	};
	rootObject = C1E8FF9D2E512DB3006290CE /* Project object */;
}
