// !$*UTF8*$!
{
	archiveVersion = 1;
	classes = {
	};
	objectVersion = 77;
	objects = {

/* Begin PBXBuildFile section */
		C16F43F72F009BA0003585D6 /* Assistant-Bold.ttf in Resources */ = {isa = PBXBuildFile; fileRef = C16F43E02F009BA0003585D6 /* Assistant-Bold.ttf */; };
		C16F43F82F009BA0003585D6 /* Assistant-Medium.ttf in Resources */ = {isa = PBXBuildFile; fileRef = C16F43E12F009BA0003585D6 /* Assistant-Medium.ttf */; };
		C16F43F92F009BA0003585D6 /* Assistant-Regular.ttf in Resources */ = {isa = PBXBuildFile; fileRef = C16F43E22F009BA0003585D6 /* Assistant-Regular.ttf */; };
		C16F43FA2F009BA0003585D6 /* Assistant-SemiBold.ttf in Resources */ = {isa = PBXBuildFile; fileRef = C16F43E32F009BA0003585D6 /* Assistant-SemiBold.ttf */; };
		C16F43FB2F009BA0003585D6 /* Assets.xcassets in Resources */ = {isa = PBXBuildFile; fileRef = C16F43E62F009BA0003585D6 /* Assets.xcassets */; };
		C16F43FC2F009BA0003585D6 /* Colors.xcassets in Resources */ = {isa = PBXBuildFile; fileRef = C16F43E82F009BA0003585D6 /* Colors.xcassets */; };
		C16F43FE2F009BA0003585D6 /* LaunchScreen.storyboard in Resources */ = {isa = PBXBuildFile; fileRef = C16F43EB2F009BA0003585D6 /* LaunchScreen.storyboard */; };
		C16F43FF2F009BA0003585D6 /* Main.storyboard in Resources */ = {isa = PBXBuildFile; fileRef = C16F43ED2F009BA0003585D6 /* Main.storyboard */; };
		C16F44002F009BA0003585D6 /* NewTaskModalView.xib in Resources */ = {isa = PBXBuildFile; fileRef = C16F43EF2F009BA0003585D6 /* NewTaskModalView.xib */; };
		C16F44012F009BA0003585D6 /* AppDelegate.swift in Sources */ = {isa = PBXBuildFile; fileRef = C16F43E52F009BA0003585D6 /* AppDelegate.swift */; };
		C16F44022F009BA0003585D6 /* CategoryModel.swift in Sources */ = {isa = PBXBuildFile; fileRef = C16F43E72F009BA0003585D6 /* CategoryModel.swift */; };
		C16F44032F009BA0003585D6 /* NewTaskModalView.swift in Sources */ = {isa = PBXBuildFile; fileRef = C16F43EE2F009BA0003585D6 /* NewTaskModalView.swift */; };
		C16F44042F009BA0003585D6 /* NewTaskViewController.swift in Sources */ = {isa = PBXBuildFile; fileRef = C16F43F02F009BA0003585D6 /* NewTaskViewController.swift */; };
		C16F44052F009BA0003585D6 /* SceneDelegate.swift in Sources */ = {isa = PBXBuildFile; fileRef = C16F43F12F009BA0003585D6 /* SceneDelegate.swift */; };
		C16F44062F009BA0003585D6 /* TaskModel.swift in Sources */ = {isa = PBXBuildFile; fileRef = C16F43F22F009BA0003585D6 /* TaskModel.swift */; };
		C16F44072F009BA0003585D6 /* TaskTableViewCell.swift in Sources */ = {isa = PBXBuildFile; fileRef = C16F43F32F009BA0003585D6 /* TaskTableViewCell.swift */; };
		C16F44082F009BA0003585D6 /* Typography.swift in Sources */ = {isa = PBXBuildFile; fileRef = C16F43F42F009BA0003585D6 /* Typography.swift */; };
		C16F44092F009BA0003585D6 /* ViewController.swift in Sources */ = {isa = PBXBuildFile; fileRef = C16F43F52F009BA0003585D6 /* ViewController.swift */; };
		C16F440B2F009D85003585D6 /* Extension+UIColor.swift in Sources */ = {isa = PBXBuildFile; fileRef = C16F440A2F009D85003585D6 /* Extension+UIColor.swift */; };
/* End PBXBuildFile section */

/* Begin PBXContainerItemProxy section */
		C115D2BE2E64D64D0042F1F9 /* PBXContainerItemProxy */ = {
			isa = PBXContainerItemProxy;
			containerPortal = C115D29F2E64D64C0042F1F9 /* Project object */;
			proxyType = 1;
			remoteGlobalIDString = C115D2A62E64D64C0042F1F9;
			remoteInfo = "ToDoList 12";
		};
		C115D2C82E64D64E0042F1F9 /* PBXContainerItemProxy */ = {
			isa = PBXContainerItemProxy;
			containerPortal = C115D29F2E64D64C0042F1F9 /* Project object */;
			proxyType = 1;
			remoteGlobalIDString = C115D2A62E64D64C0042F1F9;
			remoteInfo = "ToDoList 12";
		};
/* End PBXContainerItemProxy section */

/* Begin PBXFileReference section */
		C115D2A72E64D64C0042F1F9 /* ToDoList 12.app */ = {isa = PBXFileReference; explicitFileType = wrapper.application; includeInIndex = 0; path = "ToDoList 12.app"; sourceTree = BUILT_PRODUCTS_DIR; };
		C115D2BD2E64D64D0042F1F9 /* ToDoList 12Tests.xctest */ = {isa = PBXFileReference; explicitFileType = wrapper.cfbundle; includeInIndex = 0; path = "ToDoList 12Tests.xctest"; sourceTree = BUILT_PRODUCTS_DIR; };
		C115D2C72E64D64E0042F1F9 /* ToDoList 12UITests.xctest */ = {isa = PBXFileReference; explicitFileType = wrapper.cfbundle; includeInIndex = 0; path = "ToDoList 12UITests.xctest"; sourceTree = BUILT_PRODUCTS_DIR; };
		C16F43E02F009BA0003585D6 /* Assistant-Bold.ttf */ = {isa = PBXFileReference; lastKnownFileType = file; path = "Assistant-Bold.ttf"; sourceTree = "<group>"; };
		C16F43E12F009BA0003585D6 /* Assistant-Medium.ttf */ = {isa = PBXFileReference; lastKnownFileType = file; path = "Assistant-Medium.ttf"; sourceTree = "<group>"; };
		C16F43E22F009BA0003585D6 /* Assistant-Regular.ttf */ = {isa = PBXFileReference; lastKnownFileType = file; path = "Assistant-Regular.ttf"; sourceTree = "<group>"; };
		C16F43E32F009BA0003585D6 /* Assistant-SemiBold.ttf */ = {isa = PBXFileReference; lastKnownFileType = file; path = "Assistant-SemiBold.ttf"; sourceTree = "<group>"; };
		C16F43E52F009BA0003585D6 /* AppDelegate.swift */ = {isa = PBXFileReference; lastKnownFileType = sourcecode.swift; path = AppDelegate.swift; sourceTree = "<group>"; };
		C16F43E62F009BA0003585D6 /* Assets.xcassets */ = {isa = PBXFileReference; lastKnownFileType = folder.assetcatalog; path = Assets.xcassets; sourceTree = "<group>"; };
		C16F43E72F009BA0003585D6 /* CategoryModel.swift */ = {isa = PBXFileReference; lastKnownFileType = sourcecode.swift; path = CategoryModel.swift; sourceTree = "<group>"; };
		C16F43E82F009BA0003585D6 /* Colors.xcassets */ = {isa = PBXFileReference; lastKnownFileType = folder.assetcatalog; path = Colors.xcassets; sourceTree = "<group>"; };
		C16F43E92F009BA0003585D6 /* Info.plist */ = {isa = PBXFileReference; lastKnownFileType = text.plist.xml; path = Info.plist; sourceTree = "<group>"; };
		C16F43EA2F009BA0003585D6 /* Base */ = {isa = PBXFileReference; lastKnownFileType = file.storyboard; name = Base; path = Base.lproj/LaunchScreen.storyboard; sourceTree = "<group>"; };
		C16F43EC2F009BA0003585D6 /* Base */ = {isa = PBXFileReference; lastKnownFileType = file.storyboard; name = Base; path = Base.lproj/Main.storyboard; sourceTree = "<group>"; };
		C16F43EE2F009BA0003585D6 /* NewTaskModalView.swift */ = {isa = PBXFileReference; lastKnownFileType = sourcecode.swift; path = NewTaskModalView.swift; sourceTree = "<group>"; };
		C16F43EF2F009BA0003585D6 /* NewTaskModalView.xib */ = {isa = PBXFileReference; lastKnownFileType = file.xib; path = NewTaskModalView.xib; sourceTree = "<group>"; };
		C16F43F02F009BA0003585D6 /* NewTaskViewController.swift */ = {isa = PBXFileReference; lastKnownFileType = sourcecode.swift; path = NewTaskViewController.swift; sourceTree = "<group>"; };
		C16F43F12F009BA0003585D6 /* SceneDelegate.swift */ = {isa = PBXFileReference; lastKnownFileType = sourcecode.swift; path = SceneDelegate.swift; sourceTree = "<group>"; };
		C16F43F22F009BA0003585D6 /* TaskModel.swift */ = {isa = PBXFileReference; lastKnownFileType = sourcecode.swift; path = TaskModel.swift; sourceTree = "<group>"; };
		C16F43F32F009BA0003585D6 /* TaskTableViewCell.swift */ = {isa = PBXFileReference; lastKnownFileType = sourcecode.swift; path = TaskTableViewCell.swift; sourceTree = "<group>"; };
		C16F43F42F009BA0003585D6 /* Typography.swift */ = {isa = PBXFileReference; lastKnownFileType = sourcecode.swift; path = Typography.swift; sourceTree = "<group>"; };
		C16F43F52F009BA0003585D6 /* ViewController.swift */ = {isa = PBXFileReference; lastKnownFileType = sourcecode.swift; path = ViewController.swift; sourceTree = "<group>"; };
		C16F440A2F009D85003585D6 /* Extension+UIColor.swift */ = {isa = PBXFileReference; lastKnownFileType = sourcecode.swift; path = "Extension+UIColor.swift"; sourceTree = "<group>"; };
/* End PBXFileReference section */

/* Begin PBXFileSystemSynchronizedRootGroup section */
		C115D2C02E64D64D0042F1F9 /* ToDoList 12Tests */ = {
			isa = PBXFileSystemSynchronizedRootGroup;
			path = "ToDoList 12Tests";
			sourceTree = "<group>";
		};
		C115D2CA2E64D64E0042F1F9 /* ToDoList 12UITests */ = {
			isa = PBXFileSystemSynchronizedRootGroup;
			path = "ToDoList 12UITests";
			sourceTree = "<group>";
		};
/* End PBXFileSystemSynchronizedRootGroup section */

/* Begin PBXFrameworksBuildPhase section */
		C115D2A42E64D64C0042F1F9 /* Frameworks */ = {
			isa = PBXFrameworksBuildPhase;
			buildActionMask = 2147483647;
			files = (
			);
			runOnlyForDeploymentPostprocessing = 0;
		};
		C115D2BA2E64D64D0042F1F9 /* Frameworks */ = {
			isa = PBXFrameworksBuildPhase;
			buildActionMask = 2147483647;
			files = (
			);
			runOnlyForDeploymentPostprocessing = 0;
		};
		C115D2C42E64D64E0042F1F9 /* Frameworks */ = {
			isa = PBXFrameworksBuildPhase;
			buildActionMask = 2147483647;
			files = (
			);
			runOnlyForDeploymentPostprocessing = 0;
		};
/* End PBXFrameworksBuildPhase section */

/* Begin PBXGroup section */
		C115D29E2E64D64C0042F1F9 = {
			isa = PBXGroup;
			children = (
				C16F43F62F009BA0003585D6 /* ToDoList 12 */,
				C115D2C02E64D64D0042F1F9 /* ToDoList 12Tests */,
				C115D2CA2E64D64E0042F1F9 /* ToDoList 12UITests */,
				C115D2A82E64D64C0042F1F9 /* Products */,
			);
			sourceTree = "<group>";
		};
		C115D2A82E64D64C0042F1F9 /* Products */ = {
			isa = PBXGroup;
			children = (
				C115D2A72E64D64C0042F1F9 /* ToDoList 12.app */,
				C115D2BD2E64D64D0042F1F9 /* ToDoList 12Tests.xctest */,
				C115D2C72E64D64E0042F1F9 /* ToDoList 12UITests.xctest */,
			);
			name = Products;
			sourceTree = "<group>";
		};
		C16F43E42F009BA0003585D6 /* Fonts */ = {
			isa = PBXGroup;
			children = (
				C16F43E02F009BA0003585D6 /* Assistant-Bold.ttf */,
				C16F43E12F009BA0003585D6 /* Assistant-Medium.ttf */,
				C16F43E22F009BA0003585D6 /* Assistant-Regular.ttf */,
				C16F43E32F009BA0003585D6 /* Assistant-SemiBold.ttf */,
			);
			path = Fonts;
			sourceTree = "<group>";
		};
		C16F43F62F009BA0003585D6 /* ToDoList 12 */ = {
			isa = PBXGroup;
			children = (
				C16F43E42F009BA0003585D6 /* Fonts */,
				C16F43E52F009BA0003585D6 /* AppDelegate.swift */,
				C16F43E72F009BA0003585D6 /* CategoryModel.swift */,
				C16F43E92F009BA0003585D6 /* Info.plist */,
				C16F43EB2F009BA0003585D6 /* LaunchScreen.storyboard */,
				C16F43ED2F009BA0003585D6 /* Main.storyboard */,
				C16F43EE2F009BA0003585D6 /* NewTaskModalView.swift */,
				C16F43EF2F009BA0003585D6 /* NewTaskModalView.xib */,
				C16F43F02F009BA0003585D6 /* NewTaskViewController.swift */,
				C16F43F12F009BA0003585D6 /* SceneDelegate.swift */,
				C16F43F22F009BA0003585D6 /* TaskModel.swift */,
				C16F43F32F009BA0003585D6 /* TaskTableViewCell.swift */,
				C16F43F42F009BA0003585D6 /* Typography.swift */,
				C16F43F52F009BA0003585D6 /* ViewController.swift */,
				C16F440A2F009D85003585D6 /* Extension+UIColor.swift */,
				C16F43E62F009BA0003585D6 /* Assets.xcassets */,
				C16F43E82F009BA0003585D6 /* Colors.xcassets */,
			);
			path = "ToDoList 12";
			sourceTree = "<group>";
		};
/* End PBXGroup section */

/* Begin PBXNativeTarget section */
		C115D2A62E64D64C0042F1F9 /* ToDoList 12 */ = {
			isa = PBXNativeTarget;
			buildConfigurationList = C115D2D02E64D64E0042F1F9 /* Build configuration list for PBXNativeTarget "ToDoList 12" */;
			buildPhases = (
				C115D2A32E64D64C0042F1F9 /* Sources */,
				C115D2A42E64D64C0042F1F9 /* Frameworks */,
				C115D2A52E64D64C0042F1F9 /* Resources */,
			);
			buildRules = (
			);
			dependencies = (
			);
			name = "ToDoList 12";
			packageProductDependencies = (
			);
			productName = "ToDoList 12";
			productReference = C115D2A72E64D64C0042F1F9 /* ToDoList 12.app */;
			productType = "com.apple.product-type.application";
		};
		C115D2BC2E64D64D0042F1F9 /* ToDoList 12Tests */ = {
			isa = PBXNativeTarget;
			buildConfigurationList = C115D2D52E64D64E0042F1F9 /* Build configuration list for PBXNativeTarget "ToDoList 12Tests" */;
			buildPhases = (
				C115D2B92E64D64D0042F1F9 /* Sources */,
				C115D2BA2E64D64D0042F1F9 /* Frameworks */,
				C115D2BB2E64D64D0042F1F9 /* Resources */,
			);
			buildRules = (
			);
			dependencies = (
				C115D2BF2E64D64D0042F1F9 /* PBXTargetDependency */,
			);
			fileSystemSynchronizedGroups = (
				C115D2C02E64D64D0042F1F9 /* ToDoList 12Tests */,
			);
			name = "ToDoList 12Tests";
			packageProductDependencies = (
			);
			productName = "ToDoList 12Tests";
			productReference = C115D2BD2E64D64D0042F1F9 /* ToDoList 12Tests.xctest */;
			productType = "com.apple.product-type.bundle.unit-test";
		};
		C115D2C62E64D64E0042F1F9 /* ToDoList 12UITests */ = {
			isa = PBXNativeTarget;
			buildConfigurationList = C115D2D82E64D64E0042F1F9 /* Build configuration list for PBXNativeTarget "ToDoList 12UITests" */;
			buildPhases = (
				C115D2C32E64D64E0042F1F9 /* Sources */,
				C115D2C42E64D64E0042F1F9 /* Frameworks */,
				C115D2C52E64D64E0042F1F9 /* Resources */,
			);
			buildRules = (
			);
			dependencies = (
				C115D2C92E64D64E0042F1F9 /* PBXTargetDependency */,
			);
			fileSystemSynchronizedGroups = (
				C115D2CA2E64D64E0042F1F9 /* ToDoList 12UITests */,
			);
			name = "ToDoList 12UITests";
			packageProductDependencies = (
			);
			productName = "ToDoList 12UITests";
			productReference = C115D2C72E64D64E0042F1F9 /* ToDoList 12UITests.xctest */;
			productType = "com.apple.product-type.bundle.ui-testing";
		};
/* End PBXNativeTarget section */

/* Begin PBXProject section */
		C115D29F2E64D64C0042F1F9 /* Project object */ = {
			isa = PBXProject;
			attributes = {
				BuildIndependentTargetsInParallel = 1;
				LastSwiftUpdateCheck = 1640;
				LastUpgradeCheck = 2620;
				TargetAttributes = {
					C115D2A62E64D64C0042F1F9 = {
						CreatedOnToolsVersion = 16.4;
					};
					C115D2BC2E64D64D0042F1F9 = {
						CreatedOnToolsVersion = 16.4;
						TestTargetID = C115D2A62E64D64C0042F1F9;
					};
					C115D2C62E64D64E0042F1F9 = {
						CreatedOnToolsVersion = 16.4;
						TestTargetID = C115D2A62E64D64C0042F1F9;
					};
				};
			};
			buildConfigurationList = C115D2A22E64D64C0042F1F9 /* Build configuration list for PBXProject "ToDoList 12" */;
			developmentRegion = en;
			hasScannedForEncodings = 0;
			knownRegions = (
				en,
				Base,
			);
			mainGroup = C115D29E2E64D64C0042F1F9;
			minimizedProjectReferenceProxies = 1;
			preferredProjectObjectVersion = 77;
			productRefGroup = C115D2A82E64D64C0042F1F9 /* Products */;
			projectDirPath = "";
			projectRoot = "";
			targets = (
				C115D2A62E64D64C0042F1F9 /* ToDoList 12 */,
				C115D2BC2E64D64D0042F1F9 /* ToDoList 12Tests */,
				C115D2C62E64D64E0042F1F9 /* ToDoList 12UITests */,
			);
		};
/* End PBXProject section */

/* Begin PBXResourcesBuildPhase section */
		C115D2A52E64D64C0042F1F9 /* Resources */ = {
			isa = PBXResourcesBuildPhase;
			buildActionMask = 2147483647;
			files = (
				C16F43F72F009BA0003585D6 /* Assistant-Bold.ttf in Resources */,
				C16F43F82F009BA0003585D6 /* Assistant-Medium.ttf in Resources */,
				C16F43F92F009BA0003585D6 /* Assistant-Regular.ttf in Resources */,
				C16F43FA2F009BA0003585D6 /* Assistant-SemiBold.ttf in Resources */,
				C16F43FB2F009BA0003585D6 /* Assets.xcassets in Resources */,
				C16F43FC2F009BA0003585D6 /* Colors.xcassets in Resources */,
				C16F43FE2F009BA0003585D6 /* LaunchScreen.storyboard in Resources */,
				C16F43FF2F009BA0003585D6 /* Main.storyboard in Resources */,
				C16F44002F009BA0003585D6 /* NewTaskModalView.xib in Resources */,
			);
			runOnlyForDeploymentPostprocessing = 0;
		};
		C115D2BB2E64D64D0042F1F9 /* Resources */ = {
			isa = PBXResourcesBuildPhase;
			buildActionMask = 2147483647;
			files = (
			);
			runOnlyForDeploymentPostprocessing = 0;
		};
		C115D2C52E64D64E0042F1F9 /* Resources */ = {
			isa = PBXResourcesBuildPhase;
			buildActionMask = 2147483647;
			files = (
			);
			runOnlyForDeploymentPostprocessing = 0;
		};
/* End PBXResourcesBuildPhase section */

/* Begin PBXSourcesBuildPhase section */
		C115D2A32E64D64C0042F1F9 /* Sources */ = {
			isa = PBXSourcesBuildPhase;
			buildActionMask = 2147483647;
			files = (
				C16F44012F009BA0003585D6 /* AppDelegate.swift in Sources */,
				C16F440B2F009D85003585D6 /* Extension+UIColor.swift in Sources */,
				C16F44022F009BA0003585D6 /* CategoryModel.swift in Sources */,
				C16F44032F009BA0003585D6 /* NewTaskModalView.swift in Sources */,
				C16F44042F009BA0003585D6 /* NewTaskViewController.swift in Sources */,
				C16F44052F009BA0003585D6 /* SceneDelegate.swift in Sources */,
				C16F44062F009BA0003585D6 /* TaskModel.swift in Sources */,
				C16F44072F009BA0003585D6 /* TaskTableViewCell.swift in Sources */,
				C16F44082F009BA0003585D6 /* Typography.swift in Sources */,
				C16F44092F009BA0003585D6 /* ViewController.swift in Sources */,
			);
			runOnlyForDeploymentPostprocessing = 0;
		};
		C115D2B92E64D64D0042F1F9 /* Sources */ = {
			isa = PBXSourcesBuildPhase;
			buildActionMask = 2147483647;
			files = (
			);
			runOnlyForDeploymentPostprocessing = 0;
		};
		C115D2C32E64D64E0042F1F9 /* Sources */ = {
			isa = PBXSourcesBuildPhase;
			buildActionMask = 2147483647;
			files = (
			);
			runOnlyForDeploymentPostprocessing = 0;
		};
/* End PBXSourcesBuildPhase section */

/* Begin PBXTargetDependency section */
		C115D2BF2E64D64D0042F1F9 /* PBXTargetDependency */ = {
			isa = PBXTargetDependency;
			target = C115D2A62E64D64C0042F1F9 /* ToDoList 12 */;
			targetProxy = C115D2BE2E64D64D0042F1F9 /* PBXContainerItemProxy */;
		};
		C115D2C92E64D64E0042F1F9 /* PBXTargetDependency */ = {
			isa = PBXTargetDependency;
			target = C115D2A62E64D64C0042F1F9 /* ToDoList 12 */;
			targetProxy = C115D2C82E64D64E0042F1F9 /* PBXContainerItemProxy */;
		};
/* End PBXTargetDependency section */

/* Begin PBXVariantGroup section */
		C16F43EB2F009BA0003585D6 /* LaunchScreen.storyboard */ = {
			isa = PBXVariantGroup;
			children = (
				C16F43EA2F009BA0003585D6 /* Base */,
			);
			name = LaunchScreen.storyboard;
			sourceTree = "<group>";
		};
		C16F43ED2F009BA0003585D6 /* Main.storyboard */ = {
			isa = PBXVariantGroup;
			children = (
				C16F43EC2F009BA0003585D6 /* Base */,
			);
			name = Main.storyboard;
			sourceTree = "<group>";
		};
/* End PBXVariantGroup section */

/* Begin XCBuildConfiguration section */
		C115D2D12E64D64E0042F1F9 /* Debug */ = {
			isa = XCBuildConfiguration;
			buildSettings = {
				ASSETCATALOG_COMPILER_APPICON_NAME = AppIcon;
				ASSETCATALOG_COMPILER_GLOBAL_ACCENT_COLOR_NAME = AccentColor;
				CODE_SIGN_STYLE = Automatic;
				CURRENT_PROJECT_VERSION = 1;
				DEVELOPMENT_TEAM = 9HTN837JV5;
				GENERATE_INFOPLIST_FILE = YES;
				INFOPLIST_FILE = "ToDoList 12/Info.plist";
				INFOPLIST_KEY_UIApplicationSupportsIndirectInputEvents = YES;
				INFOPLIST_KEY_UILaunchStoryboardName = LaunchScreen;
				INFOPLIST_KEY_UIMainStoryboardFile = Main;
				INFOPLIST_KEY_UISupportedInterfaceOrientations_iPad = "UIInterfaceOrientationPortrait UIInterfaceOrientationPortraitUpsideDown UIInterfaceOrientationLandscapeLeft UIInterfaceOrientationLandscapeRight";
				INFOPLIST_KEY_UISupportedInterfaceOrientations_iPhone = "UIInterfaceOrientationPortrait UIInterfaceOrientationLandscapeLeft UIInterfaceOrientationLandscapeRight";
				LD_RUNPATH_SEARCH_PATHS = (
					"$(inherited)",
					"@executable_path/Frameworks",
				);
				MARKETING_VERSION = 1.0;
				PRODUCT_BUNDLE_IDENTIFIER = "com.ToDoList-12";
				PRODUCT_NAME = "$(TARGET_NAME)";
				SWIFT_EMIT_LOC_STRINGS = YES;
				SWIFT_VERSION = 5.0;
				TARGETED_DEVICE_FAMILY = "1,2";
			};
			name = Debug;
		};
		C115D2D22E64D64E0042F1F9 /* Release */ = {
			isa = XCBuildConfiguration;
			buildSettings = {
				ASSETCATALOG_COMPILER_APPICON_NAME = AppIcon;
				ASSETCATALOG_COMPILER_GLOBAL_ACCENT_COLOR_NAME = AccentColor;
				CODE_SIGN_STYLE = Automatic;
				CURRENT_PROJECT_VERSION = 1;
				DEVELOPMENT_TEAM = 9HTN837JV5;
				GENERATE_INFOPLIST_FILE = YES;
				INFOPLIST_FILE = "ToDoList 12/Info.plist";
				INFOPLIST_KEY_UIApplicationSupportsIndirectInputEvents = YES;
				INFOPLIST_KEY_UILaunchStoryboardName = LaunchScreen;
				INFOPLIST_KEY_UIMainStoryboardFile = Main;
				INFOPLIST_KEY_UISupportedInterfaceOrientations_iPad = "UIInterfaceOrientationPortrait UIInterfaceOrientationPortraitUpsideDown UIInterfaceOrientationLandscapeLeft UIInterfaceOrientationLandscapeRight";
				INFOPLIST_KEY_UISupportedInterfaceOrientations_iPhone = "UIInterfaceOrientationPortrait UIInterfaceOrientationLandscapeLeft UIInterfaceOrientationLandscapeRight";
				LD_RUNPATH_SEARCH_PATHS = (
					"$(inherited)",
					"@executable_path/Frameworks",
				);
				MARKETING_VERSION = 1.0;
				PRODUCT_BUNDLE_IDENTIFIER = "com.ToDoList-12";
				PRODUCT_NAME = "$(TARGET_NAME)";
				SWIFT_EMIT_LOC_STRINGS = YES;
				SWIFT_VERSION = 5.0;
				TARGETED_DEVICE_FAMILY = "1,2";
			};
			name = Release;
		};
		C115D2D32E64D64E0042F1F9 /* Debug */ = {
			isa = XCBuildConfiguration;
			buildSettings = {
				ALWAYS_SEARCH_USER_PATHS = NO;
				ASSETCATALOG_COMPILER_GENERATE_SWIFT_ASSET_SYMBOL_EXTENSIONS = YES;
				CLANG_ANALYZER_NONNULL = YES;
				CLANG_ANALYZER_NUMBER_OBJECT_CONVERSION = YES_AGGRESSIVE;
				CLANG_CXX_LANGUAGE_STANDARD = "gnu++20";
				CLANG_ENABLE_MODULES = YES;
				CLANG_ENABLE_OBJC_ARC = YES;
				CLANG_ENABLE_OBJC_WEAK = YES;
				CLANG_WARN_BLOCK_CAPTURE_AUTORELEASING = YES;
				CLANG_WARN_BOOL_CONVERSION = YES;
				CLANG_WARN_COMMA = YES;
				CLANG_WARN_CONSTANT_CONVERSION = YES;
				CLANG_WARN_DEPRECATED_OBJC_IMPLEMENTATIONS = YES;
				CLANG_WARN_DIRECT_OBJC_ISA_USAGE = YES_ERROR;
				CLANG_WARN_DOCUMENTATION_COMMENTS = YES;
				CLANG_WARN_EMPTY_BODY = YES;
				CLANG_WARN_ENUM_CONVERSION = YES;
				CLANG_WARN_INFINITE_RECURSION = YES;
				CLANG_WARN_INT_CONVERSION = YES;
				CLANG_WARN_NON_LITERAL_NULL_CONVERSION = YES;
				CLANG_WARN_OBJC_IMPLICIT_RETAIN_SELF = YES;
				CLANG_WARN_OBJC_LITERAL_CONVERSION = YES;
				CLANG_WARN_OBJC_ROOT_CLASS = YES_ERROR;
				CLANG_WARN_QUOTED_INCLUDE_IN_FRAMEWORK_HEADER = YES;
				CLANG_WARN_RANGE_LOOP_ANALYSIS = YES;
				CLANG_WARN_STRICT_PROTOTYPES = YES;
				CLANG_WARN_SUSPICIOUS_MOVE = YES;
				CLANG_WARN_UNGUARDED_AVAILABILITY = YES_AGGRESSIVE;
				CLANG_WARN_UNREACHABLE_CODE = YES;
				CLANG_WARN__DUPLICATE_METHOD_MATCH = YES;
				COPY_PHASE_STRIP = NO;
				DEBUG_INFORMATION_FORMAT = dwarf;
				DEVELOPMENT_TEAM = 9HTN837JV5;
				ENABLE_STRICT_OBJC_MSGSEND = YES;
				ENABLE_TESTABILITY = YES;
				ENABLE_USER_SCRIPT_SANDBOXING = YES;
				GCC_C_LANGUAGE_STANDARD = gnu17;
				GCC_DYNAMIC_NO_PIC = NO;
				GCC_NO_COMMON_BLOCKS = YES;
				GCC_OPTIMIZATION_LEVEL = 0;
				GCC_PREPROCESSOR_DEFINITIONS = (
					"DEBUG=1",
					"$(inherited)",
				);
				GCC_WARN_64_TO_32_BIT_CONVERSION = YES;
				GCC_WARN_ABOUT_RETURN_TYPE = YES_ERROR;
				GCC_WARN_UNDECLARED_SELECTOR = YES;
				GCC_WARN_UNINITIALIZED_AUTOS = YES_AGGRESSIVE;
				GCC_WARN_UNUSED_FUNCTION = YES;
				GCC_WARN_UNUSED_VARIABLE = YES;
				IPHONEOS_DEPLOYMENT_TARGET = 18.5;
				LOCALIZATION_PREFERS_STRING_CATALOGS = YES;
				MTL_ENABLE_DEBUG_INFO = INCLUDE_SOURCE;
				MTL_FAST_MATH = YES;
				ONLY_ACTIVE_ARCH = YES;
				SDKROOT = iphoneos;
				STRING_CATALOG_GENERATE_SYMBOLS = YES;
				SWIFT_ACTIVE_COMPILATION_CONDITIONS = "DEBUG $(inherited)";
				SWIFT_OPTIMIZATION_LEVEL = "-Onone";
			};
			name = Debug;
		};
		C115D2D42E64D64E0042F1F9 /* Release */ = {
			isa = XCBuildConfiguration;
			buildSettings = {
				ALWAYS_SEARCH_USER_PATHS = NO;
				ASSETCATALOG_COMPILER_GENERATE_SWIFT_ASSET_SYMBOL_EXTENSIONS = YES;
				CLANG_ANALYZER_NONNULL = YES;
				CLANG_ANALYZER_NUMBER_OBJECT_CONVERSION = YES_AGGRESSIVE;
				CLANG_CXX_LANGUAGE_STANDARD = "gnu++20";
				CLANG_ENABLE_MODULES = YES;
				CLANG_ENABLE_OBJC_ARC = YES;
				CLANG_ENABLE_OBJC_WEAK = YES;
				CLANG_WARN_BLOCK_CAPTURE_AUTORELEASING = YES;
				CLANG_WARN_BOOL_CONVERSION = YES;
				CLANG_WARN_COMMA = YES;
				CLANG_WARN_CONSTANT_CONVERSION = YES;
				CLANG_WARN_DEPRECATED_OBJC_IMPLEMENTATIONS = YES;
				CLANG_WARN_DIRECT_OBJC_ISA_USAGE = YES_ERROR;
				CLANG_WARN_DOCUMENTATION_COMMENTS = YES;
				CLANG_WARN_EMPTY_BODY = YES;
				CLANG_WARN_ENUM_CONVERSION = YES;
				CLANG_WARN_INFINITE_RECURSION = YES;
				CLANG_WARN_INT_CONVERSION = YES;
				CLANG_WARN_NON_LITERAL_NULL_CONVERSION = YES;
				CLANG_WARN_OBJC_IMPLICIT_RETAIN_SELF = YES;
				CLANG_WARN_OBJC_LITERAL_CONVERSION = YES;
				CLANG_WARN_OBJC_ROOT_CLASS = YES_ERROR;
				CLANG_WARN_QUOTED_INCLUDE_IN_FRAMEWORK_HEADER = YES;
				CLANG_WARN_RANGE_LOOP_ANALYSIS = YES;
				CLANG_WARN_STRICT_PROTOTYPES = YES;
				CLANG_WARN_SUSPICIOUS_MOVE = YES;
				CLANG_WARN_UNGUARDED_AVAILABILITY = YES_AGGRESSIVE;
				CLANG_WARN_UNREACHABLE_CODE = YES;
				CLANG_WARN__DUPLICATE_METHOD_MATCH = YES;
				COPY_PHASE_STRIP = NO;
				DEBUG_INFORMATION_FORMAT = "dwarf-with-dsym";
				DEVELOPMENT_TEAM = 9HTN837JV5;
				ENABLE_NS_ASSERTIONS = NO;
				ENABLE_STRICT_OBJC_MSGSEND = YES;
				ENABLE_USER_SCRIPT_SANDBOXING = YES;
				GCC_C_LANGUAGE_STANDARD = gnu17;
				GCC_NO_COMMON_BLOCKS = YES;
				GCC_WARN_64_TO_32_BIT_CONVERSION = YES;
				GCC_WARN_ABOUT_RETURN_TYPE = YES_ERROR;
				GCC_WARN_UNDECLARED_SELECTOR = YES;
				GCC_WARN_UNINITIALIZED_AUTOS = YES_AGGRESSIVE;
				GCC_WARN_UNUSED_FUNCTION = YES;
				GCC_WARN_UNUSED_VARIABLE = YES;
				IPHONEOS_DEPLOYMENT_TARGET = 18.5;
				LOCALIZATION_PREFERS_STRING_CATALOGS = YES;
				MTL_ENABLE_DEBUG_INFO = NO;
				MTL_FAST_MATH = YES;
				SDKROOT = iphoneos;
				STRING_CATALOG_GENERATE_SYMBOLS = YES;
				SWIFT_COMPILATION_MODE = wholemodule;
				VALIDATE_PRODUCT = YES;
			};
			name = Release;
		};
		C115D2D62E64D64E0042F1F9 /* Debug */ = {
			isa = XCBuildConfiguration;
			buildSettings = {
				BUNDLE_LOADER = "$(TEST_HOST)";
				CODE_SIGN_STYLE = Automatic;
				CURRENT_PROJECT_VERSION = 1;
				DEVELOPMENT_TEAM = 9HTN837JV5;
				GENERATE_INFOPLIST_FILE = YES;
				IPHONEOS_DEPLOYMENT_TARGET = 18.5;
				MARKETING_VERSION = 1.0;
				PRODUCT_BUNDLE_IDENTIFIER = "com.ToDoList-12Tests";
				PRODUCT_NAME = "$(TARGET_NAME)";
				SWIFT_EMIT_LOC_STRINGS = NO;
				SWIFT_VERSION = 5.0;
				TARGETED_DEVICE_FAMILY = "1,2";
				TEST_HOST = "$(BUILT_PRODUCTS_DIR)/ToDoList 12.app/$(BUNDLE_EXECUTABLE_FOLDER_PATH)/ToDoList 12";
			};
			name = Debug;
		};
		C115D2D72E64D64E0042F1F9 /* Release */ = {
			isa = XCBuildConfiguration;
			buildSettings = {
				BUNDLE_LOADER = "$(TEST_HOST)";
				CODE_SIGN_STYLE = Automatic;
				CURRENT_PROJECT_VERSION = 1;
				DEVELOPMENT_TEAM = 9HTN837JV5;
				GENERATE_INFOPLIST_FILE = YES;
				IPHONEOS_DEPLOYMENT_TARGET = 18.5;
				MARKETING_VERSION = 1.0;
				PRODUCT_BUNDLE_IDENTIFIER = "com.ToDoList-12Tests";
				PRODUCT_NAME = "$(TARGET_NAME)";
				SWIFT_EMIT_LOC_STRINGS = NO;
				SWIFT_VERSION = 5.0;
				TARGETED_DEVICE_FAMILY = "1,2";
				TEST_HOST = "$(BUILT_PRODUCTS_DIR)/ToDoList 12.app/$(BUNDLE_EXECUTABLE_FOLDER_PATH)/ToDoList 12";
			};
			name = Release;
		};
		C115D2D92E64D64E0042F1F9 /* Debug */ = {
			isa = XCBuildConfiguration;
			buildSettings = {
				CODE_SIGN_STYLE = Automatic;
				CURRENT_PROJECT_VERSION = 1;
				DEVELOPMENT_TEAM = 9HTN837JV5;
				GENERATE_INFOPLIST_FILE = YES;
				MARKETING_VERSION = 1.0;
				PRODUCT_BUNDLE_IDENTIFIER = "com.ToDoList-12UITests";
				PRODUCT_NAME = "$(TARGET_NAME)";
				SWIFT_EMIT_LOC_STRINGS = NO;
				SWIFT_VERSION = 5.0;
				TARGETED_DEVICE_FAMILY = "1,2";
				TEST_TARGET_NAME = "ToDoList 12";
			};
			name = Debug;
		};
		C115D2DA2E64D64E0042F1F9 /* Release */ = {
			isa = XCBuildConfiguration;
			buildSettings = {
				CODE_SIGN_STYLE = Automatic;
				CURRENT_PROJECT_VERSION = 1;
				DEVELOPMENT_TEAM = 9HTN837JV5;
				GENERATE_INFOPLIST_FILE = YES;
				MARKETING_VERSION = 1.0;
				PRODUCT_BUNDLE_IDENTIFIER = "com.ToDoList-12UITests";
				PRODUCT_NAME = "$(TARGET_NAME)";
				SWIFT_EMIT_LOC_STRINGS = NO;
				SWIFT_VERSION = 5.0;
				TARGETED_DEVICE_FAMILY = "1,2";
				TEST_TARGET_NAME = "ToDoList 12";
			};
			name = Release;
		};
/* End XCBuildConfiguration section */

/* Begin XCConfigurationList section */
		C115D2A22E64D64C0042F1F9 /* Build configuration list for PBXProject "ToDoList 12" */ = {
			isa = XCConfigurationList;
			buildConfigurations = (
				C115D2D32E64D64E0042F1F9 /* Debug */,
				C115D2D42E64D64E0042F1F9 /* Release */,
			);
			defaultConfigurationIsVisible = 0;
			defaultConfigurationName = Release;
		};
		C115D2D02E64D64E0042F1F9 /* Build configuration list for PBXNativeTarget "ToDoList 12" */ = {
			isa = XCConfigurationList;
			buildConfigurations = (
				C115D2D12E64D64E0042F1F9 /* Debug */,
				C115D2D22E64D64E0042F1F9 /* Release */,
			);
			defaultConfigurationIsVisible = 0;
			defaultConfigurationName = Release;
		};
		C115D2D52E64D64E0042F1F9 /* Build configuration list for PBXNativeTarget "ToDoList 12Tests" */ = {
			isa = XCConfigurationList;
			buildConfigurations = (
				C115D2D62E64D64E0042F1F9 /* Debug */,
				C115D2D72E64D64E0042F1F9 /* Release */,
			);
			defaultConfigurationIsVisible = 0;
			defaultConfigurationName = Release;
		};
		C115D2D82E64D64E0042F1F9 /* Build configuration list for PBXNativeTarget "ToDoList 12UITests" */ = {
			isa = XCConfigurationList;
			buildConfigurations = (
				C115D2D92E64D64E0042F1F9 /* Debug */,
				C115D2DA2E64D64E0042F1F9 /* Release */,
			);
			defaultConfigurationIsVisible = 0;
			defaultConfigurationName = Release;
		};
/* End XCConfigurationList section */
	};
	rootObject = C115D29F2E64D64C0042F1F9 /* Project object */;
}
