// !$*UTF8*$!
{
	archiveVersion = 1;
	classes = {
	};
	objectVersion = 77;
	objects = {

/* Begin PBXContainerItemProxy section */
		C129D0232E5DE92900F8A803 /* PBXContainerItemProxy */ = {
			isa = PBXContainerItemProxy;
			containerPortal = C129D0042E5DE92700F8A803 /* Project object */;
			proxyType = 1;
			remoteGlobalIDString = C129D00B2E5DE92700F8A803;
			remoteInfo = "ScrollView 8";
		};
		C129D02D2E5DE92900F8A803 /* PBXContainerItemProxy */ = {
			isa = PBXContainerItemProxy;
			containerPortal = C129D0042E5DE92700F8A803 /* Project object */;
			proxyType = 1;
			remoteGlobalIDString = C129D00B2E5DE92700F8A803;
			remoteInfo = "ScrollView 8";
		};
/* End PBXContainerItemProxy section */

/* Begin PBXFileReference section */
		C129D00C2E5DE92700F8A803 /* ScrollView 8.app */ = {isa = PBXFileReference; explicitFileType = wrapper.application; includeInIndex = 0; path = "ScrollView 8.app"; sourceTree = BUILT_PRODUCTS_DIR; };
		C129D0222E5DE92900F8A803 /* ScrollView 8Tests.xctest */ = {isa = PBXFileReference; explicitFileType = wrapper.cfbundle; includeInIndex = 0; path = "ScrollView 8Tests.xctest"; sourceTree = BUILT_PRODUCTS_DIR; };
		C129D02C2E5DE92900F8A803 /* ScrollView 8UITests.xctest */ = {isa = PBXFileReference; explicitFileType = wrapper.cfbundle; includeInIndex = 0; path = "ScrollView 8UITests.xctest"; sourceTree = BUILT_PRODUCTS_DIR; };
/* End PBXFileReference section */

/* Begin PBXFileSystemSynchronizedBuildFileExceptionSet section */
		C129D0342E5DE92900F8A803 /* Exceptions for "ScrollView 8" folder in "ScrollView 8" target */ = {
			isa = PBXFileSystemSynchronizedBuildFileExceptionSet;
			membershipExceptions = (
				Info.plist,
			);
			target = C129D00B2E5DE92700F8A803 /* ScrollView 8 */;
		};
/* End PBXFileSystemSynchronizedBuildFileExceptionSet section */

/* Begin PBXFileSystemSynchronizedRootGroup section */
		C129D00E2E5DE92700F8A803 /* ScrollView 8 */ = {
			isa = PBXFileSystemSynchronizedRootGroup;
			exceptions = (
				C129D0342E5DE92900F8A803 /* Exceptions for "ScrollView 8" folder in "ScrollView 8" target */,
			);
			path = "ScrollView 8";
			sourceTree = "<group>";
		};
		C129D0252E5DE92900F8A803 /* ScrollView 8Tests */ = {
			isa = PBXFileSystemSynchronizedRootGroup;
			path = "ScrollView 8Tests";
			sourceTree = "<group>";
		};
		C129D02F2E5DE92900F8A803 /* ScrollView 8UITests */ = {
			isa = PBXFileSystemSynchronizedRootGroup;
			path = "ScrollView 8UITests";
			sourceTree = "<group>";
		};
/* End PBXFileSystemSynchronizedRootGroup section */

/* Begin PBXFrameworksBuildPhase section */
		C129D0092E5DE92700F8A803 /* Frameworks */ = {
			isa = PBXFrameworksBuildPhase;
			buildActionMask = 2147483647;
			files = (
			);
			runOnlyForDeploymentPostprocessing = 0;
		};
		C129D01F2E5DE92900F8A803 /* Frameworks */ = {
			isa = PBXFrameworksBuildPhase;
			buildActionMask = 2147483647;
			files = (
			);
			runOnlyForDeploymentPostprocessing = 0;
		};
		C129D0292E5DE92900F8A803 /* Frameworks */ = {
			isa = PBXFrameworksBuildPhase;
			buildActionMask = 2147483647;
			files = (
			);
			runOnlyForDeploymentPostprocessing = 0;
		};
/* End PBXFrameworksBuildPhase section */

/* Begin PBXGroup section */
		C129D0032E5DE92700F8A803 = {
			isa = PBXGroup;
			children = (
				C129D00E2E5DE92700F8A803 /* ScrollView 8 */,
				C129D0252E5DE92900F8A803 /* ScrollView 8Tests */,
				C129D02F2E5DE92900F8A803 /* ScrollView 8UITests */,
				C129D00D2E5DE92700F8A803 /* Products */,
			);
			sourceTree = "<group>";
		};
		C129D00D2E5DE92700F8A803 /* Products */ = {
			isa = PBXGroup;
			children = (
				C129D00C2E5DE92700F8A803 /* ScrollView 8.app */,
				C129D0222E5DE92900F8A803 /* ScrollView 8Tests.xctest */,
				C129D02C2E5DE92900F8A803 /* ScrollView 8UITests.xctest */,
			);
			name = Products;
			sourceTree = "<group>";
		};
/* End PBXGroup section */

/* Begin PBXNativeTarget section */
		C129D00B2E5DE92700F8A803 /* ScrollView 8 */ = {
			isa = PBXNativeTarget;
			buildConfigurationList = C129D0352E5DE92900F8A803 /* Build configuration list for PBXNativeTarget "ScrollView 8" */;
			buildPhases = (
				C129D0082E5DE92700F8A803 /* Sources */,
				C129D0092E5DE92700F8A803 /* Frameworks */,
				C129D00A2E5DE92700F8A803 /* Resources */,
			);
			buildRules = (
			);
			dependencies = (
			);
			fileSystemSynchronizedGroups = (
				C129D00E2E5DE92700F8A803 /* ScrollView 8 */,
			);
			name = "ScrollView 8";
			packageProductDependencies = (
			);
			productName = "ScrollView 8";
			productReference = C129D00C2E5DE92700F8A803 /* ScrollView 8.app */;
			productType = "com.apple.product-type.application";
		};
		C129D0212E5DE92900F8A803 /* ScrollView 8Tests */ = {
			isa = PBXNativeTarget;
			buildConfigurationList = C129D03A2E5DE92900F8A803 /* Build configuration list for PBXNativeTarget "ScrollView 8Tests" */;
			buildPhases = (
				C129D01E2E5DE92900F8A803 /* Sources */,
				C129D01F2E5DE92900F8A803 /* Frameworks */,
				C129D0202E5DE92900F8A803 /* Resources */,
			);
			buildRules = (
			);
			dependencies = (
				C129D0242E5DE92900F8A803 /* PBXTargetDependency */,
			);
			fileSystemSynchronizedGroups = (
				C129D0252E5DE92900F8A803 /* ScrollView 8Tests */,
			);
			name = "ScrollView 8Tests";
			packageProductDependencies = (
			);
			productName = "ScrollView 8Tests";
			productReference = C129D0222E5DE92900F8A803 /* ScrollView 8Tests.xctest */;
			productType = "com.apple.product-type.bundle.unit-test";
		};
		C129D02B2E5DE92900F8A803 /* ScrollView 8UITests */ = {
			isa = PBXNativeTarget;
			buildConfigurationList = C129D03D2E5DE92900F8A803 /* Build configuration list for PBXNativeTarget "ScrollView 8UITests" */;
			buildPhases = (
				C129D0282E5DE92900F8A803 /* Sources */,
				C129D0292E5DE92900F8A803 /* Frameworks */,
				C129D02A2E5DE92900F8A803 /* Resources */,
			);
			buildRules = (
			);
			dependencies = (
				C129D02E2E5DE92900F8A803 /* PBXTargetDependency */,
			);
			fileSystemSynchronizedGroups = (
				C129D02F2E5DE92900F8A803 /* ScrollView 8UITests */,
			);
			name = "ScrollView 8UITests";
			packageProductDependencies = (
			);
			productName = "ScrollView 8UITests";
			productReference = C129D02C2E5DE92900F8A803 /* ScrollView 8UITests.xctest */;
			productType = "com.apple.product-type.bundle.ui-testing";
		};
/* End PBXNativeTarget section */

/* Begin PBXProject section */
		C129D0042E5DE92700F8A803 /* Project object */ = {
			isa = PBXProject;
			attributes = {
				BuildIndependentTargetsInParallel = 1;
				LastSwiftUpdateCheck = 1640;
				LastUpgradeCheck = 1640;
				TargetAttributes = {
					C129D00B2E5DE92700F8A803 = {
						CreatedOnToolsVersion = 16.4;
					};
					C129D0212E5DE92900F8A803 = {
						CreatedOnToolsVersion = 16.4;
						TestTargetID = C129D00B2E5DE92700F8A803;
					};
					C129D02B2E5DE92900F8A803 = {
						CreatedOnToolsVersion = 16.4;
						TestTargetID = C129D00B2E5DE92700F8A803;
					};
				};
			};
			buildConfigurationList = C129D0072E5DE92700F8A803 /* Build configuration list for PBXProject "ScrollView 8" */;
			developmentRegion = en;
			hasScannedForEncodings = 0;
			knownRegions = (
				en,
				Base,
			);
			mainGroup = C129D0032E5DE92700F8A803;
			minimizedProjectReferenceProxies = 1;
			preferredProjectObjectVersion = 77;
			productRefGroup = C129D00D2E5DE92700F8A803 /* Products */;
			projectDirPath = "";
			projectRoot = "";
			targets = (
				C129D00B2E5DE92700F8A803 /* ScrollView 8 */,
				C129D0212E5DE92900F8A803 /* ScrollView 8Tests */,
				C129D02B2E5DE92900F8A803 /* ScrollView 8UITests */,
			);
		};
/* End PBXProject section */

/* Begin PBXResourcesBuildPhase section */
		C129D00A2E5DE92700F8A803 /* Resources */ = {
			isa = PBXResourcesBuildPhase;
			buildActionMask = 2147483647;
			files = (
			);
			runOnlyForDeploymentPostprocessing = 0;
		};
		C129D0202E5DE92900F8A803 /* Resources */ = {
			isa = PBXResourcesBuildPhase;
			buildActionMask = 2147483647;
			files = (
			);
			runOnlyForDeploymentPostprocessing = 0;
		};
		C129D02A2E5DE92900F8A803 /* Resources */ = {
			isa = PBXResourcesBuildPhase;
			buildActionMask = 2147483647;
			files = (
			);
			runOnlyForDeploymentPostprocessing = 0;
		};
/* End PBXResourcesBuildPhase section */

/* Begin PBXSourcesBuildPhase section */
		C129D0082E5DE92700F8A803 /* Sources */ = {
			isa = PBXSourcesBuildPhase;
			buildActionMask = 2147483647;
			files = (
			);
			runOnlyForDeploymentPostprocessing = 0;
		};
		C129D01E2E5DE92900F8A803 /* Sources */ = {
			isa = PBXSourcesBuildPhase;
			buildActionMask = 2147483647;
			files = (
			);
			runOnlyForDeploymentPostprocessing = 0;
		};
		C129D0282E5DE92900F8A803 /* Sources */ = {
			isa = PBXSourcesBuildPhase;
			buildActionMask = 2147483647;
			files = (
			);
			runOnlyForDeploymentPostprocessing = 0;
		};
/* End PBXSourcesBuildPhase section */

/* Begin PBXTargetDependency section */
		C129D0242E5DE92900F8A803 /* PBXTargetDependency */ = {
			isa = PBXTargetDependency;
			target = C129D00B2E5DE92700F8A803 /* ScrollView 8 */;
			targetProxy = C129D0232E5DE92900F8A803 /* PBXContainerItemProxy */;
		};
		C129D02E2E5DE92900F8A803 /* PBXTargetDependency */ = {
			isa = PBXTargetDependency;
			target = C129D00B2E5DE92700F8A803 /* ScrollView 8 */;
			targetProxy = C129D02D2E5DE92900F8A803 /* PBXContainerItemProxy */;
		};
/* End PBXTargetDependency section */

/* Begin XCBuildConfiguration section */
		C129D0362E5DE92900F8A803 /* Debug */ = {
			isa = XCBuildConfiguration;
			buildSettings = {
				ASSETCATALOG_COMPILER_APPICON_NAME = AppIcon;
				ASSETCATALOG_COMPILER_GLOBAL_ACCENT_COLOR_NAME = AccentColor;
				CODE_SIGN_STYLE = Automatic;
				CURRENT_PROJECT_VERSION = 1;
				DEVELOPMENT_TEAM = 232C7N3DDY;
				GENERATE_INFOPLIST_FILE = YES;
				INFOPLIST_FILE = "ScrollView 8/Info.plist";
				INFOPLIST_KEY_UIApplicationSupportsIndirectInputEvents = YES;
				INFOPLIST_KEY_UILaunchStoryboardName = LaunchScreen;
				INFOPLIST_KEY_UIMainStoryboardFile = Main;
				INFOPLIST_KEY_UISupportedInterfaceOrientations_iPad = "UIInterfaceOrientationPortrait UIInterfaceOrientationPortraitUpsideDown UIInterfaceOrientationLandscapeLeft UIInterfaceOrientationLandscapeRight";
				INFOPLIST_KEY_UISupportedInterfaceOrientations_iPhone = "UIInterfaceOrientationPortrait UIInterfaceOrientationLandscapeLeft UIInterfaceOrientationLandscapeRight";
				IPHONEOS_DEPLOYMENT_TARGET = 15;
				LD_RUNPATH_SEARCH_PATHS = (
					"$(inherited)",
					"@executable_path/Frameworks",
				);
				MARKETING_VERSION = 1.0;
				PRODUCT_BUNDLE_IDENTIFIER = "com.ScrollView-8";
				PRODUCT_NAME = "$(TARGET_NAME)";
				SWIFT_EMIT_LOC_STRINGS = YES;
				SWIFT_VERSION = 5.0;
				TARGETED_DEVICE_FAMILY = "1,2";
			};
			name = Debug;
		};
		C129D0372E5DE92900F8A803 /* Release */ = {
			isa = XCBuildConfiguration;
			buildSettings = {
				ASSETCATALOG_COMPILER_APPICON_NAME = AppIcon;
				ASSETCATALOG_COMPILER_GLOBAL_ACCENT_COLOR_NAME = AccentColor;
				CODE_SIGN_STYLE = Automatic;
				CURRENT_PROJECT_VERSION = 1;
				DEVELOPMENT_TEAM = 232C7N3DDY;
				GENERATE_INFOPLIST_FILE = YES;
				INFOPLIST_FILE = "ScrollView 8/Info.plist";
				INFOPLIST_KEY_UIApplicationSupportsIndirectInputEvents = YES;
				INFOPLIST_KEY_UILaunchStoryboardName = LaunchScreen;
				INFOPLIST_KEY_UIMainStoryboardFile = Main;
				INFOPLIST_KEY_UISupportedInterfaceOrientations_iPad = "UIInterfaceOrientationPortrait UIInterfaceOrientationPortraitUpsideDown UIInterfaceOrientationLandscapeLeft UIInterfaceOrientationLandscapeRight";
				INFOPLIST_KEY_UISupportedInterfaceOrientations_iPhone = "UIInterfaceOrientationPortrait UIInterfaceOrientationLandscapeLeft UIInterfaceOrientationLandscapeRight";
				IPHONEOS_DEPLOYMENT_TARGET = 15;
				LD_RUNPATH_SEARCH_PATHS = (
					"$(inherited)",
					"@executable_path/Frameworks",
				);
				MARKETING_VERSION = 1.0;
				PRODUCT_BUNDLE_IDENTIFIER = "com.ScrollView-8";
				PRODUCT_NAME = "$(TARGET_NAME)";
				SWIFT_EMIT_LOC_STRINGS = YES;
				SWIFT_VERSION = 5.0;
				TARGETED_DEVICE_FAMILY = "1,2";
			};
			name = Release;
		};
		C129D0382E5DE92900F8A803 /* Debug */ = {
			isa = XCBuildConfiguration;
			buildSettings = {
				ALWAYS_SEARCH_USER_PATHS = NO;
				ASSETCATALOG_COMPILER_GENERATE_SWIFT_ASSET_SYMBOL_EXTENSIONS = YES;
				CLANG_ANALYZER_NONNULL = YES;
				CLANG_ANALYZER_NUMBER_OBJECT_CONVERSION = YES_AGGRESSIVE;
				CLANG_CXX_LANGUAGE_STANDARD = "gnu++20";
				CLANG_ENABLE_MODULES = YES;
				CLANG_ENABLE_OBJC_ARC = YES;
				CLANG_ENABLE_OBJC_WEAK = YES;
				CLANG_WARN_BLOCK_CAPTURE_AUTORELEASING = YES;
				CLANG_WARN_BOOL_CONVERSION = YES;
				CLANG_WARN_COMMA = YES;
				CLANG_WARN_CONSTANT_CONVERSION = YES;
				CLANG_WARN_DEPRECATED_OBJC_IMPLEMENTATIONS = YES;
				CLANG_WARN_DIRECT_OBJC_ISA_USAGE = YES_ERROR;
				CLANG_WARN_DOCUMENTATION_COMMENTS = YES;
				CLANG_WARN_EMPTY_BODY = YES;
				CLANG_WARN_ENUM_CONVERSION = YES;
				CLANG_WARN_INFINITE_RECURSION = YES;
				CLANG_WARN_INT_CONVERSION = YES;
				CLANG_WARN_NON_LITERAL_NULL_CONVERSION = YES;
				CLANG_WARN_OBJC_IMPLICIT_RETAIN_SELF = YES;
				CLANG_WARN_OBJC_LITERAL_CONVERSION = YES;
				CLANG_WARN_OBJC_ROOT_CLASS = YES_ERROR;
				CLANG_WARN_QUOTED_INCLUDE_IN_FRAMEWORK_HEADER = YES;
				CLANG_WARN_RANGE_LOOP_ANALYSIS = YES;
				CLANG_WARN_STRICT_PROTOTYPES = YES;
				CLANG_WARN_SUSPICIOUS_MOVE = YES;
				CLANG_WARN_UNGUARDED_AVAILABILITY = YES_AGGRESSIVE;
				CLANG_WARN_UNREACHABLE_CODE = YES;
				CLANG_WARN__DUPLICATE_METHOD_MATCH = YES;
				COPY_PHASE_STRIP = NO;
				DEBUG_INFORMATION_FORMAT = dwarf;
				DEVELOPMENT_TEAM = 9HTN837JV5;
				ENABLE_STRICT_OBJC_MSGSEND = YES;
				ENABLE_TESTABILITY = YES;
				ENABLE_USER_SCRIPT_SANDBOXING = YES;
				GCC_C_LANGUAGE_STANDARD = gnu17;
				GCC_DYNAMIC_NO_PIC = NO;
				GCC_NO_COMMON_BLOCKS = YES;
				GCC_OPTIMIZATION_LEVEL = 0;
				GCC_PREPROCESSOR_DEFINITIONS = (
					"DEBUG=1",
					"$(inherited)",
				);
				GCC_WARN_64_TO_32_BIT_CONVERSION = YES;
				GCC_WARN_ABOUT_RETURN_TYPE = YES_ERROR;
				GCC_WARN_UNDECLARED_SELECTOR = YES;
				GCC_WARN_UNINITIALIZED_AUTOS = YES_AGGRESSIVE;
				GCC_WARN_UNUSED_FUNCTION = YES;
				GCC_WARN_UNUSED_VARIABLE = YES;
				IPHONEOS_DEPLOYMENT_TARGET = 18.5;
				LOCALIZATION_PREFERS_STRING_CATALOGS = YES;
				MTL_ENABLE_DEBUG_INFO = INCLUDE_SOURCE;
				MTL_FAST_MATH = YES;
				ONLY_ACTIVE_ARCH = YES;
				SDKROOT = iphoneos;
				SWIFT_ACTIVE_COMPILATION_CONDITIONS = "DEBUG $(inherited)";
				SWIFT_OPTIMIZATION_LEVEL = "-Onone";
			};
			name = Debug;
		};
		C129D0392E5DE92900F8A803 /* Release */ = {
			isa = XCBuildConfiguration;
			buildSettings = {
				ALWAYS_SEARCH_USER_PATHS = NO;
				ASSETCATALOG_COMPILER_GENERATE_SWIFT_ASSET_SYMBOL_EXTENSIONS = YES;
				CLANG_ANALYZER_NONNULL = YES;
				CLANG_ANALYZER_NUMBER_OBJECT_CONVERSION = YES_AGGRESSIVE;
				CLANG_CXX_LANGUAGE_STANDARD = "gnu++20";
				CLANG_ENABLE_MODULES = YES;
				CLANG_ENABLE_OBJC_ARC = YES;
				CLANG_ENABLE_OBJC_WEAK = YES;
				CLANG_WARN_BLOCK_CAPTURE_AUTORELEASING = YES;
				CLANG_WARN_BOOL_CONVERSION = YES;
				CLANG_WARN_COMMA = YES;
				CLANG_WARN_CONSTANT_CONVERSION = YES;
				CLANG_WARN_DEPRECATED_OBJC_IMPLEMENTATIONS = YES;
				CLANG_WARN_DIRECT_OBJC_ISA_USAGE = YES_ERROR;
				CLANG_WARN_DOCUMENTATION_COMMENTS = YES;
				CLANG_WARN_EMPTY_BODY = YES;
				CLANG_WARN_ENUM_CONVERSION = YES;
				CLANG_WARN_INFINITE_RECURSION = YES;
				CLANG_WARN_INT_CONVERSION = YES;
				CLANG_WARN_NON_LITERAL_NULL_CONVERSION = YES;
				CLANG_WARN_OBJC_IMPLICIT_RETAIN_SELF = YES;
				CLANG_WARN_OBJC_LITERAL_CONVERSION = YES;
				CLANG_WARN_OBJC_ROOT_CLASS = YES_ERROR;
				CLANG_WARN_QUOTED_INCLUDE_IN_FRAMEWORK_HEADER = YES;
				CLANG_WARN_RANGE_LOOP_ANALYSIS = YES;
				CLANG_WARN_STRICT_PROTOTYPES = YES;
				CLANG_WARN_SUSPICIOUS_MOVE = YES;
				CLANG_WARN_UNGUARDED_AVAILABILITY = YES_AGGRESSIVE;
				CLANG_WARN_UNREACHABLE_CODE = YES;
				CLANG_WARN__DUPLICATE_METHOD_MATCH = YES;
				COPY_PHASE_STRIP = NO;
				DEBUG_INFORMATION_FORMAT = "dwarf-with-dsym";
				DEVELOPMENT_TEAM = 9HTN837JV5;
				ENABLE_NS_ASSERTIONS = NO;
				ENABLE_STRICT_OBJC_MSGSEND = YES;
				ENABLE_USER_SCRIPT_SANDBOXING = YES;
				GCC_C_LANGUAGE_STANDARD = gnu17;
				GCC_NO_COMMON_BLOCKS = YES;
				GCC_WARN_64_TO_32_BIT_CONVERSION = YES;
				GCC_WARN_ABOUT_RETURN_TYPE = YES_ERROR;
				GCC_WARN_UNDECLARED_SELECTOR = YES;
				GCC_WARN_UNINITIALIZED_AUTOS = YES_AGGRESSIVE;
				GCC_WARN_UNUSED_FUNCTION = YES;
				GCC_WARN_UNUSED_VARIABLE = YES;
				IPHONEOS_DEPLOYMENT_TARGET = 18.5;
				LOCALIZATION_PREFERS_STRING_CATALOGS = YES;
				MTL_ENABLE_DEBUG_INFO = NO;
				MTL_FAST_MATH = YES;
				SDKROOT = iphoneos;
				SWIFT_COMPILATION_MODE = wholemodule;
				VALIDATE_PRODUCT = YES;
			};
			name = Release;
		};
		C129D03B2E5DE92900F8A803 /* Debug */ = {
			isa = XCBuildConfiguration;
			buildSettings = {
				BUNDLE_LOADER = "$(TEST_HOST)";
				CODE_SIGN_STYLE = Automatic;
				CURRENT_PROJECT_VERSION = 1;
				DEVELOPMENT_TEAM = 9HTN837JV5;
				GENERATE_INFOPLIST_FILE = YES;
				IPHONEOS_DEPLOYMENT_TARGET = 18.5;
				MARKETING_VERSION = 1.0;
				PRODUCT_BUNDLE_IDENTIFIER = "com.ScrollView-8Tests";
				PRODUCT_NAME = "$(TARGET_NAME)";
				SWIFT_EMIT_LOC_STRINGS = NO;
				SWIFT_VERSION = 5.0;
				TARGETED_DEVICE_FAMILY = "1,2";
				TEST_HOST = "$(BUILT_PRODUCTS_DIR)/ScrollView 8.app/$(BUNDLE_EXECUTABLE_FOLDER_PATH)/ScrollView 8";
			};
			name = Debug;
		};
		C129D03C2E5DE92900F8A803 /* Release */ = {
			isa = XCBuildConfiguration;
			buildSettings = {
				BUNDLE_LOADER = "$(TEST_HOST)";
				CODE_SIGN_STYLE = Automatic;
				CURRENT_PROJECT_VERSION = 1;
				DEVELOPMENT_TEAM = 9HTN837JV5;
				GENERATE_INFOPLIST_FILE = YES;
				IPHONEOS_DEPLOYMENT_TARGET = 18.5;
				MARKETING_VERSION = 1.0;
				PRODUCT_BUNDLE_IDENTIFIER = "com.ScrollView-8Tests";
				PRODUCT_NAME = "$(TARGET_NAME)";
				SWIFT_EMIT_LOC_STRINGS = NO;
				SWIFT_VERSION = 5.0;
				TARGETED_DEVICE_FAMILY = "1,2";
				TEST_HOST = "$(BUILT_PRODUCTS_DIR)/ScrollView 8.app/$(BUNDLE_EXECUTABLE_FOLDER_PATH)/ScrollView 8";
			};
			name = Release;
		};
		C129D03E2E5DE92900F8A803 /* Debug */ = {
			isa = XCBuildConfiguration;
			buildSettings = {
				CODE_SIGN_STYLE = Automatic;
				CURRENT_PROJECT_VERSION = 1;
				DEVELOPMENT_TEAM = 9HTN837JV5;
				GENERATE_INFOPLIST_FILE = YES;
				MARKETING_VERSION = 1.0;
				PRODUCT_BUNDLE_IDENTIFIER = "com.ScrollView-8UITests";
				PRODUCT_NAME = "$(TARGET_NAME)";
				SWIFT_EMIT_LOC_STRINGS = NO;
				SWIFT_VERSION = 5.0;
				TARGETED_DEVICE_FAMILY = "1,2";
				TEST_TARGET_NAME = "ScrollView 8";
			};
			name = Debug;
		};
		C129D03F2E5DE92900F8A803 /* Release */ = {
			isa = XCBuildConfiguration;
			buildSettings = {
				CODE_SIGN_STYLE = Automatic;
				CURRENT_PROJECT_VERSION = 1;
				DEVELOPMENT_TEAM = 9HTN837JV5;
				GENERATE_INFOPLIST_FILE = YES;
				MARKETING_VERSION = 1.0;
				PRODUCT_BUNDLE_IDENTIFIER = "com.ScrollView-8UITests";
				PRODUCT_NAME = "$(TARGET_NAME)";
				SWIFT_EMIT_LOC_STRINGS = NO;
				SWIFT_VERSION = 5.0;
				TARGETED_DEVICE_FAMILY = "1,2";
				TEST_TARGET_NAME = "ScrollView 8";
			};
			name = Release;
		};
/* End XCBuildConfiguration section */

/* Begin XCConfigurationList section */
		C129D0072E5DE92700F8A803 /* Build configuration list for PBXProject "ScrollView 8" */ = {
			isa = XCConfigurationList;
			buildConfigurations = (
				C129D0382E5DE92900F8A803 /* Debug */,
				C129D0392E5DE92900F8A803 /* Release */,
			);
			defaultConfigurationIsVisible = 0;
			defaultConfigurationName = Release;
		};
		C129D0352E5DE92900F8A803 /* Build configuration list for PBXNativeTarget "ScrollView 8" */ = {
			isa = XCConfigurationList;
			buildConfigurations = (
				C129D0362E5DE92900F8A803 /* Debug */,
				C129D0372E5DE92900F8A803 /* Release */,
			);
			defaultConfigurationIsVisible = 0;
			defaultConfigurationName = Release;
		};
		C129D03A2E5DE92900F8A803 /* Build configuration list for PBXNativeTarget "ScrollView 8Tests" */ = {
			isa = XCConfigurationList;
			buildConfigurations = (
				C129D03B2E5DE92900F8A803 /* Debug */,
				C129D03C2E5DE92900F8A803 /* Release */,
			);
			defaultConfigurationIsVisible = 0;
			defaultConfigurationName = Release;
		};
		C129D03D2E5DE92900F8A803 /* Build configuration list for PBXNativeTarget "ScrollView 8UITests" */ = {
			isa = XCConfigurationList;
			buildConfigurations = (
				C129D03E2E5DE92900F8A803 /* Debug */,
				C129D03F2E5DE92900F8A803 /* Release */,
			);
			defaultConfigurationIsVisible = 0;
			defaultConfigurationName = Release;
		};
/* End XCConfigurationList section */
	};
	rootObject = C129D0042E5DE92700F8A803 /* Project object */;
}
