// !$*UTF8*$!
{
	archiveVersion = 1;
	classes = {
	};
	objectVersion = 77;
	objects = {

/* Begin PBXContainerItemProxy section */
		C191BE112E63BCDE00AB2ED7 /* PBXContainerItemProxy */ = {
			isa = PBXContainerItemProxy;
			containerPortal = C191BDF22E63BCDD00AB2ED7 /* Project object */;
			proxyType = 1;
			remoteGlobalIDString = C191BDF92E63BCDD00AB2ED7;
			remoteInfo = "TableView 10";
		};
		C191BE1B2E63BCDE00AB2ED7 /* PBXContainerItemProxy */ = {
			isa = PBXContainerItemProxy;
			containerPortal = C191BDF22E63BCDD00AB2ED7 /* Project object */;
			proxyType = 1;
			remoteGlobalIDString = C191BDF92E63BCDD00AB2ED7;
			remoteInfo = "TableView 10";
		};
/* End PBXContainerItemProxy section */

/* Begin PBXFileReference section */
		C191BDFA2E63BCDD00AB2ED7 /* TableView 10.app */ = {isa = PBXFileReference; explicitFileType = wrapper.application; includeInIndex = 0; path = "TableView 10.app"; sourceTree = BUILT_PRODUCTS_DIR; };
		C191BE102E63BCDE00AB2ED7 /* TableView 10Tests.xctest */ = {isa = PBXFileReference; explicitFileType = wrapper.cfbundle; includeInIndex = 0; path = "TableView 10Tests.xctest"; sourceTree = BUILT_PRODUCTS_DIR; };
		C191BE1A2E63BCDE00AB2ED7 /* TableView 10UITests.xctest */ = {isa = PBXFileReference; explicitFileType = wrapper.cfbundle; includeInIndex = 0; path = "TableView 10UITests.xctest"; sourceTree = BUILT_PRODUCTS_DIR; };
/* End PBXFileReference section */

/* Begin PBXFileSystemSynchronizedBuildFileExceptionSet section */
		C191BE222E63BCDE00AB2ED7 /* Exceptions for "TableView 10" folder in "TableView 10" target */ = {
			isa = PBXFileSystemSynchronizedBuildFileExceptionSet;
			membershipExceptions = (
				Info.plist,
			);
			target = C191BDF92E63BCDD00AB2ED7 /* TableView 10 */;
		};
/* End PBXFileSystemSynchronizedBuildFileExceptionSet section */

/* Begin PBXFileSystemSynchronizedRootGroup section */
		C191BDFC2E63BCDD00AB2ED7 /* TableView 10 */ = {
			isa = PBXFileSystemSynchronizedRootGroup;
			exceptions = (
				C191BE222E63BCDE00AB2ED7 /* Exceptions for "TableView 10" folder in "TableView 10" target */,
			);
			path = "TableView 10";
			sourceTree = "<group>";
		};
		C191BE132E63BCDE00AB2ED7 /* TableView 10Tests */ = {
			isa = PBXFileSystemSynchronizedRootGroup;
			path = "TableView 10Tests";
			sourceTree = "<group>";
		};
		C191BE1D2E63BCDE00AB2ED7 /* TableView 10UITests */ = {
			isa = PBXFileSystemSynchronizedRootGroup;
			path = "TableView 10UITests";
			sourceTree = "<group>";
		};
/* End PBXFileSystemSynchronizedRootGroup section */

/* Begin PBXFrameworksBuildPhase section */
		C191BDF72E63BCDD00AB2ED7 /* Frameworks */ = {
			isa = PBXFrameworksBuildPhase;
			buildActionMask = 2147483647;
			files = (
			);
			runOnlyForDeploymentPostprocessing = 0;
		};
		C191BE0D2E63BCDE00AB2ED7 /* Frameworks */ = {
			isa = PBXFrameworksBuildPhase;
			buildActionMask = 2147483647;
			files = (
			);
			runOnlyForDeploymentPostprocessing = 0;
		};
		C191BE172E63BCDE00AB2ED7 /* Frameworks */ = {
			isa = PBXFrameworksBuildPhase;
			buildActionMask = 2147483647;
			files = (
			);
			runOnlyForDeploymentPostprocessing = 0;
		};
/* End PBXFrameworksBuildPhase section */

/* Begin PBXGroup section */
		C191BDF12E63BCDD00AB2ED7 = {
			isa = PBXGroup;
			children = (
				C191BDFC2E63BCDD00AB2ED7 /* TableView 10 */,
				C191BE132E63BCDE00AB2ED7 /* TableView 10Tests */,
				C191BE1D2E63BCDE00AB2ED7 /* TableView 10UITests */,
				C191BDFB2E63BCDD00AB2ED7 /* Products */,
			);
			sourceTree = "<group>";
		};
		C191BDFB2E63BCDD00AB2ED7 /* Products */ = {
			isa = PBXGroup;
			children = (
				C191BDFA2E63BCDD00AB2ED7 /* TableView 10.app */,
				C191BE102E63BCDE00AB2ED7 /* TableView 10Tests.xctest */,
				C191BE1A2E63BCDE00AB2ED7 /* TableView 10UITests.xctest */,
			);
			name = Products;
			sourceTree = "<group>";
		};
/* End PBXGroup section */

/* Begin PBXNativeTarget section */
		C191BDF92E63BCDD00AB2ED7 /* TableView 10 */ = {
			isa = PBXNativeTarget;
			buildConfigurationList = C191BE232E63BCDE00AB2ED7 /* Build configuration list for PBXNativeTarget "TableView 10" */;
			buildPhases = (
				C191BDF62E63BCDD00AB2ED7 /* Sources */,
				C191BDF72E63BCDD00AB2ED7 /* Frameworks */,
				C191BDF82E63BCDD00AB2ED7 /* Resources */,
			);
			buildRules = (
			);
			dependencies = (
			);
			fileSystemSynchronizedGroups = (
				C191BDFC2E63BCDD00AB2ED7 /* TableView 10 */,
			);
			name = "TableView 10";
			packageProductDependencies = (
			);
			productName = "TableView 10";
			productReference = C191BDFA2E63BCDD00AB2ED7 /* TableView 10.app */;
			productType = "com.apple.product-type.application";
		};
		C191BE0F2E63BCDE00AB2ED7 /* TableView 10Tests */ = {
			isa = PBXNativeTarget;
			buildConfigurationList = C191BE282E63BCDE00AB2ED7 /* Build configuration list for PBXNativeTarget "TableView 10Tests" */;
			buildPhases = (
				C191BE0C2E63BCDE00AB2ED7 /* Sources */,
				C191BE0D2E63BCDE00AB2ED7 /* Frameworks */,
				C191BE0E2E63BCDE00AB2ED7 /* Resources */,
			);
			buildRules = (
			);
			dependencies = (
				C191BE122E63BCDE00AB2ED7 /* PBXTargetDependency */,
			);
			fileSystemSynchronizedGroups = (
				C191BE132E63BCDE00AB2ED7 /* TableView 10Tests */,
			);
			name = "TableView 10Tests";
			packageProductDependencies = (
			);
			productName = "TableView 10Tests";
			productReference = C191BE102E63BCDE00AB2ED7 /* TableView 10Tests.xctest */;
			productType = "com.apple.product-type.bundle.unit-test";
		};
		C191BE192E63BCDE00AB2ED7 /* TableView 10UITests */ = {
			isa = PBXNativeTarget;
			buildConfigurationList = C191BE2B2E63BCDE00AB2ED7 /* Build configuration list for PBXNativeTarget "TableView 10UITests" */;
			buildPhases = (
				C191BE162E63BCDE00AB2ED7 /* Sources */,
				C191BE172E63BCDE00AB2ED7 /* Frameworks */,
				C191BE182E63BCDE00AB2ED7 /* Resources */,
			);
			buildRules = (
			);
			dependencies = (
				C191BE1C2E63BCDE00AB2ED7 /* PBXTargetDependency */,
			);
			fileSystemSynchronizedGroups = (
				C191BE1D2E63BCDE00AB2ED7 /* TableView 10UITests */,
			);
			name = "TableView 10UITests";
			packageProductDependencies = (
			);
			productName = "TableView 10UITests";
			productReference = C191BE1A2E63BCDE00AB2ED7 /* TableView 10UITests.xctest */;
			productType = "com.apple.product-type.bundle.ui-testing";
		};
/* End PBXNativeTarget section */

/* Begin PBXProject section */
		C191BDF22E63BCDD00AB2ED7 /* Project object */ = {
			isa = PBXProject;
			attributes = {
				BuildIndependentTargetsInParallel = 1;
				LastSwiftUpdateCheck = 1640;
				LastUpgradeCheck = 1640;
				TargetAttributes = {
					C191BDF92E63BCDD00AB2ED7 = {
						CreatedOnToolsVersion = 16.4;
					};
					C191BE0F2E63BCDE00AB2ED7 = {
						CreatedOnToolsVersion = 16.4;
						TestTargetID = C191BDF92E63BCDD00AB2ED7;
					};
					C191BE192E63BCDE00AB2ED7 = {
						CreatedOnToolsVersion = 16.4;
						TestTargetID = C191BDF92E63BCDD00AB2ED7;
					};
				};
			};
			buildConfigurationList = C191BDF52E63BCDD00AB2ED7 /* Build configuration list for PBXProject "TableView 10" */;
			developmentRegion = en;
			hasScannedForEncodings = 0;
			knownRegions = (
				en,
				Base,
			);
			mainGroup = C191BDF12E63BCDD00AB2ED7;
			minimizedProjectReferenceProxies = 1;
			preferredProjectObjectVersion = 77;
			productRefGroup = C191BDFB2E63BCDD00AB2ED7 /* Products */;
			projectDirPath = "";
			projectRoot = "";
			targets = (
				C191BDF92E63BCDD00AB2ED7 /* TableView 10 */,
				C191BE0F2E63BCDE00AB2ED7 /* TableView 10Tests */,
				C191BE192E63BCDE00AB2ED7 /* TableView 10UITests */,
			);
		};
/* End PBXProject section */

/* Begin PBXResourcesBuildPhase section */
		C191BDF82E63BCDD00AB2ED7 /* Resources */ = {
			isa = PBXResourcesBuildPhase;
			buildActionMask = 2147483647;
			files = (
			);
			runOnlyForDeploymentPostprocessing = 0;
		};
		C191BE0E2E63BCDE00AB2ED7 /* Resources */ = {
			isa = PBXResourcesBuildPhase;
			buildActionMask = 2147483647;
			files = (
			);
			runOnlyForDeploymentPostprocessing = 0;
		};
		C191BE182E63BCDE00AB2ED7 /* Resources */ = {
			isa = PBXResourcesBuildPhase;
			buildActionMask = 2147483647;
			files = (
			);
			runOnlyForDeploymentPostprocessing = 0;
		};
/* End PBXResourcesBuildPhase section */

/* Begin PBXSourcesBuildPhase section */
		C191BDF62E63BCDD00AB2ED7 /* Sources */ = {
			isa = PBXSourcesBuildPhase;
			buildActionMask = 2147483647;
			files = (
			);
			runOnlyForDeploymentPostprocessing = 0;
		};
		C191BE0C2E63BCDE00AB2ED7 /* Sources */ = {
			isa = PBXSourcesBuildPhase;
			buildActionMask = 2147483647;
			files = (
			);
			runOnlyForDeploymentPostprocessing = 0;
		};
		C191BE162E63BCDE00AB2ED7 /* Sources */ = {
			isa = PBXSourcesBuildPhase;
			buildActionMask = 2147483647;
			files = (
			);
			runOnlyForDeploymentPostprocessing = 0;
		};
/* End PBXSourcesBuildPhase section */

/* Begin PBXTargetDependency section */
		C191BE122E63BCDE00AB2ED7 /* PBXTargetDependency */ = {
			isa = PBXTargetDependency;
			target = C191BDF92E63BCDD00AB2ED7 /* TableView 10 */;
			targetProxy = C191BE112E63BCDE00AB2ED7 /* PBXContainerItemProxy */;
		};
		C191BE1C2E63BCDE00AB2ED7 /* PBXTargetDependency */ = {
			isa = PBXTargetDependency;
			target = C191BDF92E63BCDD00AB2ED7 /* TableView 10 */;
			targetProxy = C191BE1B2E63BCDE00AB2ED7 /* PBXContainerItemProxy */;
		};
/* End PBXTargetDependency section */

/* Begin XCBuildConfiguration section */
		C191BE242E63BCDE00AB2ED7 /* Debug */ = {
			isa = XCBuildConfiguration;
			buildSettings = {
				ASSETCATALOG_COMPILER_APPICON_NAME = AppIcon;
				ASSETCATALOG_COMPILER_GLOBAL_ACCENT_COLOR_NAME = AccentColor;
				CODE_SIGN_STYLE = Automatic;
				CURRENT_PROJECT_VERSION = 1;
				DEVELOPMENT_TEAM = 9HTN837JV5;
				GENERATE_INFOPLIST_FILE = YES;
				INFOPLIST_FILE = "TableView 10/Info.plist";
				INFOPLIST_KEY_UIApplicationSupportsIndirectInputEvents = YES;
				INFOPLIST_KEY_UILaunchStoryboardName = LaunchScreen;
				INFOPLIST_KEY_UIMainStoryboardFile = Main;
				INFOPLIST_KEY_UISupportedInterfaceOrientations_iPad = "UIInterfaceOrientationPortrait UIInterfaceOrientationPortraitUpsideDown UIInterfaceOrientationLandscapeLeft UIInterfaceOrientationLandscapeRight";
				INFOPLIST_KEY_UISupportedInterfaceOrientations_iPhone = "UIInterfaceOrientationPortrait UIInterfaceOrientationLandscapeLeft UIInterfaceOrientationLandscapeRight";
				LD_RUNPATH_SEARCH_PATHS = (
					"$(inherited)",
					"@executable_path/Frameworks",
				);
				MARKETING_VERSION = 1.0;
				PRODUCT_BUNDLE_IDENTIFIER = "com.TableView-10";
				PRODUCT_NAME = "$(TARGET_NAME)";
				SWIFT_EMIT_LOC_STRINGS = YES;
				SWIFT_VERSION = 5.0;
				TARGETED_DEVICE_FAMILY = "1,2";
			};
			name = Debug;
		};
		C191BE252E63BCDE00AB2ED7 /* Release */ = {
			isa = XCBuildConfiguration;
			buildSettings = {
				ASSETCATALOG_COMPILER_APPICON_NAME = AppIcon;
				ASSETCATALOG_COMPILER_GLOBAL_ACCENT_COLOR_NAME = AccentColor;
				CODE_SIGN_STYLE = Automatic;
				CURRENT_PROJECT_VERSION = 1;
				DEVELOPMENT_TEAM = 9HTN837JV5;
				GENERATE_INFOPLIST_FILE = YES;
				INFOPLIST_FILE = "TableView 10/Info.plist";
				INFOPLIST_KEY_UIApplicationSupportsIndirectInputEvents = YES;
				INFOPLIST_KEY_UILaunchStoryboardName = LaunchScreen;
				INFOPLIST_KEY_UIMainStoryboardFile = Main;
				INFOPLIST_KEY_UISupportedInterfaceOrientations_iPad = "UIInterfaceOrientationPortrait UIInterfaceOrientationPortraitUpsideDown UIInterfaceOrientationLandscapeLeft UIInterfaceOrientationLandscapeRight";
				INFOPLIST_KEY_UISupportedInterfaceOrientations_iPhone = "UIInterfaceOrientationPortrait UIInterfaceOrientationLandscapeLeft UIInterfaceOrientationLandscapeRight";
				LD_RUNPATH_SEARCH_PATHS = (
					"$(inherited)",
					"@executable_path/Frameworks",
				);
				MARKETING_VERSION = 1.0;
				PRODUCT_BUNDLE_IDENTIFIER = "com.TableView-10";
				PRODUCT_NAME = "$(TARGET_NAME)";
				SWIFT_EMIT_LOC_STRINGS = YES;
				SWIFT_VERSION = 5.0;
				TARGETED_DEVICE_FAMILY = "1,2";
			};
			name = Release;
		};
		C191BE262E63BCDE00AB2ED7 /* Debug */ = {
			isa = XCBuildConfiguration;
			buildSettings = {
				ALWAYS_SEARCH_USER_PATHS = NO;
				ASSETCATALOG_COMPILER_GENERATE_SWIFT_ASSET_SYMBOL_EXTENSIONS = YES;
				CLANG_ANALYZER_NONNULL = YES;
				CLANG_ANALYZER_NUMBER_OBJECT_CONVERSION = YES_AGGRESSIVE;
				CLANG_CXX_LANGUAGE_STANDARD = "gnu++20";
				CLANG_ENABLE_MODULES = YES;
				CLANG_ENABLE_OBJC_ARC = YES;
				CLANG_ENABLE_OBJC_WEAK = YES;
				CLANG_WARN_BLOCK_CAPTURE_AUTORELEASING = YES;
				CLANG_WARN_BOOL_CONVERSION = YES;
				CLANG_WARN_COMMA = YES;
				CLANG_WARN_CONSTANT_CONVERSION = YES;
				CLANG_WARN_DEPRECATED_OBJC_IMPLEMENTATIONS = YES;
				CLANG_WARN_DIRECT_OBJC_ISA_USAGE = YES_ERROR;
				CLANG_WARN_DOCUMENTATION_COMMENTS = YES;
				CLANG_WARN_EMPTY_BODY = YES;
				CLANG_WARN_ENUM_CONVERSION = YES;
				CLANG_WARN_INFINITE_RECURSION = YES;
				CLANG_WARN_INT_CONVERSION = YES;
				CLANG_WARN_NON_LITERAL_NULL_CONVERSION = YES;
				CLANG_WARN_OBJC_IMPLICIT_RETAIN_SELF = YES;
				CLANG_WARN_OBJC_LITERAL_CONVERSION = YES;
				CLANG_WARN_OBJC_ROOT_CLASS = YES_ERROR;
				CLANG_WARN_QUOTED_INCLUDE_IN_FRAMEWORK_HEADER = YES;
				CLANG_WARN_RANGE_LOOP_ANALYSIS = YES;
				CLANG_WARN_STRICT_PROTOTYPES = YES;
				CLANG_WARN_SUSPICIOUS_MOVE = YES;
				CLANG_WARN_UNGUARDED_AVAILABILITY = YES_AGGRESSIVE;
				CLANG_WARN_UNREACHABLE_CODE = YES;
				CLANG_WARN__DUPLICATE_METHOD_MATCH = YES;
				COPY_PHASE_STRIP = NO;
				DEBUG_INFORMATION_FORMAT = dwarf;
				DEVELOPMENT_TEAM = 9HTN837JV5;
				ENABLE_STRICT_OBJC_MSGSEND = YES;
				ENABLE_TESTABILITY = YES;
				ENABLE_USER_SCRIPT_SANDBOXING = YES;
				GCC_C_LANGUAGE_STANDARD = gnu17;
				GCC_DYNAMIC_NO_PIC = NO;
				GCC_NO_COMMON_BLOCKS = YES;
				GCC_OPTIMIZATION_LEVEL = 0;
				GCC_PREPROCESSOR_DEFINITIONS = (
					"DEBUG=1",
					"$(inherited)",
				);
				GCC_WARN_64_TO_32_BIT_CONVERSION = YES;
				GCC_WARN_ABOUT_RETURN_TYPE = YES_ERROR;
				GCC_WARN_UNDECLARED_SELECTOR = YES;
				GCC_WARN_UNINITIALIZED_AUTOS = YES_AGGRESSIVE;
				GCC_WARN_UNUSED_FUNCTION = YES;
				GCC_WARN_UNUSED_VARIABLE = YES;
				IPHONEOS_DEPLOYMENT_TARGET = 18.5;
				LOCALIZATION_PREFERS_STRING_CATALOGS = YES;
				MTL_ENABLE_DEBUG_INFO = INCLUDE_SOURCE;
				MTL_FAST_MATH = YES;
				ONLY_ACTIVE_ARCH = YES;
				SDKROOT = iphoneos;
				SWIFT_ACTIVE_COMPILATION_CONDITIONS = "DEBUG $(inherited)";
				SWIFT_OPTIMIZATION_LEVEL = "-Onone";
			};
			name = Debug;
		};
		C191BE272E63BCDE00AB2ED7 /* Release */ = {
			isa = XCBuildConfiguration;
			buildSettings = {
				ALWAYS_SEARCH_USER_PATHS = NO;
				ASSETCATALOG_COMPILER_GENERATE_SWIFT_ASSET_SYMBOL_EXTENSIONS = YES;
				CLANG_ANALYZER_NONNULL = YES;
				CLANG_ANALYZER_NUMBER_OBJECT_CONVERSION = YES_AGGRESSIVE;
				CLANG_CXX_LANGUAGE_STANDARD = "gnu++20";
				CLANG_ENABLE_MODULES = YES;
				CLANG_ENABLE_OBJC_ARC = YES;
				CLANG_ENABLE_OBJC_WEAK = YES;
				CLANG_WARN_BLOCK_CAPTURE_AUTORELEASING = YES;
				CLANG_WARN_BOOL_CONVERSION = YES;
				CLANG_WARN_COMMA = YES;
				CLANG_WARN_CONSTANT_CONVERSION = YES;
				CLANG_WARN_DEPRECATED_OBJC_IMPLEMENTATIONS = YES;
				CLANG_WARN_DIRECT_OBJC_ISA_USAGE = YES_ERROR;
				CLANG_WARN_DOCUMENTATION_COMMENTS = YES;
				CLANG_WARN_EMPTY_BODY = YES;
				CLANG_WARN_ENUM_CONVERSION = YES;
				CLANG_WARN_INFINITE_RECURSION = YES;
				CLANG_WARN_INT_CONVERSION = YES;
				CLANG_WARN_NON_LITERAL_NULL_CONVERSION = YES;
				CLANG_WARN_OBJC_IMPLICIT_RETAIN_SELF = YES;
				CLANG_WARN_OBJC_LITERAL_CONVERSION = YES;
				CLANG_WARN_OBJC_ROOT_CLASS = YES_ERROR;
				CLANG_WARN_QUOTED_INCLUDE_IN_FRAMEWORK_HEADER = YES;
				CLANG_WARN_RANGE_LOOP_ANALYSIS = YES;
				CLANG_WARN_STRICT_PROTOTYPES = YES;
				CLANG_WARN_SUSPICIOUS_MOVE = YES;
				CLANG_WARN_UNGUARDED_AVAILABILITY = YES_AGGRESSIVE;
				CLANG_WARN_UNREACHABLE_CODE = YES;
				CLANG_WARN__DUPLICATE_METHOD_MATCH = YES;
				COPY_PHASE_STRIP = NO;
				DEBUG_INFORMATION_FORMAT = "dwarf-with-dsym";
				DEVELOPMENT_TEAM = 9HTN837JV5;
				ENABLE_NS_ASSERTIONS = NO;
				ENABLE_STRICT_OBJC_MSGSEND = YES;
				ENABLE_USER_SCRIPT_SANDBOXING = YES;
				GCC_C_LANGUAGE_STANDARD = gnu17;
				GCC_NO_COMMON_BLOCKS = YES;
				GCC_WARN_64_TO_32_BIT_CONVERSION = YES;
				GCC_WARN_ABOUT_RETURN_TYPE = YES_ERROR;
				GCC_WARN_UNDECLARED_SELECTOR = YES;
				GCC_WARN_UNINITIALIZED_AUTOS = YES_AGGRESSIVE;
				GCC_WARN_UNUSED_FUNCTION = YES;
				GCC_WARN_UNUSED_VARIABLE = YES;
				IPHONEOS_DEPLOYMENT_TARGET = 18.5;
				LOCALIZATION_PREFERS_STRING_CATALOGS = YES;
				MTL_ENABLE_DEBUG_INFO = NO;
				MTL_FAST_MATH = YES;
				SDKROOT = iphoneos;
				SWIFT_COMPILATION_MODE = wholemodule;
				VALIDATE_PRODUCT = YES;
			};
			name = Release;
		};
		C191BE292E63BCDE00AB2ED7 /* Debug */ = {
			isa = XCBuildConfiguration;
			buildSettings = {
				BUNDLE_LOADER = "$(TEST_HOST)";
				CODE_SIGN_STYLE = Automatic;
				CURRENT_PROJECT_VERSION = 1;
				DEVELOPMENT_TEAM = 9HTN837JV5;
				GENERATE_INFOPLIST_FILE = YES;
				IPHONEOS_DEPLOYMENT_TARGET = 18.5;
				MARKETING_VERSION = 1.0;
				PRODUCT_BUNDLE_IDENTIFIER = "com.TableView-10Tests";
				PRODUCT_NAME = "$(TARGET_NAME)";
				SWIFT_EMIT_LOC_STRINGS = NO;
				SWIFT_VERSION = 5.0;
				TARGETED_DEVICE_FAMILY = "1,2";
				TEST_HOST = "$(BUILT_PRODUCTS_DIR)/TableView 10.app/$(BUNDLE_EXECUTABLE_FOLDER_PATH)/TableView 10";
			};
			name = Debug;
		};
		C191BE2A2E63BCDE00AB2ED7 /* Release */ = {
			isa = XCBuildConfiguration;
			buildSettings = {
				BUNDLE_LOADER = "$(TEST_HOST)";
				CODE_SIGN_STYLE = Automatic;
				CURRENT_PROJECT_VERSION = 1;
				DEVELOPMENT_TEAM = 9HTN837JV5;
				GENERATE_INFOPLIST_FILE = YES;
				IPHONEOS_DEPLOYMENT_TARGET = 18.5;
				MARKETING_VERSION = 1.0;
				PRODUCT_BUNDLE_IDENTIFIER = "com.TableView-10Tests";
				PRODUCT_NAME = "$(TARGET_NAME)";
				SWIFT_EMIT_LOC_STRINGS = NO;
				SWIFT_VERSION = 5.0;
				TARGETED_DEVICE_FAMILY = "1,2";
				TEST_HOST = "$(BUILT_PRODUCTS_DIR)/TableView 10.app/$(BUNDLE_EXECUTABLE_FOLDER_PATH)/TableView 10";
			};
			name = Release;
		};
		C191BE2C2E63BCDE00AB2ED7 /* Debug */ = {
			isa = XCBuildConfiguration;
			buildSettings = {
				CODE_SIGN_STYLE = Automatic;
				CURRENT_PROJECT_VERSION = 1;
				DEVELOPMENT_TEAM = 9HTN837JV5;
				GENERATE_INFOPLIST_FILE = YES;
				MARKETING_VERSION = 1.0;
				PRODUCT_BUNDLE_IDENTIFIER = "com.TableView-10UITests";
				PRODUCT_NAME = "$(TARGET_NAME)";
				SWIFT_EMIT_LOC_STRINGS = NO;
				SWIFT_VERSION = 5.0;
				TARGETED_DEVICE_FAMILY = "1,2";
				TEST_TARGET_NAME = "TableView 10";
			};
			name = Debug;
		};
		C191BE2D2E63BCDE00AB2ED7 /* Release */ = {
			isa = XCBuildConfiguration;
			buildSettings = {
				CODE_SIGN_STYLE = Automatic;
				CURRENT_PROJECT_VERSION = 1;
				DEVELOPMENT_TEAM = 9HTN837JV5;
				GENERATE_INFOPLIST_FILE = YES;
				MARKETING_VERSION = 1.0;
				PRODUCT_BUNDLE_IDENTIFIER = "com.TableView-10UITests";
				PRODUCT_NAME = "$(TARGET_NAME)";
				SWIFT_EMIT_LOC_STRINGS = NO;
				SWIFT_VERSION = 5.0;
				TARGETED_DEVICE_FAMILY = "1,2";
				TEST_TARGET_NAME = "TableView 10";
			};
			name = Release;
		};
/* End XCBuildConfiguration section */

/* Begin XCConfigurationList section */
		C191BDF52E63BCDD00AB2ED7 /* Build configuration list for PBXProject "TableView 10" */ = {
			isa = XCConfigurationList;
			buildConfigurations = (
				C191BE262E63BCDE00AB2ED7 /* Debug */,
				C191BE272E63BCDE00AB2ED7 /* Release */,
			);
			defaultConfigurationIsVisible = 0;
			defaultConfigurationName = Release;
		};
		C191BE232E63BCDE00AB2ED7 /* Build configuration list for PBXNativeTarget "TableView 10" */ = {
			isa = XCConfigurationList;
			buildConfigurations = (
				C191BE242E63BCDE00AB2ED7 /* Debug */,
				C191BE252E63BCDE00AB2ED7 /* Release */,
			);
			defaultConfigurationIsVisible = 0;
			defaultConfigurationName = Release;
		};
		C191BE282E63BCDE00AB2ED7 /* Build configuration list for PBXNativeTarget "TableView 10Tests" */ = {
			isa = XCConfigurationList;
			buildConfigurations = (
				C191BE292E63BCDE00AB2ED7 /* Debug */,
				C191BE2A2E63BCDE00AB2ED7 /* Release */,
			);
			defaultConfigurationIsVisible = 0;
			defaultConfigurationName = Release;
		};
		C191BE2B2E63BCDE00AB2ED7 /* Build configuration list for PBXNativeTarget "TableView 10UITests" */ = {
			isa = XCConfigurationList;
			buildConfigurations = (
				C191BE2C2E63BCDE00AB2ED7 /* Debug */,
				C191BE2D2E63BCDE00AB2ED7 /* Release */,
			);
			defaultConfigurationIsVisible = 0;
			defaultConfigurationName = Release;
		};
/* End XCConfigurationList section */
	};
	rootObject = C191BDF22E63BCDD00AB2ED7 /* Project object */;
}
