// !$*UTF8*$!
{
	archiveVersion = 1;
	classes = {
	};
	objectVersion = 77;
	objects = {

/* Begin PBXContainerItemProxy section */
		C1C918082E5678DB00D2E420 /* PBXContainerItemProxy */ = {
			isa = PBXContainerItemProxy;
			containerPortal = C1C917E92E5678DA00D2E420 /* Project object */;
			proxyType = 1;
			remoteGlobalIDString = C1C917F02E5678DA00D2E420;
			remoteInfo = "SafariQuizApp 3";
		};
		C1C918122E5678DB00D2E420 /* PBXContainerItemProxy */ = {
			isa = PBXContainerItemProxy;
			containerPortal = C1C917E92E5678DA00D2E420 /* Project object */;
			proxyType = 1;
			remoteGlobalIDString = C1C917F02E5678DA00D2E420;
			remoteInfo = "SafariQuizApp 3";
		};
/* End PBXContainerItemProxy section */

/* Begin PBXFileReference section */
		C1C917F12E5678DA00D2E420 /* SafariQuizApp 3.app */ = {isa = PBXFileReference; explicitFileType = wrapper.application; includeInIndex = 0; path = "SafariQuizApp 3.app"; sourceTree = BUILT_PRODUCTS_DIR; };
		C1C918072E5678DB00D2E420 /* SafariQuizApp 3Tests.xctest */ = {isa = PBXFileReference; explicitFileType = wrapper.cfbundle; includeInIndex = 0; path = "SafariQuizApp 3Tests.xctest"; sourceTree = BUILT_PRODUCTS_DIR; };
		C1C918112E5678DB00D2E420 /* SafariQuizApp 3UITests.xctest */ = {isa = PBXFileReference; explicitFileType = wrapper.cfbundle; includeInIndex = 0; path = "SafariQuizApp 3UITests.xctest"; sourceTree = BUILT_PRODUCTS_DIR; };
/* End PBXFileReference section */

/* Begin PBXFileSystemSynchronizedBuildFileExceptionSet section */
		C1C918192E5678DB00D2E420 /* Exceptions for "SafariQuizApp 3" folder in "SafariQuizApp 3" target */ = {
			isa = PBXFileSystemSynchronizedBuildFileExceptionSet;
			membershipExceptions = (
				Info.plist,
			);
			target = C1C917F02E5678DA00D2E420 /* SafariQuizApp 3 */;
		};
/* End PBXFileSystemSynchronizedBuildFileExceptionSet section */

/* Begin PBXFileSystemSynchronizedRootGroup section */
		C1C917F32E5678DA00D2E420 /* SafariQuizApp 3 */ = {
			isa = PBXFileSystemSynchronizedRootGroup;
			exceptions = (
				C1C918192E5678DB00D2E420 /* Exceptions for "SafariQuizApp 3" folder in "SafariQuizApp 3" target */,
			);
			path = "SafariQuizApp 3";
			sourceTree = "<group>";
		};
		C1C9180A2E5678DB00D2E420 /* SafariQuizApp 3Tests */ = {
			isa = PBXFileSystemSynchronizedRootGroup;
			path = "SafariQuizApp 3Tests";
			sourceTree = "<group>";
		};
		C1C918142E5678DB00D2E420 /* SafariQuizApp 3UITests */ = {
			isa = PBXFileSystemSynchronizedRootGroup;
			path = "SafariQuizApp 3UITests";
			sourceTree = "<group>";
		};
/* End PBXFileSystemSynchronizedRootGroup section */

/* Begin PBXFrameworksBuildPhase section */
		C1C917EE2E5678DA00D2E420 /* Frameworks */ = {
			isa = PBXFrameworksBuildPhase;
			buildActionMask = 2147483647;
			files = (
			);
			runOnlyForDeploymentPostprocessing = 0;
		};
		C1C918042E5678DB00D2E420 /* Frameworks */ = {
			isa = PBXFrameworksBuildPhase;
			buildActionMask = 2147483647;
			files = (
			);
			runOnlyForDeploymentPostprocessing = 0;
		};
		C1C9180E2E5678DB00D2E420 /* Frameworks */ = {
			isa = PBXFrameworksBuildPhase;
			buildActionMask = 2147483647;
			files = (
			);
			runOnlyForDeploymentPostprocessing = 0;
		};
/* End PBXFrameworksBuildPhase section */

/* Begin PBXGroup section */
		C1C917E82E5678DA00D2E420 = {
			isa = PBXGroup;
			children = (
				C1C917F32E5678DA00D2E420 /* SafariQuizApp 3 */,
				C1C9180A2E5678DB00D2E420 /* SafariQuizApp 3Tests */,
				C1C918142E5678DB00D2E420 /* SafariQuizApp 3UITests */,
				C1C917F22E5678DA00D2E420 /* Products */,
			);
			sourceTree = "<group>";
		};
		C1C917F22E5678DA00D2E420 /* Products */ = {
			isa = PBXGroup;
			children = (
				C1C917F12E5678DA00D2E420 /* SafariQuizApp 3.app */,
				C1C918072E5678DB00D2E420 /* SafariQuizApp 3Tests.xctest */,
				C1C918112E5678DB00D2E420 /* SafariQuizApp 3UITests.xctest */,
			);
			name = Products;
			sourceTree = "<group>";
		};
/* End PBXGroup section */

/* Begin PBXNativeTarget section */
		C1C917F02E5678DA00D2E420 /* SafariQuizApp 3 */ = {
			isa = PBXNativeTarget;
			buildConfigurationList = C1C9181A2E5678DB00D2E420 /* Build configuration list for PBXNativeTarget "SafariQuizApp 3" */;
			buildPhases = (
				C1C917ED2E5678DA00D2E420 /* Sources */,
				C1C917EE2E5678DA00D2E420 /* Frameworks */,
				C1C917EF2E5678DA00D2E420 /* Resources */,
			);
			buildRules = (
			);
			dependencies = (
			);
			fileSystemSynchronizedGroups = (
				C1C917F32E5678DA00D2E420 /* SafariQuizApp 3 */,
			);
			name = "SafariQuizApp 3";
			packageProductDependencies = (
			);
			productName = "SafariQuizApp 3";
			productReference = C1C917F12E5678DA00D2E420 /* SafariQuizApp 3.app */;
			productType = "com.apple.product-type.application";
		};
		C1C918062E5678DB00D2E420 /* SafariQuizApp 3Tests */ = {
			isa = PBXNativeTarget;
			buildConfigurationList = C1C9181F2E5678DB00D2E420 /* Build configuration list for PBXNativeTarget "SafariQuizApp 3Tests" */;
			buildPhases = (
				C1C918032E5678DB00D2E420 /* Sources */,
				C1C918042E5678DB00D2E420 /* Frameworks */,
				C1C918052E5678DB00D2E420 /* Resources */,
			);
			buildRules = (
			);
			dependencies = (
				C1C918092E5678DB00D2E420 /* PBXTargetDependency */,
			);
			fileSystemSynchronizedGroups = (
				C1C9180A2E5678DB00D2E420 /* SafariQuizApp 3Tests */,
			);
			name = "SafariQuizApp 3Tests";
			packageProductDependencies = (
			);
			productName = "SafariQuizApp 3Tests";
			productReference = C1C918072E5678DB00D2E420 /* SafariQuizApp 3Tests.xctest */;
			productType = "com.apple.product-type.bundle.unit-test";
		};
		C1C918102E5678DB00D2E420 /* SafariQuizApp 3UITests */ = {
			isa = PBXNativeTarget;
			buildConfigurationList = C1C918222E5678DB00D2E420 /* Build configuration list for PBXNativeTarget "SafariQuizApp 3UITests" */;
			buildPhases = (
				C1C9180D2E5678DB00D2E420 /* Sources */,
				C1C9180E2E5678DB00D2E420 /* Frameworks */,
				C1C9180F2E5678DB00D2E420 /* Resources */,
			);
			buildRules = (
			);
			dependencies = (
				C1C918132E5678DB00D2E420 /* PBXTargetDependency */,
			);
			fileSystemSynchronizedGroups = (
				C1C918142E5678DB00D2E420 /* SafariQuizApp 3UITests */,
			);
			name = "SafariQuizApp 3UITests";
			packageProductDependencies = (
			);
			productName = "SafariQuizApp 3UITests";
			productReference = C1C918112E5678DB00D2E420 /* SafariQuizApp 3UITests.xctest */;
			productType = "com.apple.product-type.bundle.ui-testing";
		};
/* End PBXNativeTarget section */

/* Begin PBXProject section */
		C1C917E92E5678DA00D2E420 /* Project object */ = {
			isa = PBXProject;
			attributes = {
				BuildIndependentTargetsInParallel = 1;
				LastSwiftUpdateCheck = 1640;
				LastUpgradeCheck = 1640;
				TargetAttributes = {
					C1C917F02E5678DA00D2E420 = {
						CreatedOnToolsVersion = 16.4;
					};
					C1C918062E5678DB00D2E420 = {
						CreatedOnToolsVersion = 16.4;
						TestTargetID = C1C917F02E5678DA00D2E420;
					};
					C1C918102E5678DB00D2E420 = {
						CreatedOnToolsVersion = 16.4;
						TestTargetID = C1C917F02E5678DA00D2E420;
					};
				};
			};
			buildConfigurationList = C1C917EC2E5678DA00D2E420 /* Build configuration list for PBXProject "SafariQuizApp 3" */;
			developmentRegion = en;
			hasScannedForEncodings = 0;
			knownRegions = (
				en,
				Base,
			);
			mainGroup = C1C917E82E5678DA00D2E420;
			minimizedProjectReferenceProxies = 1;
			preferredProjectObjectVersion = 77;
			productRefGroup = C1C917F22E5678DA00D2E420 /* Products */;
			projectDirPath = "";
			projectRoot = "";
			targets = (
				C1C917F02E5678DA00D2E420 /* SafariQuizApp 3 */,
				C1C918062E5678DB00D2E420 /* SafariQuizApp 3Tests */,
				C1C918102E5678DB00D2E420 /* SafariQuizApp 3UITests */,
			);
		};
/* End PBXProject section */

/* Begin PBXResourcesBuildPhase section */
		C1C917EF2E5678DA00D2E420 /* Resources */ = {
			isa = PBXResourcesBuildPhase;
			buildActionMask = 2147483647;
			files = (
			);
			runOnlyForDeploymentPostprocessing = 0;
		};
		C1C918052E5678DB00D2E420 /* Resources */ = {
			isa = PBXResourcesBuildPhase;
			buildActionMask = 2147483647;
			files = (
			);
			runOnlyForDeploymentPostprocessing = 0;
		};
		C1C9180F2E5678DB00D2E420 /* Resources */ = {
			isa = PBXResourcesBuildPhase;
			buildActionMask = 2147483647;
			files = (
			);
			runOnlyForDeploymentPostprocessing = 0;
		};
/* End PBXResourcesBuildPhase section */

/* Begin PBXSourcesBuildPhase section */
		C1C917ED2E5678DA00D2E420 /* Sources */ = {
			isa = PBXSourcesBuildPhase;
			buildActionMask = 2147483647;
			files = (
			);
			runOnlyForDeploymentPostprocessing = 0;
		};
		C1C918032E5678DB00D2E420 /* Sources */ = {
			isa = PBXSourcesBuildPhase;
			buildActionMask = 2147483647;
			files = (
			);
			runOnlyForDeploymentPostprocessing = 0;
		};
		C1C9180D2E5678DB00D2E420 /* Sources */ = {
			isa = PBXSourcesBuildPhase;
			buildActionMask = 2147483647;
			files = (
			);
			runOnlyForDeploymentPostprocessing = 0;
		};
/* End PBXSourcesBuildPhase section */

/* Begin PBXTargetDependency section */
		C1C918092E5678DB00D2E420 /* PBXTargetDependency */ = {
			isa = PBXTargetDependency;
			target = C1C917F02E5678DA00D2E420 /* SafariQuizApp 3 */;
			targetProxy = C1C918082E5678DB00D2E420 /* PBXContainerItemProxy */;
		};
		C1C918132E5678DB00D2E420 /* PBXTargetDependency */ = {
			isa = PBXTargetDependency;
			target = C1C917F02E5678DA00D2E420 /* SafariQuizApp 3 */;
			targetProxy = C1C918122E5678DB00D2E420 /* PBXContainerItemProxy */;
		};
/* End PBXTargetDependency section */

/* Begin XCBuildConfiguration section */
		C1C9181B2E5678DB00D2E420 /* Debug */ = {
			isa = XCBuildConfiguration;
			buildSettings = {
				ASSETCATALOG_COMPILER_APPICON_NAME = AppIcon;
				ASSETCATALOG_COMPILER_GLOBAL_ACCENT_COLOR_NAME = AccentColor;
				CODE_SIGN_STYLE = Automatic;
				CURRENT_PROJECT_VERSION = 1;
				DEVELOPMENT_TEAM = 232C7N3DDY;
				GENERATE_INFOPLIST_FILE = YES;
				INFOPLIST_FILE = "SafariQuizApp 3/Info.plist";
				INFOPLIST_KEY_UIApplicationSupportsIndirectInputEvents = YES;
				INFOPLIST_KEY_UILaunchStoryboardName = LaunchScreen;
				INFOPLIST_KEY_UIMainStoryboardFile = Main;
				INFOPLIST_KEY_UISupportedInterfaceOrientations_iPad = "UIInterfaceOrientationPortrait UIInterfaceOrientationPortraitUpsideDown UIInterfaceOrientationLandscapeLeft UIInterfaceOrientationLandscapeRight";
				INFOPLIST_KEY_UISupportedInterfaceOrientations_iPhone = "UIInterfaceOrientationPortrait UIInterfaceOrientationLandscapeLeft UIInterfaceOrientationLandscapeRight";
				IPHONEOS_DEPLOYMENT_TARGET = 15;
				LD_RUNPATH_SEARCH_PATHS = (
					"$(inherited)",
					"@executable_path/Frameworks",
				);
				MARKETING_VERSION = 1.0;
				PRODUCT_BUNDLE_IDENTIFIER = "com.SafariQuizApp-3";
				PRODUCT_NAME = "$(TARGET_NAME)";
				SWIFT_EMIT_LOC_STRINGS = YES;
				SWIFT_VERSION = 5.0;
				TARGETED_DEVICE_FAMILY = "1,2";
			};
			name = Debug;
		};
		C1C9181C2E5678DB00D2E420 /* Release */ = {
			isa = XCBuildConfiguration;
			buildSettings = {
				ASSETCATALOG_COMPILER_APPICON_NAME = AppIcon;
				ASSETCATALOG_COMPILER_GLOBAL_ACCENT_COLOR_NAME = AccentColor;
				CODE_SIGN_STYLE = Automatic;
				CURRENT_PROJECT_VERSION = 1;
				DEVELOPMENT_TEAM = 232C7N3DDY;
				GENERATE_INFOPLIST_FILE = YES;
				INFOPLIST_FILE = "SafariQuizApp 3/Info.plist";
				INFOPLIST_KEY_UIApplicationSupportsIndirectInputEvents = YES;
				INFOPLIST_KEY_UILaunchStoryboardName = LaunchScreen;
				INFOPLIST_KEY_UIMainStoryboardFile = Main;
				INFOPLIST_KEY_UISupportedInterfaceOrientations_iPad = "UIInterfaceOrientationPortrait UIInterfaceOrientationPortraitUpsideDown UIInterfaceOrientationLandscapeLeft UIInterfaceOrientationLandscapeRight";
				INFOPLIST_KEY_UISupportedInterfaceOrientations_iPhone = "UIInterfaceOrientationPortrait UIInterfaceOrientationLandscapeLeft UIInterfaceOrientationLandscapeRight";
				IPHONEOS_DEPLOYMENT_TARGET = 15;
				LD_RUNPATH_SEARCH_PATHS = (
					"$(inherited)",
					"@executable_path/Frameworks",
				);
				MARKETING_VERSION = 1.0;
				PRODUCT_BUNDLE_IDENTIFIER = "com.SafariQuizApp-3";
				PRODUCT_NAME = "$(TARGET_NAME)";
				SWIFT_EMIT_LOC_STRINGS = YES;
				SWIFT_VERSION = 5.0;
				TARGETED_DEVICE_FAMILY = "1,2";
			};
			name = Release;
		};
		C1C9181D2E5678DB00D2E420 /* Debug */ = {
			isa = XCBuildConfiguration;
			buildSettings = {
				ALWAYS_SEARCH_USER_PATHS = NO;
				ASSETCATALOG_COMPILER_GENERATE_SWIFT_ASSET_SYMBOL_EXTENSIONS = YES;
				CLANG_ANALYZER_NONNULL = YES;
				CLANG_ANALYZER_NUMBER_OBJECT_CONVERSION = YES_AGGRESSIVE;
				CLANG_CXX_LANGUAGE_STANDARD = "gnu++20";
				CLANG_ENABLE_MODULES = YES;
				CLANG_ENABLE_OBJC_ARC = YES;
				CLANG_ENABLE_OBJC_WEAK = YES;
				CLANG_WARN_BLOCK_CAPTURE_AUTORELEASING = YES;
				CLANG_WARN_BOOL_CONVERSION = YES;
				CLANG_WARN_COMMA = YES;
				CLANG_WARN_CONSTANT_CONVERSION = YES;
				CLANG_WARN_DEPRECATED_OBJC_IMPLEMENTATIONS = YES;
				CLANG_WARN_DIRECT_OBJC_ISA_USAGE = YES_ERROR;
				CLANG_WARN_DOCUMENTATION_COMMENTS = YES;
				CLANG_WARN_EMPTY_BODY = YES;
				CLANG_WARN_ENUM_CONVERSION = YES;
				CLANG_WARN_INFINITE_RECURSION = YES;
				CLANG_WARN_INT_CONVERSION = YES;
				CLANG_WARN_NON_LITERAL_NULL_CONVERSION = YES;
				CLANG_WARN_OBJC_IMPLICIT_RETAIN_SELF = YES;
				CLANG_WARN_OBJC_LITERAL_CONVERSION = YES;
				CLANG_WARN_OBJC_ROOT_CLASS = YES_ERROR;
				CLANG_WARN_QUOTED_INCLUDE_IN_FRAMEWORK_HEADER = YES;
				CLANG_WARN_RANGE_LOOP_ANALYSIS = YES;
				CLANG_WARN_STRICT_PROTOTYPES = YES;
				CLANG_WARN_SUSPICIOUS_MOVE = YES;
				CLANG_WARN_UNGUARDED_AVAILABILITY = YES_AGGRESSIVE;
				CLANG_WARN_UNREACHABLE_CODE = YES;
				CLANG_WARN__DUPLICATE_METHOD_MATCH = YES;
				COPY_PHASE_STRIP = NO;
				DEBUG_INFORMATION_FORMAT = dwarf;
				DEVELOPMENT_TEAM = 9HTN837JV5;
				ENABLE_STRICT_OBJC_MSGSEND = YES;
				ENABLE_TESTABILITY = YES;
				ENABLE_USER_SCRIPT_SANDBOXING = YES;
				GCC_C_LANGUAGE_STANDARD = gnu17;
				GCC_DYNAMIC_NO_PIC = NO;
				GCC_NO_COMMON_BLOCKS = YES;
				GCC_OPTIMIZATION_LEVEL = 0;
				GCC_PREPROCESSOR_DEFINITIONS = (
					"DEBUG=1",
					"$(inherited)",
				);
				GCC_WARN_64_TO_32_BIT_CONVERSION = YES;
				GCC_WARN_ABOUT_RETURN_TYPE = YES_ERROR;
				GCC_WARN_UNDECLARED_SELECTOR = YES;
				GCC_WARN_UNINITIALIZED_AUTOS = YES_AGGRESSIVE;
				GCC_WARN_UNUSED_FUNCTION = YES;
				GCC_WARN_UNUSED_VARIABLE = YES;
				IPHONEOS_DEPLOYMENT_TARGET = 18.5;
				LOCALIZATION_PREFERS_STRING_CATALOGS = YES;
				MTL_ENABLE_DEBUG_INFO = INCLUDE_SOURCE;
				MTL_FAST_MATH = YES;
				ONLY_ACTIVE_ARCH = YES;
				SDKROOT = iphoneos;
				SWIFT_ACTIVE_COMPILATION_CONDITIONS = "DEBUG $(inherited)";
				SWIFT_OPTIMIZATION_LEVEL = "-Onone";
			};
			name = Debug;
		};
		C1C9181E2E5678DB00D2E420 /* Release */ = {
			isa = XCBuildConfiguration;
			buildSettings = {
				ALWAYS_SEARCH_USER_PATHS = NO;
				ASSETCATALOG_COMPILER_GENERATE_SWIFT_ASSET_SYMBOL_EXTENSIONS = YES;
				CLANG_ANALYZER_NONNULL = YES;
				CLANG_ANALYZER_NUMBER_OBJECT_CONVERSION = YES_AGGRESSIVE;
				CLANG_CXX_LANGUAGE_STANDARD = "gnu++20";
				CLANG_ENABLE_MODULES = YES;
				CLANG_ENABLE_OBJC_ARC = YES;
				CLANG_ENABLE_OBJC_WEAK = YES;
				CLANG_WARN_BLOCK_CAPTURE_AUTORELEASING = YES;
				CLANG_WARN_BOOL_CONVERSION = YES;
				CLANG_WARN_COMMA = YES;
				CLANG_WARN_CONSTANT_CONVERSION = YES;
				CLANG_WARN_DEPRECATED_OBJC_IMPLEMENTATIONS = YES;
				CLANG_WARN_DIRECT_OBJC_ISA_USAGE = YES_ERROR;
				CLANG_WARN_DOCUMENTATION_COMMENTS = YES;
				CLANG_WARN_EMPTY_BODY = YES;
				CLANG_WARN_ENUM_CONVERSION = YES;
				CLANG_WARN_INFINITE_RECURSION = YES;
				CLANG_WARN_INT_CONVERSION = YES;
				CLANG_WARN_NON_LITERAL_NULL_CONVERSION = YES;
				CLANG_WARN_OBJC_IMPLICIT_RETAIN_SELF = YES;
				CLANG_WARN_OBJC_LITERAL_CONVERSION = YES;
				CLANG_WARN_OBJC_ROOT_CLASS = YES_ERROR;
				CLANG_WARN_QUOTED_INCLUDE_IN_FRAMEWORK_HEADER = YES;
				CLANG_WARN_RANGE_LOOP_ANALYSIS = YES;
				CLANG_WARN_STRICT_PROTOTYPES = YES;
				CLANG_WARN_SUSPICIOUS_MOVE = YES;
				CLANG_WARN_UNGUARDED_AVAILABILITY = YES_AGGRESSIVE;
				CLANG_WARN_UNREACHABLE_CODE = YES;
				CLANG_WARN__DUPLICATE_METHOD_MATCH = YES;
				COPY_PHASE_STRIP = NO;
				DEBUG_INFORMATION_FORMAT = "dwarf-with-dsym";
				DEVELOPMENT_TEAM = 9HTN837JV5;
				ENABLE_NS_ASSERTIONS = NO;
				ENABLE_STRICT_OBJC_MSGSEND = YES;
				ENABLE_USER_SCRIPT_SANDBOXING = YES;
				GCC_C_LANGUAGE_STANDARD = gnu17;
				GCC_NO_COMMON_BLOCKS = YES;
				GCC_WARN_64_TO_32_BIT_CONVERSION = YES;
				GCC_WARN_ABOUT_RETURN_TYPE = YES_ERROR;
				GCC_WARN_UNDECLARED_SELECTOR = YES;
				GCC_WARN_UNINITIALIZED_AUTOS = YES_AGGRESSIVE;
				GCC_WARN_UNUSED_FUNCTION = YES;
				GCC_WARN_UNUSED_VARIABLE = YES;
				IPHONEOS_DEPLOYMENT_TARGET = 18.5;
				LOCALIZATION_PREFERS_STRING_CATALOGS = YES;
				MTL_ENABLE_DEBUG_INFO = NO;
				MTL_FAST_MATH = YES;
				SDKROOT = iphoneos;
				SWIFT_COMPILATION_MODE = wholemodule;
				VALIDATE_PRODUCT = YES;
			};
			name = Release;
		};
		C1C918202E5678DB00D2E420 /* Debug */ = {
			isa = XCBuildConfiguration;
			buildSettings = {
				BUNDLE_LOADER = "$(TEST_HOST)";
				CODE_SIGN_STYLE = Automatic;
				CURRENT_PROJECT_VERSION = 1;
				DEVELOPMENT_TEAM = 9HTN837JV5;
				GENERATE_INFOPLIST_FILE = YES;
				IPHONEOS_DEPLOYMENT_TARGET = 18.5;
				MARKETING_VERSION = 1.0;
				PRODUCT_BUNDLE_IDENTIFIER = "com.SafariQuizApp-3Tests";
				PRODUCT_NAME = "$(TARGET_NAME)";
				SWIFT_EMIT_LOC_STRINGS = NO;
				SWIFT_VERSION = 5.0;
				TARGETED_DEVICE_FAMILY = "1,2";
				TEST_HOST = "$(BUILT_PRODUCTS_DIR)/SafariQuizApp 3.app/$(BUNDLE_EXECUTABLE_FOLDER_PATH)/SafariQuizApp 3";
			};
			name = Debug;
		};
		C1C918212E5678DB00D2E420 /* Release */ = {
			isa = XCBuildConfiguration;
			buildSettings = {
				BUNDLE_LOADER = "$(TEST_HOST)";
				CODE_SIGN_STYLE = Automatic;
				CURRENT_PROJECT_VERSION = 1;
				DEVELOPMENT_TEAM = 9HTN837JV5;
				GENERATE_INFOPLIST_FILE = YES;
				IPHONEOS_DEPLOYMENT_TARGET = 18.5;
				MARKETING_VERSION = 1.0;
				PRODUCT_BUNDLE_IDENTIFIER = "com.SafariQuizApp-3Tests";
				PRODUCT_NAME = "$(TARGET_NAME)";
				SWIFT_EMIT_LOC_STRINGS = NO;
				SWIFT_VERSION = 5.0;
				TARGETED_DEVICE_FAMILY = "1,2";
				TEST_HOST = "$(BUILT_PRODUCTS_DIR)/SafariQuizApp 3.app/$(BUNDLE_EXECUTABLE_FOLDER_PATH)/SafariQuizApp 3";
			};
			name = Release;
		};
		C1C918232E5678DB00D2E420 /* Debug */ = {
			isa = XCBuildConfiguration;
			buildSettings = {
				CODE_SIGN_STYLE = Automatic;
				CURRENT_PROJECT_VERSION = 1;
				DEVELOPMENT_TEAM = 9HTN837JV5;
				GENERATE_INFOPLIST_FILE = YES;
				MARKETING_VERSION = 1.0;
				PRODUCT_BUNDLE_IDENTIFIER = "com.SafariQuizApp-3UITests";
				PRODUCT_NAME = "$(TARGET_NAME)";
				SWIFT_EMIT_LOC_STRINGS = NO;
				SWIFT_VERSION = 5.0;
				TARGETED_DEVICE_FAMILY = "1,2";
				TEST_TARGET_NAME = "SafariQuizApp 3";
			};
			name = Debug;
		};
		C1C918242E5678DB00D2E420 /* Release */ = {
			isa = XCBuildConfiguration;
			buildSettings = {
				CODE_SIGN_STYLE = Automatic;
				CURRENT_PROJECT_VERSION = 1;
				DEVELOPMENT_TEAM = 9HTN837JV5;
				GENERATE_INFOPLIST_FILE = YES;
				MARKETING_VERSION = 1.0;
				PRODUCT_BUNDLE_IDENTIFIER = "com.SafariQuizApp-3UITests";
				PRODUCT_NAME = "$(TARGET_NAME)";
				SWIFT_EMIT_LOC_STRINGS = NO;
				SWIFT_VERSION = 5.0;
				TARGETED_DEVICE_FAMILY = "1,2";
				TEST_TARGET_NAME = "SafariQuizApp 3";
			};
			name = Release;
		};
/* End XCBuildConfiguration section */

/* Begin XCConfigurationList section */
		C1C917EC2E5678DA00D2E420 /* Build configuration list for PBXProject "SafariQuizApp 3" */ = {
			isa = XCConfigurationList;
			buildConfigurations = (
				C1C9181D2E5678DB00D2E420 /* Debug */,
				C1C9181E2E5678DB00D2E420 /* Release */,
			);
			defaultConfigurationIsVisible = 0;
			defaultConfigurationName = Release;
		};
		C1C9181A2E5678DB00D2E420 /* Build configuration list for PBXNativeTarget "SafariQuizApp 3" */ = {
			isa = XCConfigurationList;
			buildConfigurations = (
				C1C9181B2E5678DB00D2E420 /* Debug */,
				C1C9181C2E5678DB00D2E420 /* Release */,
			);
			defaultConfigurationIsVisible = 0;
			defaultConfigurationName = Release;
		};
		C1C9181F2E5678DB00D2E420 /* Build configuration list for PBXNativeTarget "SafariQuizApp 3Tests" */ = {
			isa = XCConfigurationList;
			buildConfigurations = (
				C1C918202E5678DB00D2E420 /* Debug */,
				C1C918212E5678DB00D2E420 /* Release */,
			);
			defaultConfigurationIsVisible = 0;
			defaultConfigurationName = Release;
		};
		C1C918222E5678DB00D2E420 /* Build configuration list for PBXNativeTarget "SafariQuizApp 3UITests" */ = {
			isa = XCConfigurationList;
			buildConfigurations = (
				C1C918232E5678DB00D2E420 /* Debug */,
				C1C918242E5678DB00D2E420 /* Release */,
			);
			defaultConfigurationIsVisible = 0;
			defaultConfigurationName = Release;
		};
/* End XCConfigurationList section */
	};
	rootObject = C1C917E92E5678DA00D2E420 /* Project object */;
}
