// !$*UTF8*$!
{
	archiveVersion = 1;
	classes = {
	};
	objectVersion = 77;
	objects = {

/* Begin PBXContainerItemProxy section */
		C15134B22E5A01AA004EF53F /* PBXContainerItemProxy */ = {
			isa = PBXContainerItemProxy;
			containerPortal = C15134932E5A01A9004EF53F /* Project object */;
			proxyType = 1;
			remoteGlobalIDString = C151349A2E5A01A9004EF53F;
			remoteInfo = ModalPresentation;
		};
		C15134BC2E5A01AB004EF53F /* PBXContainerItemProxy */ = {
			isa = PBXContainerItemProxy;
			containerPortal = C15134932E5A01A9004EF53F /* Project object */;
			proxyType = 1;
			remoteGlobalIDString = C151349A2E5A01A9004EF53F;
			remoteInfo = ModalPresentation;
		};
/* End PBXContainerItemProxy section */

/* Begin PBXFileReference section */
		C151349B2E5A01A9004EF53F /* ModalPresentation.app */ = {isa = PBXFileReference; explicitFileType = wrapper.application; includeInIndex = 0; path = ModalPresentation.app; sourceTree = BUILT_PRODUCTS_DIR; };
		C15134B12E5A01AA004EF53F /* ModalPresentationTests.xctest */ = {isa = PBXFileReference; explicitFileType = wrapper.cfbundle; includeInIndex = 0; path = ModalPresentationTests.xctest; sourceTree = BUILT_PRODUCTS_DIR; };
		C15134BB2E5A01AB004EF53F /* ModalPresentationUITests.xctest */ = {isa = PBXFileReference; explicitFileType = wrapper.cfbundle; includeInIndex = 0; path = ModalPresentationUITests.xctest; sourceTree = BUILT_PRODUCTS_DIR; };
/* End PBXFileReference section */

/* Begin PBXFileSystemSynchronizedBuildFileExceptionSet section */
		C15134C32E5A01AB004EF53F /* Exceptions for "ModalPresentation" folder in "ModalPresentation" target */ = {
			isa = PBXFileSystemSynchronizedBuildFileExceptionSet;
			membershipExceptions = (
				Info.plist,
			);
			target = C151349A2E5A01A9004EF53F /* ModalPresentation */;
		};
/* End PBXFileSystemSynchronizedBuildFileExceptionSet section */

/* Begin PBXFileSystemSynchronizedRootGroup section */
		C151349D2E5A01A9004EF53F /* ModalPresentation */ = {
			isa = PBXFileSystemSynchronizedRootGroup;
			exceptions = (
				C15134C32E5A01AB004EF53F /* Exceptions for "ModalPresentation" folder in "ModalPresentation" target */,
			);
			path = ModalPresentation;
			sourceTree = "<group>";
		};
		C15134B42E5A01AA004EF53F /* ModalPresentationTests */ = {
			isa = PBXFileSystemSynchronizedRootGroup;
			path = ModalPresentationTests;
			sourceTree = "<group>";
		};
		C15134BE2E5A01AB004EF53F /* ModalPresentationUITests */ = {
			isa = PBXFileSystemSynchronizedRootGroup;
			path = ModalPresentationUITests;
			sourceTree = "<group>";
		};
/* End PBXFileSystemSynchronizedRootGroup section */

/* Begin PBXFrameworksBuildPhase section */
		C15134982E5A01A9004EF53F /* Frameworks */ = {
			isa = PBXFrameworksBuildPhase;
			buildActionMask = 2147483647;
			files = (
			);
			runOnlyForDeploymentPostprocessing = 0;
		};
		C15134AE2E5A01AA004EF53F /* Frameworks */ = {
			isa = PBXFrameworksBuildPhase;
			buildActionMask = 2147483647;
			files = (
			);
			runOnlyForDeploymentPostprocessing = 0;
		};
		C15134B82E5A01AB004EF53F /* Frameworks */ = {
			isa = PBXFrameworksBuildPhase;
			buildActionMask = 2147483647;
			files = (
			);
			runOnlyForDeploymentPostprocessing = 0;
		};
/* End PBXFrameworksBuildPhase section */

/* Begin PBXGroup section */
		C15134922E5A01A9004EF53F = {
			isa = PBXGroup;
			children = (
				C151349D2E5A01A9004EF53F /* ModalPresentation */,
				C15134B42E5A01AA004EF53F /* ModalPresentationTests */,
				C15134BE2E5A01AB004EF53F /* ModalPresentationUITests */,
				C151349C2E5A01A9004EF53F /* Products */,
			);
			sourceTree = "<group>";
		};
		C151349C2E5A01A9004EF53F /* Products */ = {
			isa = PBXGroup;
			children = (
				C151349B2E5A01A9004EF53F /* ModalPresentation.app */,
				C15134B12E5A01AA004EF53F /* ModalPresentationTests.xctest */,
				C15134BB2E5A01AB004EF53F /* ModalPresentationUITests.xctest */,
			);
			name = Products;
			sourceTree = "<group>";
		};
/* End PBXGroup section */

/* Begin PBXNativeTarget section */
		C151349A2E5A01A9004EF53F /* ModalPresentation */ = {
			isa = PBXNativeTarget;
			buildConfigurationList = C15134C42E5A01AB004EF53F /* Build configuration list for PBXNativeTarget "ModalPresentation" */;
			buildPhases = (
				C15134972E5A01A9004EF53F /* Sources */,
				C15134982E5A01A9004EF53F /* Frameworks */,
				C15134992E5A01A9004EF53F /* Resources */,
			);
			buildRules = (
			);
			dependencies = (
			);
			fileSystemSynchronizedGroups = (
				C151349D2E5A01A9004EF53F /* ModalPresentation */,
			);
			name = ModalPresentation;
			packageProductDependencies = (
			);
			productName = ModalPresentation;
			productReference = C151349B2E5A01A9004EF53F /* ModalPresentation.app */;
			productType = "com.apple.product-type.application";
		};
		C15134B02E5A01AA004EF53F /* ModalPresentationTests */ = {
			isa = PBXNativeTarget;
			buildConfigurationList = C15134C92E5A01AB004EF53F /* Build configuration list for PBXNativeTarget "ModalPresentationTests" */;
			buildPhases = (
				C15134AD2E5A01AA004EF53F /* Sources */,
				C15134AE2E5A01AA004EF53F /* Frameworks */,
				C15134AF2E5A01AA004EF53F /* Resources */,
			);
			buildRules = (
			);
			dependencies = (
				C15134B32E5A01AA004EF53F /* PBXTargetDependency */,
			);
			fileSystemSynchronizedGroups = (
				C15134B42E5A01AA004EF53F /* ModalPresentationTests */,
			);
			name = ModalPresentationTests;
			packageProductDependencies = (
			);
			productName = ModalPresentationTests;
			productReference = C15134B12E5A01AA004EF53F /* ModalPresentationTests.xctest */;
			productType = "com.apple.product-type.bundle.unit-test";
		};
		C15134BA2E5A01AB004EF53F /* ModalPresentationUITests */ = {
			isa = PBXNativeTarget;
			buildConfigurationList = C15134CC2E5A01AB004EF53F /* Build configuration list for PBXNativeTarget "ModalPresentationUITests" */;
			buildPhases = (
				C15134B72E5A01AB004EF53F /* Sources */,
				C15134B82E5A01AB004EF53F /* Frameworks */,
				C15134B92E5A01AB004EF53F /* Resources */,
			);
			buildRules = (
			);
			dependencies = (
				C15134BD2E5A01AB004EF53F /* PBXTargetDependency */,
			);
			fileSystemSynchronizedGroups = (
				C15134BE2E5A01AB004EF53F /* ModalPresentationUITests */,
			);
			name = ModalPresentationUITests;
			packageProductDependencies = (
			);
			productName = ModalPresentationUITests;
			productReference = C15134BB2E5A01AB004EF53F /* ModalPresentationUITests.xctest */;
			productType = "com.apple.product-type.bundle.ui-testing";
		};
/* End PBXNativeTarget section */

/* Begin PBXProject section */
		C15134932E5A01A9004EF53F /* Project object */ = {
			isa = PBXProject;
			attributes = {
				BuildIndependentTargetsInParallel = 1;
				LastSwiftUpdateCheck = 1640;
				LastUpgradeCheck = 1640;
				TargetAttributes = {
					C151349A2E5A01A9004EF53F = {
						CreatedOnToolsVersion = 16.4;
					};
					C15134B02E5A01AA004EF53F = {
						CreatedOnToolsVersion = 16.4;
						TestTargetID = C151349A2E5A01A9004EF53F;
					};
					C15134BA2E5A01AB004EF53F = {
						CreatedOnToolsVersion = 16.4;
						TestTargetID = C151349A2E5A01A9004EF53F;
					};
				};
			};
			buildConfigurationList = C15134962E5A01A9004EF53F /* Build configuration list for PBXProject "ModalPresentation" */;
			developmentRegion = en;
			hasScannedForEncodings = 0;
			knownRegions = (
				en,
				Base,
			);
			mainGroup = C15134922E5A01A9004EF53F;
			minimizedProjectReferenceProxies = 1;
			preferredProjectObjectVersion = 77;
			productRefGroup = C151349C2E5A01A9004EF53F /* Products */;
			projectDirPath = "";
			projectRoot = "";
			targets = (
				C151349A2E5A01A9004EF53F /* ModalPresentation */,
				C15134B02E5A01AA004EF53F /* ModalPresentationTests */,
				C15134BA2E5A01AB004EF53F /* ModalPresentationUITests */,
			);
		};
/* End PBXProject section */

/* Begin PBXResourcesBuildPhase section */
		C15134992E5A01A9004EF53F /* Resources */ = {
			isa = PBXResourcesBuildPhase;
			buildActionMask = 2147483647;
			files = (
			);
			runOnlyForDeploymentPostprocessing = 0;
		};
		C15134AF2E5A01AA004EF53F /* Resources */ = {
			isa = PBXResourcesBuildPhase;
			buildActionMask = 2147483647;
			files = (
			);
			runOnlyForDeploymentPostprocessing = 0;
		};
		C15134B92E5A01AB004EF53F /* Resources */ = {
			isa = PBXResourcesBuildPhase;
			buildActionMask = 2147483647;
			files = (
			);
			runOnlyForDeploymentPostprocessing = 0;
		};
/* End PBXResourcesBuildPhase section */

/* Begin PBXSourcesBuildPhase section */
		C15134972E5A01A9004EF53F /* Sources */ = {
			isa = PBXSourcesBuildPhase;
			buildActionMask = 2147483647;
			files = (
			);
			runOnlyForDeploymentPostprocessing = 0;
		};
		C15134AD2E5A01AA004EF53F /* Sources */ = {
			isa = PBXSourcesBuildPhase;
			buildActionMask = 2147483647;
			files = (
			);
			runOnlyForDeploymentPostprocessing = 0;
		};
		C15134B72E5A01AB004EF53F /* Sources */ = {
			isa = PBXSourcesBuildPhase;
			buildActionMask = 2147483647;
			files = (
			);
			runOnlyForDeploymentPostprocessing = 0;
		};
/* End PBXSourcesBuildPhase section */

/* Begin PBXTargetDependency section */
		C15134B32E5A01AA004EF53F /* PBXTargetDependency */ = {
			isa = PBXTargetDependency;
			target = C151349A2E5A01A9004EF53F /* ModalPresentation */;
			targetProxy = C15134B22E5A01AA004EF53F /* PBXContainerItemProxy */;
		};
		C15134BD2E5A01AB004EF53F /* PBXTargetDependency */ = {
			isa = PBXTargetDependency;
			target = C151349A2E5A01A9004EF53F /* ModalPresentation */;
			targetProxy = C15134BC2E5A01AB004EF53F /* PBXContainerItemProxy */;
		};
/* End PBXTargetDependency section */

/* Begin XCBuildConfiguration section */
		C15134C52E5A01AB004EF53F /* Debug */ = {
			isa = XCBuildConfiguration;
			buildSettings = {
				ASSETCATALOG_COMPILER_APPICON_NAME = AppIcon;
				ASSETCATALOG_COMPILER_GLOBAL_ACCENT_COLOR_NAME = AccentColor;
				CODE_SIGN_STYLE = Automatic;
				CURRENT_PROJECT_VERSION = 1;
				DEVELOPMENT_TEAM = 232C7N3DDY;
				GENERATE_INFOPLIST_FILE = YES;
				INFOPLIST_FILE = ModalPresentation/Info.plist;
				INFOPLIST_KEY_UIApplicationSupportsIndirectInputEvents = YES;
				INFOPLIST_KEY_UILaunchStoryboardName = LaunchScreen;
				INFOPLIST_KEY_UIMainStoryboardFile = Main;
				INFOPLIST_KEY_UIStatusBarStyle = "";
				INFOPLIST_KEY_UISupportedInterfaceOrientations_iPad = "UIInterfaceOrientationPortrait UIInterfaceOrientationPortraitUpsideDown UIInterfaceOrientationLandscapeLeft UIInterfaceOrientationLandscapeRight";
				INFOPLIST_KEY_UISupportedInterfaceOrientations_iPhone = "UIInterfaceOrientationPortrait UIInterfaceOrientationLandscapeLeft UIInterfaceOrientationLandscapeRight";
				IPHONEOS_DEPLOYMENT_TARGET = 15;
				LD_RUNPATH_SEARCH_PATHS = (
					"$(inherited)",
					"@executable_path/Frameworks",
				);
				MARKETING_VERSION = 1.0;
				PRODUCT_BUNDLE_IDENTIFIER = com.ModalPresentation;
				PRODUCT_NAME = "$(TARGET_NAME)";
				SWIFT_EMIT_LOC_STRINGS = YES;
				SWIFT_VERSION = 5.0;
				TARGETED_DEVICE_FAMILY = "1,2";
			};
			name = Debug;
		};
		C15134C62E5A01AB004EF53F /* Release */ = {
			isa = XCBuildConfiguration;
			buildSettings = {
				ASSETCATALOG_COMPILER_APPICON_NAME = AppIcon;
				ASSETCATALOG_COMPILER_GLOBAL_ACCENT_COLOR_NAME = AccentColor;
				CODE_SIGN_STYLE = Automatic;
				CURRENT_PROJECT_VERSION = 1;
				DEVELOPMENT_TEAM = 232C7N3DDY;
				GENERATE_INFOPLIST_FILE = YES;
				INFOPLIST_FILE = ModalPresentation/Info.plist;
				INFOPLIST_KEY_UIApplicationSupportsIndirectInputEvents = YES;
				INFOPLIST_KEY_UILaunchStoryboardName = LaunchScreen;
				INFOPLIST_KEY_UIMainStoryboardFile = Main;
				INFOPLIST_KEY_UIStatusBarStyle = "";
				INFOPLIST_KEY_UISupportedInterfaceOrientations_iPad = "UIInterfaceOrientationPortrait UIInterfaceOrientationPortraitUpsideDown UIInterfaceOrientationLandscapeLeft UIInterfaceOrientationLandscapeRight";
				INFOPLIST_KEY_UISupportedInterfaceOrientations_iPhone = "UIInterfaceOrientationPortrait UIInterfaceOrientationLandscapeLeft UIInterfaceOrientationLandscapeRight";
				IPHONEOS_DEPLOYMENT_TARGET = 15;
				LD_RUNPATH_SEARCH_PATHS = (
					"$(inherited)",
					"@executable_path/Frameworks",
				);
				MARKETING_VERSION = 1.0;
				PRODUCT_BUNDLE_IDENTIFIER = com.ModalPresentation;
				PRODUCT_NAME = "$(TARGET_NAME)";
				SWIFT_EMIT_LOC_STRINGS = YES;
				SWIFT_VERSION = 5.0;
				TARGETED_DEVICE_FAMILY = "1,2";
			};
			name = Release;
		};
		C15134C72E5A01AB004EF53F /* Debug */ = {
			isa = XCBuildConfiguration;
			buildSettings = {
				ALWAYS_SEARCH_USER_PATHS = NO;
				ASSETCATALOG_COMPILER_GENERATE_SWIFT_ASSET_SYMBOL_EXTENSIONS = YES;
				CLANG_ANALYZER_NONNULL = YES;
				CLANG_ANALYZER_NUMBER_OBJECT_CONVERSION = YES_AGGRESSIVE;
				CLANG_CXX_LANGUAGE_STANDARD = "gnu++20";
				CLANG_ENABLE_MODULES = YES;
				CLANG_ENABLE_OBJC_ARC = YES;
				CLANG_ENABLE_OBJC_WEAK = YES;
				CLANG_WARN_BLOCK_CAPTURE_AUTORELEASING = YES;
				CLANG_WARN_BOOL_CONVERSION = YES;
				CLANG_WARN_COMMA = YES;
				CLANG_WARN_CONSTANT_CONVERSION = YES;
				CLANG_WARN_DEPRECATED_OBJC_IMPLEMENTATIONS = YES;
				CLANG_WARN_DIRECT_OBJC_ISA_USAGE = YES_ERROR;
				CLANG_WARN_DOCUMENTATION_COMMENTS = YES;
				CLANG_WARN_EMPTY_BODY = YES;
				CLANG_WARN_ENUM_CONVERSION = YES;
				CLANG_WARN_INFINITE_RECURSION = YES;
				CLANG_WARN_INT_CONVERSION = YES;
				CLANG_WARN_NON_LITERAL_NULL_CONVERSION = YES;
				CLANG_WARN_OBJC_IMPLICIT_RETAIN_SELF = YES;
				CLANG_WARN_OBJC_LITERAL_CONVERSION = YES;
				CLANG_WARN_OBJC_ROOT_CLASS = YES_ERROR;
				CLANG_WARN_QUOTED_INCLUDE_IN_FRAMEWORK_HEADER = YES;
				CLANG_WARN_RANGE_LOOP_ANALYSIS = YES;
				CLANG_WARN_STRICT_PROTOTYPES = YES;
				CLANG_WARN_SUSPICIOUS_MOVE = YES;
				CLANG_WARN_UNGUARDED_AVAILABILITY = YES_AGGRESSIVE;
				CLANG_WARN_UNREACHABLE_CODE = YES;
				CLANG_WARN__DUPLICATE_METHOD_MATCH = YES;
				COPY_PHASE_STRIP = NO;
				DEBUG_INFORMATION_FORMAT = dwarf;
				DEVELOPMENT_TEAM = 9HTN837JV5;
				ENABLE_STRICT_OBJC_MSGSEND = YES;
				ENABLE_TESTABILITY = YES;
				ENABLE_USER_SCRIPT_SANDBOXING = YES;
				GCC_C_LANGUAGE_STANDARD = gnu17;
				GCC_DYNAMIC_NO_PIC = NO;
				GCC_NO_COMMON_BLOCKS = YES;
				GCC_OPTIMIZATION_LEVEL = 0;
				GCC_PREPROCESSOR_DEFINITIONS = (
					"DEBUG=1",
					"$(inherited)",
				);
				GCC_WARN_64_TO_32_BIT_CONVERSION = YES;
				GCC_WARN_ABOUT_RETURN_TYPE = YES_ERROR;
				GCC_WARN_UNDECLARED_SELECTOR = YES;
				GCC_WARN_UNINITIALIZED_AUTOS = YES_AGGRESSIVE;
				GCC_WARN_UNUSED_FUNCTION = YES;
				GCC_WARN_UNUSED_VARIABLE = YES;
				IPHONEOS_DEPLOYMENT_TARGET = 18.5;
				LOCALIZATION_PREFERS_STRING_CATALOGS = YES;
				MTL_ENABLE_DEBUG_INFO = INCLUDE_SOURCE;
				MTL_FAST_MATH = YES;
				ONLY_ACTIVE_ARCH = YES;
				SDKROOT = iphoneos;
				SWIFT_ACTIVE_COMPILATION_CONDITIONS = "DEBUG $(inherited)";
				SWIFT_OPTIMIZATION_LEVEL = "-Onone";
			};
			name = Debug;
		};
		C15134C82E5A01AB004EF53F /* Release */ = {
			isa = XCBuildConfiguration;
			buildSettings = {
				ALWAYS_SEARCH_USER_PATHS = NO;
				ASSETCATALOG_COMPILER_GENERATE_SWIFT_ASSET_SYMBOL_EXTENSIONS = YES;
				CLANG_ANALYZER_NONNULL = YES;
				CLANG_ANALYZER_NUMBER_OBJECT_CONVERSION = YES_AGGRESSIVE;
				CLANG_CXX_LANGUAGE_STANDARD = "gnu++20";
				CLANG_ENABLE_MODULES = YES;
				CLANG_ENABLE_OBJC_ARC = YES;
				CLANG_ENABLE_OBJC_WEAK = YES;
				CLANG_WARN_BLOCK_CAPTURE_AUTORELEASING = YES;
				CLANG_WARN_BOOL_CONVERSION = YES;
				CLANG_WARN_COMMA = YES;
				CLANG_WARN_CONSTANT_CONVERSION = YES;
				CLANG_WARN_DEPRECATED_OBJC_IMPLEMENTATIONS = YES;
				CLANG_WARN_DIRECT_OBJC_ISA_USAGE = YES_ERROR;
				CLANG_WARN_DOCUMENTATION_COMMENTS = YES;
				CLANG_WARN_EMPTY_BODY = YES;
				CLANG_WARN_ENUM_CONVERSION = YES;
				CLANG_WARN_INFINITE_RECURSION = YES;
				CLANG_WARN_INT_CONVERSION = YES;
				CLANG_WARN_NON_LITERAL_NULL_CONVERSION = YES;
				CLANG_WARN_OBJC_IMPLICIT_RETAIN_SELF = YES;
				CLANG_WARN_OBJC_LITERAL_CONVERSION = YES;
				CLANG_WARN_OBJC_ROOT_CLASS = YES_ERROR;
				CLANG_WARN_QUOTED_INCLUDE_IN_FRAMEWORK_HEADER = YES;
				CLANG_WARN_RANGE_LOOP_ANALYSIS = YES;
				CLANG_WARN_STRICT_PROTOTYPES = YES;
				CLANG_WARN_SUSPICIOUS_MOVE = YES;
				CLANG_WARN_UNGUARDED_AVAILABILITY = YES_AGGRESSIVE;
				CLANG_WARN_UNREACHABLE_CODE = YES;
				CLANG_WARN__DUPLICATE_METHOD_MATCH = YES;
				COPY_PHASE_STRIP = NO;
				DEBUG_INFORMATION_FORMAT = "dwarf-with-dsym";
				DEVELOPMENT_TEAM = 9HTN837JV5;
				ENABLE_NS_ASSERTIONS = NO;
				ENABLE_STRICT_OBJC_MSGSEND = YES;
				ENABLE_USER_SCRIPT_SANDBOXING = YES;
				GCC_C_LANGUAGE_STANDARD = gnu17;
				GCC_NO_COMMON_BLOCKS = YES;
				GCC_WARN_64_TO_32_BIT_CONVERSION = YES;
				GCC_WARN_ABOUT_RETURN_TYPE = YES_ERROR;
				GCC_WARN_UNDECLARED_SELECTOR = YES;
				GCC_WARN_UNINITIALIZED_AUTOS = YES_AGGRESSIVE;
				GCC_WARN_UNUSED_FUNCTION = YES;
				GCC_WARN_UNUSED_VARIABLE = YES;
				IPHONEOS_DEPLOYMENT_TARGET = 18.5;
				LOCALIZATION_PREFERS_STRING_CATALOGS = YES;
				MTL_ENABLE_DEBUG_INFO = NO;
				MTL_FAST_MATH = YES;
				SDKROOT = iphoneos;
				SWIFT_COMPILATION_MODE = wholemodule;
				VALIDATE_PRODUCT = YES;
			};
			name = Release;
		};
		C15134CA2E5A01AB004EF53F /* Debug */ = {
			isa = XCBuildConfiguration;
			buildSettings = {
				BUNDLE_LOADER = "$(TEST_HOST)";
				CODE_SIGN_STYLE = Automatic;
				CURRENT_PROJECT_VERSION = 1;
				DEVELOPMENT_TEAM = 9HTN837JV5;
				GENERATE_INFOPLIST_FILE = YES;
				IPHONEOS_DEPLOYMENT_TARGET = 18.5;
				MARKETING_VERSION = 1.0;
				PRODUCT_BUNDLE_IDENTIFIER = com.ModalPresentationTests;
				PRODUCT_NAME = "$(TARGET_NAME)";
				SWIFT_EMIT_LOC_STRINGS = NO;
				SWIFT_VERSION = 5.0;
				TARGETED_DEVICE_FAMILY = "1,2";
				TEST_HOST = "$(BUILT_PRODUCTS_DIR)/ModalPresentation.app/$(BUNDLE_EXECUTABLE_FOLDER_PATH)/ModalPresentation";
			};
			name = Debug;
		};
		C15134CB2E5A01AB004EF53F /* Release */ = {
			isa = XCBuildConfiguration;
			buildSettings = {
				BUNDLE_LOADER = "$(TEST_HOST)";
				CODE_SIGN_STYLE = Automatic;
				CURRENT_PROJECT_VERSION = 1;
				DEVELOPMENT_TEAM = 9HTN837JV5;
				GENERATE_INFOPLIST_FILE = YES;
				IPHONEOS_DEPLOYMENT_TARGET = 18.5;
				MARKETING_VERSION = 1.0;
				PRODUCT_BUNDLE_IDENTIFIER = com.ModalPresentationTests;
				PRODUCT_NAME = "$(TARGET_NAME)";
				SWIFT_EMIT_LOC_STRINGS = NO;
				SWIFT_VERSION = 5.0;
				TARGETED_DEVICE_FAMILY = "1,2";
				TEST_HOST = "$(BUILT_PRODUCTS_DIR)/ModalPresentation.app/$(BUNDLE_EXECUTABLE_FOLDER_PATH)/ModalPresentation";
			};
			name = Release;
		};
		C15134CD2E5A01AB004EF53F /* Debug */ = {
			isa = XCBuildConfiguration;
			buildSettings = {
				CODE_SIGN_STYLE = Automatic;
				CURRENT_PROJECT_VERSION = 1;
				DEVELOPMENT_TEAM = 9HTN837JV5;
				GENERATE_INFOPLIST_FILE = YES;
				MARKETING_VERSION = 1.0;
				PRODUCT_BUNDLE_IDENTIFIER = com.ModalPresentationUITests;
				PRODUCT_NAME = "$(TARGET_NAME)";
				SWIFT_EMIT_LOC_STRINGS = NO;
				SWIFT_VERSION = 5.0;
				TARGETED_DEVICE_FAMILY = "1,2";
				TEST_TARGET_NAME = ModalPresentation;
			};
			name = Debug;
		};
		C15134CE2E5A01AB004EF53F /* Release */ = {
			isa = XCBuildConfiguration;
			buildSettings = {
				CODE_SIGN_STYLE = Automatic;
				CURRENT_PROJECT_VERSION = 1;
				DEVELOPMENT_TEAM = 9HTN837JV5;
				GENERATE_INFOPLIST_FILE = YES;
				MARKETING_VERSION = 1.0;
				PRODUCT_BUNDLE_IDENTIFIER = com.ModalPresentationUITests;
				PRODUCT_NAME = "$(TARGET_NAME)";
				SWIFT_EMIT_LOC_STRINGS = NO;
				SWIFT_VERSION = 5.0;
				TARGETED_DEVICE_FAMILY = "1,2";
				TEST_TARGET_NAME = ModalPresentation;
			};
			name = Release;
		};
/* End XCBuildConfiguration section */

/* Begin XCConfigurationList section */
		C15134962E5A01A9004EF53F /* Build configuration list for PBXProject "ModalPresentation" */ = {
			isa = XCConfigurationList;
			buildConfigurations = (
				C15134C72E5A01AB004EF53F /* Debug */,
				C15134C82E5A01AB004EF53F /* Release */,
			);
			defaultConfigurationIsVisible = 0;
			defaultConfigurationName = Release;
		};
		C15134C42E5A01AB004EF53F /* Build configuration list for PBXNativeTarget "ModalPresentation" */ = {
			isa = XCConfigurationList;
			buildConfigurations = (
				C15134C52E5A01AB004EF53F /* Debug */,
				C15134C62E5A01AB004EF53F /* Release */,
			);
			defaultConfigurationIsVisible = 0;
			defaultConfigurationName = Release;
		};
		C15134C92E5A01AB004EF53F /* Build configuration list for PBXNativeTarget "ModalPresentationTests" */ = {
			isa = XCConfigurationList;
			buildConfigurations = (
				C15134CA2E5A01AB004EF53F /* Debug */,
				C15134CB2E5A01AB004EF53F /* Release */,
			);
			defaultConfigurationIsVisible = 0;
			defaultConfigurationName = Release;
		};
		C15134CC2E5A01AB004EF53F /* Build configuration list for PBXNativeTarget "ModalPresentationUITests" */ = {
			isa = XCConfigurationList;
			buildConfigurations = (
				C15134CD2E5A01AB004EF53F /* Debug */,
				C15134CE2E5A01AB004EF53F /* Release */,
			);
			defaultConfigurationIsVisible = 0;
			defaultConfigurationName = Release;
		};
/* End XCConfigurationList section */
	};
	rootObject = C15134932E5A01A9004EF53F /* Project object */;
}
